// !$*UTF8*$!
{
	archiveVersion = 1;
	classes = {
	};
	objectVersion = 46;
	objects = {

/* Begin PBXBuildFile section */
		3C5D960316BA889800B37045 /* ExampleSelectViewController.m in Sources */ = {isa = PBXBuildFile; fileRef = 3C5D960216BA889800B37045 /* ExampleSelectViewController.m */; };
		3C5D960716BA89C500B37045 /* ABSwitchExample.m in Sources */ = {isa = PBXBuildFile; fileRef = 3C5D960616BA89C500B37045 /* ABSwitchExample.m */; };
		3C5D961316BA957000B37045 /* ExampleObject.m in Sources */ = {isa = PBXBuildFile; fileRef = 3C5D961016BA957000B37045 /* ExampleObject.m */; };
		3C5D961416BA957000B37045 /* ExampleSection.m in Sources */ = {isa = PBXBuildFile; fileRef = 3C5D961216BA957000B37045 /* ExampleSection.m */; };
		3C5D961E16BAA05600B37045 /* switch1_background.png in Resources */ = {isa = PBXBuildFile; fileRef = 3C5D961916BAA05600B37045 /* switch1_background.png */; };
		3C5D961F16BAA05600B37045 /* switch1_background@2x.png in Resources */ = {isa = PBXBuildFile; fileRef = 3C5D961A16BAA05600B37045 /* switch1_background@2x.png */; };
		3C5D962016BAA05600B37045 /* switch1_switch.png in Resources */ = {isa = PBXBuildFile; fileRef = 3C5D961B16BAA05600B37045 /* switch1_switch.png */; };
		3C5D962116BAA05600B37045 /* switch1_switch@2x.png in Resources */ = {isa = PBXBuildFile; fileRef = 3C5D961C16BAA05600B37045 /* switch1_switch@2x.png */; };
		3C5D962616BAA9EB00B37045 /* switch2_background.png in Resources */ = {isa = PBXBuildFile; fileRef = 3C5D962216BAA9EB00B37045 /* switch2_background.png */; };
		3C5D962716BAA9EB00B37045 /* switch2_background@2x.png in Resources */ = {isa = PBXBuildFile; fileRef = 3C5D962316BAA9EB00B37045 /* switch2_background@2x.png */; };
		3C5D962816BAA9EB00B37045 /* switch2_switch.png in Resources */ = {isa = PBXBuildFile; fileRef = 3C5D962416BAA9EB00B37045 /* switch2_switch.png */; };
		3C5D962916BAA9EB00B37045 /* switch2_switch@2x.png in Resources */ = {isa = PBXBuildFile; fileRef = 3C5D962516BAA9EB00B37045 /* switch2_switch@2x.png */; };
		3CD78ADF16C3DD78006C4B21 /* ABSaveSystemExample.m in Sources */ = {isa = PBXBuildFile; fileRef = 3CD78ADE16C3DD78006C4B21 /* ABSaveSystemExample.m */; };
		3CE5668116B6966D00915391 /* UIKit.framework in Frameworks */ = {isa = PBXBuildFile; fileRef = 3CE5668016B6966D00915391 /* UIKit.framework */; };
		3CE5668316B6966D00915391 /* Foundation.framework in Frameworks */ = {isa = PBXBuildFile; fileRef = 3CE5668216B6966D00915391 /* Foundation.framework */; };
		3CE5668516B6966D00915391 /* CoreGraphics.framework in Frameworks */ = {isa = PBXBuildFile; fileRef = 3CE5668416B6966D00915391 /* CoreGraphics.framework */; };
		3CE5668B16B6966D00915391 /* InfoPlist.strings in Resources */ = {isa = PBXBuildFile; fileRef = 3CE5668916B6966D00915391 /* InfoPlist.strings */; };
		3CE5668D16B6966D00915391 /* main.m in Sources */ = {isa = PBXBuildFile; fileRef = 3CE5668C16B6966D00915391 /* main.m */; };
		3CE5669116B6966D00915391 /* AppDelegate.m in Sources */ = {isa = PBXBuildFile; fileRef = 3CE5669016B6966D00915391 /* AppDelegate.m */; };
		3CE5669316B6966D00915391 /* Default.png in Resources */ = {isa = PBXBuildFile; fileRef = 3CE5669216B6966D00915391 /* Default.png */; };
		3CE5669516B6966D00915391 /* Default@2x.png in Resources */ = {isa = PBXBuildFile; fileRef = 3CE5669416B6966D00915391 /* Default@2x.png */; };
		3CE5669716B6966D00915391 /* Default-568h@2x.png in Resources */ = {isa = PBXBuildFile; fileRef = 3CE5669616B6966D00915391 /* Default-568h@2x.png */; };
		3CE568D616B69FEE00915391 /* SystemConfiguration.framework in Frameworks */ = {isa = PBXBuildFile; fileRef = 3CE568D516B69FEE00915391 /* SystemConfiguration.framework */; };
		D20670CA1703601800DE9E5B /* ABNewsstandHelper.m in Sources */ = {isa = PBXBuildFile; fileRef = D20670C91703601800DE9E5B /* ABNewsstandHelper.m */; };
		D20670CD1703601F00DE9E5B /* ABMath.m in Sources */ = {isa = PBXBuildFile; fileRef = D20670CC1703601F00DE9E5B /* ABMath.m */; };
		D211D7281709A98E00326B25 /* ABNetworking.m in Sources */ = {isa = PBXBuildFile; fileRef = D211D7271709A98E00326B25 /* ABNetworking.m */; };
		D211D72B1709AEB500326B25 /* ABNetworkingExample.m in Sources */ = {isa = PBXBuildFile; fileRef = D211D72A1709AEB500326B25 /* ABNetworkingExample.m */; };
		D21694FF1704FA73009000FC /* StoreKit.framework in Frameworks */ = {isa = PBXBuildFile; fileRef = D21694FE1704FA73009000FC /* StoreKit.framework */; };
		D21695011704FBD7009000FC /* NewsstandKit.framework in Frameworks */ = {isa = PBXBuildFile; fileRef = D21695001704FBD7009000FC /* NewsstandKit.framework */; };
		D217B2ED1708916800CADAF4 /* ABPrimitiveArray.m in Sources */ = {isa = PBXBuildFile; fileRef = D217B2EB1708916800CADAF4 /* ABPrimitiveArray.m */; };
		D217B2F41708917600CADAF4 /* ABEntypoView.m in Sources */ = {isa = PBXBuildFile; fileRef = D217B2F01708917600CADAF4 /* ABEntypoView.m */; };
		D217B2F51708917600CADAF4 /* ABSeperator.m in Sources */ = {isa = PBXBuildFile; fileRef = D217B2F31708917600CADAF4 /* ABSeperator.m */; };
		D23093AF171EC69B00F2DAAB /* NSArray+ABFramework.m in Sources */ = {isa = PBXBuildFile; fileRef = D23093AE171EC69B00F2DAAB /* NSArray+ABFramework.m */; };
		D241362D16F345390033C56B /* ABFramework.bundle in Resources */ = {isa = PBXBuildFile; fileRef = D241362C16F345390033C56B /* ABFramework.bundle */; };
		D241363116F345430033C56B /* ABFlexibleView.m in Sources */ = {isa = PBXBuildFile; fileRef = D241363016F345430033C56B /* ABFlexibleView.m */; };
		D241363416F3454A0033C56B /* UIImageView+ABFramework.m in Sources */ = {isa = PBXBuildFile; fileRef = D241363316F3454A0033C56B /* UIImageView+ABFramework.m */; };
		D24A0D6716EE2E660093AE2A /* ABHudExample.m in Sources */ = {isa = PBXBuildFile; fileRef = D24A0D6616EE2E660093AE2A /* ABHudExample.m */; };
		D24A0D6B16EE30040093AE2A /* ABHud.m in Sources */ = {isa = PBXBuildFile; fileRef = D24A0D6A16EE30040093AE2A /* ABHud.m */; };
		D259193F16EBCF2100E63E4B /* ABFileHelper.m in Sources */ = {isa = PBXBuildFile; fileRef = D259193E16EBCF2100E63E4B /* ABFileHelper.m */; };
		D2633D6616EBDDF400FCE9D0 /* ABTableStackController.m in Sources */ = {isa = PBXBuildFile; fileRef = D2633D6516EBDDF400FCE9D0 /* ABTableStackController.m */; };
		D271797016E58548009BB5D1 /* NSData+ABFramework.m in Sources */ = {isa = PBXBuildFile; fileRef = D271791316E58548009BB5D1 /* NSData+ABFramework.m */; };
		D271797116E58548009BB5D1 /* NSDate+ABFramework.m in Sources */ = {isa = PBXBuildFile; fileRef = D271791516E58548009BB5D1 /* NSDate+ABFramework.m */; };
		D271797216E58548009BB5D1 /* NSDateComponents+ABFramework.m in Sources */ = {isa = PBXBuildFile; fileRef = D271791716E58548009BB5D1 /* NSDateComponents+ABFramework.m */; };
		D271797316E58548009BB5D1 /* NSDictionary+ABFramework.m in Sources */ = {isa = PBXBuildFile; fileRef = D271791916E58548009BB5D1 /* NSDictionary+ABFramework.m */; };
		D271797416E58548009BB5D1 /* NSMutableDictionary+ABFramework.m in Sources */ = {isa = PBXBuildFile; fileRef = D271791B16E58548009BB5D1 /* NSMutableDictionary+ABFramework.m */; };
		D271797516E58548009BB5D1 /* NSObject+ABFramework.m in Sources */ = {isa = PBXBuildFile; fileRef = D271791D16E58548009BB5D1 /* NSObject+ABFramework.m */; };
		D271797616E58548009BB5D1 /* NSString+ABFramework.m in Sources */ = {isa = PBXBuildFile; fileRef = D271791F16E58548009BB5D1 /* NSString+ABFramework.m */; };
		D271797716E58548009BB5D1 /* UIColor+ABFramework.m in Sources */ = {isa = PBXBuildFile; fileRef = D271792116E58548009BB5D1 /* UIColor+ABFramework.m */; };
		D271797816E58548009BB5D1 /* UIImage+ABFramework.m in Sources */ = {isa = PBXBuildFile; fileRef = D271792316E58548009BB5D1 /* UIImage+ABFramework.m */; };
		D271797916E58548009BB5D1 /* UILabel+ABFramework.m in Sources */ = {isa = PBXBuildFile; fileRef = D271792516E58548009BB5D1 /* UILabel+ABFramework.m */; };
		D271797A16E58548009BB5D1 /* UIView+ABFramework.m in Sources */ = {isa = PBXBuildFile; fileRef = D271792716E58548009BB5D1 /* UIView+ABFramework.m */; };
		D271797B16E58548009BB5D1 /* ABSaveSystem.m in Sources */ = {isa = PBXBuildFile; fileRef = D271792B16E58548009BB5D1 /* ABSaveSystem.m */; };
		D271797C16E58548009BB5D1 /* ABStoreKitHelper.m in Sources */ = {isa = PBXBuildFile; fileRef = D271792E16E58548009BB5D1 /* ABStoreKitHelper.m */; };
		D271797D16E58548009BB5D1 /* ABAlertView.m in Sources */ = {isa = PBXBuildFile; fileRef = D271793216E58548009BB5D1 /* ABAlertView.m */; };
		D271797E16E58548009BB5D1 /* ABButton.m in Sources */ = {isa = PBXBuildFile; fileRef = D271793516E58548009BB5D1 /* ABButton.m */; };
		D271797F16E58548009BB5D1 /* ABDatePickerView.m in Sources */ = {isa = PBXBuildFile; fileRef = D271793816E58548009BB5D1 /* ABDatePickerView.m */; };
		D271798016E58548009BB5D1 /* ABImagePickerViewController.m in Sources */ = {isa = PBXBuildFile; fileRef = D271793B16E58548009BB5D1 /* ABImagePickerViewController.m */; };
		D271798116E58548009BB5D1 /* ABLabel.m in Sources */ = {isa = PBXBuildFile; fileRef = D271793E16E58548009BB5D1 /* ABLabel.m */; };
		D271798216E58548009BB5D1 /* ABSelectView.m in Sources */ = {isa = PBXBuildFile; fileRef = D271794116E58548009BB5D1 /* ABSelectView.m */; };
		D271798316E58548009BB5D1 /* ABSelectViewItem.m in Sources */ = {isa = PBXBuildFile; fileRef = D271794316E58548009BB5D1 /* ABSelectViewItem.m */; };
		D271798416E58548009BB5D1 /* ABSelectViewTheme.m in Sources */ = {isa = PBXBuildFile; fileRef = D271794516E58548009BB5D1 /* ABSelectViewTheme.m */; };
		D271798516E58548009BB5D1 /* ABStackController.m in Sources */ = {isa = PBXBuildFile; fileRef = D271794816E58548009BB5D1 /* ABStackController.m */; };
		D271798616E58548009BB5D1 /* ABSwitch.m in Sources */ = {isa = PBXBuildFile; fileRef = D271794B16E58548009BB5D1 /* ABSwitch.m */; };
		D271798716E58548009BB5D1 /* ABTabBar.m in Sources */ = {isa = PBXBuildFile; fileRef = D271794E16E58548009BB5D1 /* ABTabBar.m */; };
		D271798816E58548009BB5D1 /* ABTabBarController.m in Sources */ = {isa = PBXBuildFile; fileRef = D271795016E58548009BB5D1 /* ABTabBarController.m */; };
		D271798916E58548009BB5D1 /* ABTabBarItem.m in Sources */ = {isa = PBXBuildFile; fileRef = D271795216E58548009BB5D1 /* ABTabBarItem.m */; };
		D271798A16E58548009BB5D1 /* ABTabButton.m in Sources */ = {isa = PBXBuildFile; fileRef = D271795416E58548009BB5D1 /* ABTabButton.m */; };
		D271798B16E58548009BB5D1 /* ABTextField.m in Sources */ = {isa = PBXBuildFile; fileRef = D271795716E58548009BB5D1 /* ABTextField.m */; };
		D271798C16E58548009BB5D1 /* ABPair.m in Sources */ = {isa = PBXBuildFile; fileRef = D271795A16E58548009BB5D1 /* ABPair.m */; };
		D271798D16E58548009BB5D1 /* ABDateDescriptor.m in Sources */ = {isa = PBXBuildFile; fileRef = D271795D16E58548009BB5D1 /* ABDateDescriptor.m */; };
		D271798E16E58548009BB5D1 /* README.md in Resources */ = {isa = PBXBuildFile; fileRef = D271795E16E58548009BB5D1 /* README.md */; };
		D271798F16E58548009BB5D1 /* ABNavigationController.m in Sources */ = {isa = PBXBuildFile; fileRef = D271796116E58548009BB5D1 /* ABNavigationController.m */; };
		D271799016E58548009BB5D1 /* ABView.m in Sources */ = {isa = PBXBuildFile; fileRef = D271796316E58548009BB5D1 /* ABView.m */; };
		D271799116E58548009BB5D1 /* ABViewController.m in Sources */ = {isa = PBXBuildFile; fileRef = D271796516E58548009BB5D1 /* ABViewController.m */; };
		D271799216E58548009BB5D1 /* ABCommon.m in Sources */ = {isa = PBXBuildFile; fileRef = D271796816E58548009BB5D1 /* ABCommon.m */; };
		D271799316E58548009BB5D1 /* ABFrame.m in Sources */ = {isa = PBXBuildFile; fileRef = D271796A16E58548009BB5D1 /* ABFrame.m */; };
		D271799416E58548009BB5D1 /* ABReachability.m in Sources */ = {isa = PBXBuildFile; fileRef = D271796D16E58548009BB5D1 /* ABReachability.m */; };
		D2821FAF171DCFE1005A19C0 /* ABActivityView.m in Sources */ = {isa = PBXBuildFile; fileRef = D2821FAB171DCFE1005A19C0 /* ABActivityView.m */; };
		D294B0CF170E2108007C2808 /* ABNotificationHelper.m in Sources */ = {isa = PBXBuildFile; fileRef = D294B0CE170E2108007C2808 /* ABNotificationHelper.m */; };
		D294B0D2170E210D007C2808 /* UIViewController+ABFramework.m in Sources */ = {isa = PBXBuildFile; fileRef = D294B0D1170E210D007C2808 /* UIViewController+ABFramework.m */; };
		D2ADFF15171ED856002D723B /* Social.framework in Frameworks */ = {isa = PBXBuildFile; fileRef = D2ADFF14171ED856002D723B /* Social.framework */; };
		D2ADFF17171ED85A002D723B /* Twitter.framework in Frameworks */ = {isa = PBXBuildFile; fileRef = D2ADFF16171ED85A002D723B /* Twitter.framework */; };
		D2B331B916EC9E5A00DED125 /* ABLabelExample.m in Sources */ = {isa = PBXBuildFile; fileRef = D2B331B816EC9E5A00DED125 /* ABLabelExample.m */; };
		D2B331C916ED047D00DED125 /* ABImageView.m in Sources */ = {isa = PBXBuildFile; fileRef = D2B331C816ED047D00DED125 /* ABImageView.m */; };
		D2BB292817215A3900F6E152 /* ABTapGestureRecognizer.m in Sources */ = {isa = PBXBuildFile; fileRef = D2BB292717215A3900F6E152 /* ABTapGestureRecognizer.m */; };
		D2BB292B17215A5200F6E152 /* ABSwipeGestureRecognizer.m in Sources */ = {isa = PBXBuildFile; fileRef = D2BB292A17215A5200F6E152 /* ABSwipeGestureRecognizer.m */; };
/* End PBXBuildFile section */

/* Begin PBXFileReference section */
		3C5D960116BA889800B37045 /* ExampleSelectViewController.h */ = {isa = PBXFileReference; fileEncoding = 4; lastKnownFileType = sourcecode.c.h; path = ExampleSelectViewController.h; sourceTree = "<group>"; };
		3C5D960216BA889800B37045 /* ExampleSelectViewController.m */ = {isa = PBXFileReference; fileEncoding = 4; lastKnownFileType = sourcecode.c.objc; path = ExampleSelectViewController.m; sourceTree = "<group>"; };
		3C5D960516BA89C500B37045 /* ABSwitchExample.h */ = {isa = PBXFileReference; fileEncoding = 4; lastKnownFileType = sourcecode.c.h; path = ABSwitchExample.h; sourceTree = "<group>"; };
		3C5D960616BA89C500B37045 /* ABSwitchExample.m */ = {isa = PBXFileReference; fileEncoding = 4; lastKnownFileType = sourcecode.c.objc; path = ABSwitchExample.m; sourceTree = "<group>"; };
		3C5D960F16BA957000B37045 /* ExampleObject.h */ = {isa = PBXFileReference; fileEncoding = 4; lastKnownFileType = sourcecode.c.h; path = ExampleObject.h; sourceTree = "<group>"; };
		3C5D961016BA957000B37045 /* ExampleObject.m */ = {isa = PBXFileReference; fileEncoding = 4; lastKnownFileType = sourcecode.c.objc; path = ExampleObject.m; sourceTree = "<group>"; };
		3C5D961116BA957000B37045 /* ExampleSection.h */ = {isa = PBXFileReference; fileEncoding = 4; lastKnownFileType = sourcecode.c.h; path = ExampleSection.h; sourceTree = "<group>"; };
		3C5D961216BA957000B37045 /* ExampleSection.m */ = {isa = PBXFileReference; fileEncoding = 4; lastKnownFileType = sourcecode.c.objc; path = ExampleSection.m; sourceTree = "<group>"; };
		3C5D961916BAA05600B37045 /* switch1_background.png */ = {isa = PBXFileReference; lastKnownFileType = image.png; path = switch1_background.png; sourceTree = "<group>"; };
		3C5D961A16BAA05600B37045 /* switch1_background@2x.png */ = {isa = PBXFileReference; lastKnownFileType = image.png; path = "switch1_background@2x.png"; sourceTree = "<group>"; };
		3C5D961B16BAA05600B37045 /* switch1_switch.png */ = {isa = PBXFileReference; lastKnownFileType = image.png; path = switch1_switch.png; sourceTree = "<group>"; };
		3C5D961C16BAA05600B37045 /* switch1_switch@2x.png */ = {isa = PBXFileReference; lastKnownFileType = image.png; path = "switch1_switch@2x.png"; sourceTree = "<group>"; };
		3C5D962216BAA9EB00B37045 /* switch2_background.png */ = {isa = PBXFileReference; lastKnownFileType = image.png; path = switch2_background.png; sourceTree = "<group>"; };
		3C5D962316BAA9EB00B37045 /* switch2_background@2x.png */ = {isa = PBXFileReference; lastKnownFileType = image.png; path = "switch2_background@2x.png"; sourceTree = "<group>"; };
		3C5D962416BAA9EB00B37045 /* switch2_switch.png */ = {isa = PBXFileReference; lastKnownFileType = image.png; path = switch2_switch.png; sourceTree = "<group>"; };
		3C5D962516BAA9EB00B37045 /* switch2_switch@2x.png */ = {isa = PBXFileReference; lastKnownFileType = image.png; path = "switch2_switch@2x.png"; sourceTree = "<group>"; };
		3CD78ADD16C3DD78006C4B21 /* ABSaveSystemExample.h */ = {isa = PBXFileReference; fileEncoding = 4; lastKnownFileType = sourcecode.c.h; path = ABSaveSystemExample.h; sourceTree = "<group>"; };
		3CD78ADE16C3DD78006C4B21 /* ABSaveSystemExample.m */ = {isa = PBXFileReference; fileEncoding = 4; lastKnownFileType = sourcecode.c.objc; path = ABSaveSystemExample.m; sourceTree = "<group>"; };
		3CE5667C16B6966D00915391 /* ABFramework-Examples.app */ = {isa = PBXFileReference; explicitFileType = wrapper.application; includeInIndex = 0; path = "ABFramework-Examples.app"; sourceTree = BUILT_PRODUCTS_DIR; };
		3CE5668016B6966D00915391 /* UIKit.framework */ = {isa = PBXFileReference; lastKnownFileType = wrapper.framework; name = UIKit.framework; path = System/Library/Frameworks/UIKit.framework; sourceTree = SDKROOT; };
		3CE5668216B6966D00915391 /* Foundation.framework */ = {isa = PBXFileReference; lastKnownFileType = wrapper.framework; name = Foundation.framework; path = System/Library/Frameworks/Foundation.framework; sourceTree = SDKROOT; };
		3CE5668416B6966D00915391 /* CoreGraphics.framework */ = {isa = PBXFileReference; lastKnownFileType = wrapper.framework; name = CoreGraphics.framework; path = System/Library/Frameworks/CoreGraphics.framework; sourceTree = SDKROOT; };
		3CE5668816B6966D00915391 /* ABFramework-Examples-Info.plist */ = {isa = PBXFileReference; lastKnownFileType = text.plist.xml; path = "ABFramework-Examples-Info.plist"; sourceTree = "<group>"; };
		3CE5668A16B6966D00915391 /* en */ = {isa = PBXFileReference; lastKnownFileType = text.plist.strings; name = en; path = en.lproj/InfoPlist.strings; sourceTree = "<group>"; };
		3CE5668C16B6966D00915391 /* main.m */ = {isa = PBXFileReference; lastKnownFileType = sourcecode.c.objc; path = main.m; sourceTree = "<group>"; };
		3CE5668E16B6966D00915391 /* ABFramework-Examples-Prefix.pch */ = {isa = PBXFileReference; lastKnownFileType = sourcecode.c.h; path = "ABFramework-Examples-Prefix.pch"; sourceTree = "<group>"; };
		3CE5668F16B6966D00915391 /* AppDelegate.h */ = {isa = PBXFileReference; lastKnownFileType = sourcecode.c.h; path = AppDelegate.h; sourceTree = "<group>"; };
		3CE5669016B6966D00915391 /* AppDelegate.m */ = {isa = PBXFileReference; lastKnownFileType = sourcecode.c.objc; path = AppDelegate.m; sourceTree = "<group>"; };
		3CE5669216B6966D00915391 /* Default.png */ = {isa = PBXFileReference; lastKnownFileType = image.png; path = Default.png; sourceTree = "<group>"; };
		3CE5669416B6966D00915391 /* Default@2x.png */ = {isa = PBXFileReference; lastKnownFileType = image.png; path = "Default@2x.png"; sourceTree = "<group>"; };
		3CE5669616B6966D00915391 /* Default-568h@2x.png */ = {isa = PBXFileReference; lastKnownFileType = image.png; path = "Default-568h@2x.png"; sourceTree = "<group>"; };
		3CE568D516B69FEE00915391 /* SystemConfiguration.framework */ = {isa = PBXFileReference; lastKnownFileType = wrapper.framework; name = SystemConfiguration.framework; path = System/Library/Frameworks/SystemConfiguration.framework; sourceTree = SDKROOT; };
		D20670C81703601800DE9E5B /* ABNewsstandHelper.h */ = {isa = PBXFileReference; fileEncoding = 4; lastKnownFileType = sourcecode.c.h; path = ABNewsstandHelper.h; sourceTree = "<group>"; };
		D20670C91703601800DE9E5B /* ABNewsstandHelper.m */ = {isa = PBXFileReference; fileEncoding = 4; lastKnownFileType = sourcecode.c.objc; path = ABNewsstandHelper.m; sourceTree = "<group>"; };
		D20670CB1703601F00DE9E5B /* ABMath.h */ = {isa = PBXFileReference; fileEncoding = 4; lastKnownFileType = sourcecode.c.h; path = ABMath.h; sourceTree = "<group>"; };
		D20670CC1703601F00DE9E5B /* ABMath.m */ = {isa = PBXFileReference; fileEncoding = 4; lastKnownFileType = sourcecode.c.objc; path = ABMath.m; sourceTree = "<group>"; };
		D211D7261709A98E00326B25 /* ABNetworking.h */ = {isa = PBXFileReference; fileEncoding = 4; lastKnownFileType = sourcecode.c.h; path = ABNetworking.h; sourceTree = "<group>"; };
		D211D7271709A98E00326B25 /* ABNetworking.m */ = {isa = PBXFileReference; fileEncoding = 4; lastKnownFileType = sourcecode.c.objc; path = ABNetworking.m; sourceTree = "<group>"; };
		D211D7291709AEB500326B25 /* ABNetworkingExample.h */ = {isa = PBXFileReference; fileEncoding = 4; lastKnownFileType = sourcecode.c.h; path = ABNetworkingExample.h; sourceTree = "<group>"; };
		D211D72A1709AEB500326B25 /* ABNetworkingExample.m */ = {isa = PBXFileReference; fileEncoding = 4; lastKnownFileType = sourcecode.c.objc; path = ABNetworkingExample.m; sourceTree = "<group>"; };
		D21694FE1704FA73009000FC /* StoreKit.framework */ = {isa = PBXFileReference; lastKnownFileType = wrapper.framework; name = StoreKit.framework; path = System/Library/Frameworks/StoreKit.framework; sourceTree = SDKROOT; };
		D21695001704FBD7009000FC /* NewsstandKit.framework */ = {isa = PBXFileReference; lastKnownFileType = wrapper.framework; name = NewsstandKit.framework; path = System/Library/Frameworks/NewsstandKit.framework; sourceTree = SDKROOT; };
		D217B2EA1708916800CADAF4 /* ABPrimitiveArray.h */ = {isa = PBXFileReference; fileEncoding = 4; lastKnownFileType = sourcecode.c.h; path = ABPrimitiveArray.h; sourceTree = "<group>"; };
		D217B2EB1708916800CADAF4 /* ABPrimitiveArray.m */ = {isa = PBXFileReference; fileEncoding = 4; lastKnownFileType = sourcecode.c.objc; path = ABPrimitiveArray.m; sourceTree = "<group>"; };
		D217B2EF1708917600CADAF4 /* ABEntypoView.h */ = {isa = PBXFileReference; fileEncoding = 4; lastKnownFileType = sourcecode.c.h; path = ABEntypoView.h; sourceTree = "<group>"; };
		D217B2F01708917600CADAF4 /* ABEntypoView.m */ = {isa = PBXFileReference; fileEncoding = 4; lastKnownFileType = sourcecode.c.objc; path = ABEntypoView.m; sourceTree = "<group>"; };
		D217B2F21708917600CADAF4 /* ABSeperator.h */ = {isa = PBXFileReference; fileEncoding = 4; lastKnownFileType = sourcecode.c.h; path = ABSeperator.h; sourceTree = "<group>"; };
		D217B2F31708917600CADAF4 /* ABSeperator.m */ = {isa = PBXFileReference; fileEncoding = 4; lastKnownFileType = sourcecode.c.objc; path = ABSeperator.m; sourceTree = "<group>"; };
		D23093AD171EC69B00F2DAAB /* NSArray+ABFramework.h */ = {isa = PBXFileReference; fileEncoding = 4; lastKnownFileType = sourcecode.c.h; path = "NSArray+ABFramework.h"; sourceTree = "<group>"; };
		D23093AE171EC69B00F2DAAB /* NSArray+ABFramework.m */ = {isa = PBXFileReference; fileEncoding = 4; lastKnownFileType = sourcecode.c.objc; path = "NSArray+ABFramework.m"; sourceTree = "<group>"; };
		D241362C16F345390033C56B /* ABFramework.bundle */ = {isa = PBXFileReference; lastKnownFileType = "wrapper.plug-in"; path = ABFramework.bundle; sourceTree = "<group>"; };
		D241362F16F345430033C56B /* ABFlexibleView.h */ = {isa = PBXFileReference; fileEncoding = 4; lastKnownFileType = sourcecode.c.h; path = ABFlexibleView.h; sourceTree = "<group>"; };
		D241363016F345430033C56B /* ABFlexibleView.m */ = {isa = PBXFileReference; fileEncoding = 4; lastKnownFileType = sourcecode.c.objc; path = ABFlexibleView.m; sourceTree = "<group>"; };
		D241363216F3454A0033C56B /* UIImageView+ABFramework.h */ = {isa = PBXFileReference; fileEncoding = 4; lastKnownFileType = sourcecode.c.h; path = "UIImageView+ABFramework.h"; sourceTree = "<group>"; };
		D241363316F3454A0033C56B /* UIImageView+ABFramework.m */ = {isa = PBXFileReference; fileEncoding = 4; lastKnownFileType = sourcecode.c.objc; path = "UIImageView+ABFramework.m"; sourceTree = "<group>"; };
		D24A0D6516EE2E660093AE2A /* ABHudExample.h */ = {isa = PBXFileReference; fileEncoding = 4; lastKnownFileType = sourcecode.c.h; path = ABHudExample.h; sourceTree = "<group>"; };
		D24A0D6616EE2E660093AE2A /* ABHudExample.m */ = {isa = PBXFileReference; fileEncoding = 4; lastKnownFileType = sourcecode.c.objc; path = ABHudExample.m; sourceTree = "<group>"; };
		D24A0D6916EE30040093AE2A /* ABHud.h */ = {isa = PBXFileReference; fileEncoding = 4; lastKnownFileType = sourcecode.c.h; path = ABHud.h; sourceTree = "<group>"; };
		D24A0D6A16EE30040093AE2A /* ABHud.m */ = {isa = PBXFileReference; fileEncoding = 4; lastKnownFileType = sourcecode.c.objc; path = ABHud.m; sourceTree = "<group>"; };
		D259193D16EBCF2100E63E4B /* ABFileHelper.h */ = {isa = PBXFileReference; fileEncoding = 4; lastKnownFileType = sourcecode.c.h; path = ABFileHelper.h; sourceTree = "<group>"; };
		D259193E16EBCF2100E63E4B /* ABFileHelper.m */ = {isa = PBXFileReference; fileEncoding = 4; lastKnownFileType = sourcecode.c.objc; path = ABFileHelper.m; sourceTree = "<group>"; };
		D2633D6416EBDDF400FCE9D0 /* ABTableStackController.h */ = {isa = PBXFileReference; fileEncoding = 4; lastKnownFileType = sourcecode.c.h; path = ABTableStackController.h; sourceTree = "<group>"; };
		D2633D6516EBDDF400FCE9D0 /* ABTableStackController.m */ = {isa = PBXFileReference; fileEncoding = 4; lastKnownFileType = sourcecode.c.objc; path = ABTableStackController.m; sourceTree = "<group>"; };
		D271791016E58548009BB5D1 /* ABFramework.h */ = {isa = PBXFileReference; fileEncoding = 4; lastKnownFileType = sourcecode.c.h; path = ABFramework.h; sourceTree = "<group>"; };
		D271791216E58548009BB5D1 /* NSData+ABFramework.h */ = {isa = PBXFileReference; fileEncoding = 4; lastKnownFileType = sourcecode.c.h; path = "NSData+ABFramework.h"; sourceTree = "<group>"; };
		D271791316E58548009BB5D1 /* NSData+ABFramework.m */ = {isa = PBXFileReference; fileEncoding = 4; lastKnownFileType = sourcecode.c.objc; path = "NSData+ABFramework.m"; sourceTree = "<group>"; };
		D271791416E58548009BB5D1 /* NSDate+ABFramework.h */ = {isa = PBXFileReference; fileEncoding = 4; lastKnownFileType = sourcecode.c.h; path = "NSDate+ABFramework.h"; sourceTree = "<group>"; };
		D271791516E58548009BB5D1 /* NSDate+ABFramework.m */ = {isa = PBXFileReference; fileEncoding = 4; lastKnownFileType = sourcecode.c.objc; path = "NSDate+ABFramework.m"; sourceTree = "<group>"; };
		D271791616E58548009BB5D1 /* NSDateComponents+ABFramework.h */ = {isa = PBXFileReference; fileEncoding = 4; lastKnownFileType = sourcecode.c.h; path = "NSDateComponents+ABFramework.h"; sourceTree = "<group>"; };
		D271791716E58548009BB5D1 /* NSDateComponents+ABFramework.m */ = {isa = PBXFileReference; fileEncoding = 4; lastKnownFileType = sourcecode.c.objc; path = "NSDateComponents+ABFramework.m"; sourceTree = "<group>"; };
		D271791816E58548009BB5D1 /* NSDictionary+ABFramework.h */ = {isa = PBXFileReference; fileEncoding = 4; lastKnownFileType = sourcecode.c.h; path = "NSDictionary+ABFramework.h"; sourceTree = "<group>"; };
		D271791916E58548009BB5D1 /* NSDictionary+ABFramework.m */ = {isa = PBXFileReference; fileEncoding = 4; lastKnownFileType = sourcecode.c.objc; path = "NSDictionary+ABFramework.m"; sourceTree = "<group>"; };
		D271791A16E58548009BB5D1 /* NSMutableDictionary+ABFramework.h */ = {isa = PBXFileReference; fileEncoding = 4; lastKnownFileType = sourcecode.c.h; path = "NSMutableDictionary+ABFramework.h"; sourceTree = "<group>"; };
		D271791B16E58548009BB5D1 /* NSMutableDictionary+ABFramework.m */ = {isa = PBXFileReference; fileEncoding = 4; lastKnownFileType = sourcecode.c.objc; path = "NSMutableDictionary+ABFramework.m"; sourceTree = "<group>"; };
		D271791C16E58548009BB5D1 /* NSObject+ABFramework.h */ = {isa = PBXFileReference; fileEncoding = 4; lastKnownFileType = sourcecode.c.h; path = "NSObject+ABFramework.h"; sourceTree = "<group>"; };
		D271791D16E58548009BB5D1 /* NSObject+ABFramework.m */ = {isa = PBXFileReference; fileEncoding = 4; lastKnownFileType = sourcecode.c.objc; path = "NSObject+ABFramework.m"; sourceTree = "<group>"; };
		D271791E16E58548009BB5D1 /* NSString+ABFramework.h */ = {isa = PBXFileReference; fileEncoding = 4; lastKnownFileType = sourcecode.c.h; path = "NSString+ABFramework.h"; sourceTree = "<group>"; };
		D271791F16E58548009BB5D1 /* NSString+ABFramework.m */ = {isa = PBXFileReference; fileEncoding = 4; lastKnownFileType = sourcecode.c.objc; path = "NSString+ABFramework.m"; sourceTree = "<group>"; };
		D271792016E58548009BB5D1 /* UIColor+ABFramework.h */ = {isa = PBXFileReference; fileEncoding = 4; lastKnownFileType = sourcecode.c.h; path = "UIColor+ABFramework.h"; sourceTree = "<group>"; };
		D271792116E58548009BB5D1 /* UIColor+ABFramework.m */ = {isa = PBXFileReference; fileEncoding = 4; lastKnownFileType = sourcecode.c.objc; path = "UIColor+ABFramework.m"; sourceTree = "<group>"; };
		D271792216E58548009BB5D1 /* UIImage+ABFramework.h */ = {isa = PBXFileReference; fileEncoding = 4; lastKnownFileType = sourcecode.c.h; path = "UIImage+ABFramework.h"; sourceTree = "<group>"; };
		D271792316E58548009BB5D1 /* UIImage+ABFramework.m */ = {isa = PBXFileReference; fileEncoding = 4; lastKnownFileType = sourcecode.c.objc; path = "UIImage+ABFramework.m"; sourceTree = "<group>"; };
		D271792416E58548009BB5D1 /* UILabel+ABFramework.h */ = {isa = PBXFileReference; fileEncoding = 4; lastKnownFileType = sourcecode.c.h; path = "UILabel+ABFramework.h"; sourceTree = "<group>"; };
		D271792516E58548009BB5D1 /* UILabel+ABFramework.m */ = {isa = PBXFileReference; fileEncoding = 4; lastKnownFileType = sourcecode.c.objc; path = "UILabel+ABFramework.m"; sourceTree = "<group>"; };
		D271792616E58548009BB5D1 /* UIView+ABFramework.h */ = {isa = PBXFileReference; fileEncoding = 4; lastKnownFileType = sourcecode.c.h; path = "UIView+ABFramework.h"; sourceTree = "<group>"; };
		D271792716E58548009BB5D1 /* UIView+ABFramework.m */ = {isa = PBXFileReference; fileEncoding = 4; lastKnownFileType = sourcecode.c.objc; path = "UIView+ABFramework.m"; sourceTree = "<group>"; };
		D271792A16E58548009BB5D1 /* ABSaveSystem.h */ = {isa = PBXFileReference; fileEncoding = 4; lastKnownFileType = sourcecode.c.h; path = ABSaveSystem.h; sourceTree = "<group>"; };
		D271792B16E58548009BB5D1 /* ABSaveSystem.m */ = {isa = PBXFileReference; fileEncoding = 4; lastKnownFileType = sourcecode.c.objc; path = ABSaveSystem.m; sourceTree = "<group>"; };
		D271792D16E58548009BB5D1 /* ABStoreKitHelper.h */ = {isa = PBXFileReference; fileEncoding = 4; lastKnownFileType = sourcecode.c.h; path = ABStoreKitHelper.h; sourceTree = "<group>"; };
		D271792E16E58548009BB5D1 /* ABStoreKitHelper.m */ = {isa = PBXFileReference; fileEncoding = 4; lastKnownFileType = sourcecode.c.objc; path = ABStoreKitHelper.m; sourceTree = "<group>"; };
		D271793116E58548009BB5D1 /* ABAlertView.h */ = {isa = PBXFileReference; fileEncoding = 4; lastKnownFileType = sourcecode.c.h; path = ABAlertView.h; sourceTree = "<group>"; };
		D271793216E58548009BB5D1 /* ABAlertView.m */ = {isa = PBXFileReference; fileEncoding = 4; lastKnownFileType = sourcecode.c.objc; path = ABAlertView.m; sourceTree = "<group>"; };
		D271793416E58548009BB5D1 /* ABButton.h */ = {isa = PBXFileReference; fileEncoding = 4; lastKnownFileType = sourcecode.c.h; path = ABButton.h; sourceTree = "<group>"; };
		D271793516E58548009BB5D1 /* ABButton.m */ = {isa = PBXFileReference; fileEncoding = 4; lastKnownFileType = sourcecode.c.objc; path = ABButton.m; sourceTree = "<group>"; };
		D271793716E58548009BB5D1 /* ABDatePickerView.h */ = {isa = PBXFileReference; fileEncoding = 4; lastKnownFileType = sourcecode.c.h; path = ABDatePickerView.h; sourceTree = "<group>"; };
		D271793816E58548009BB5D1 /* ABDatePickerView.m */ = {isa = PBXFileReference; fileEncoding = 4; lastKnownFileType = sourcecode.c.objc; path = ABDatePickerView.m; sourceTree = "<group>"; };
		D271793A16E58548009BB5D1 /* ABImagePickerViewController.h */ = {isa = PBXFileReference; fileEncoding = 4; lastKnownFileType = sourcecode.c.h; path = ABImagePickerViewController.h; sourceTree = "<group>"; };
		D271793B16E58548009BB5D1 /* ABImagePickerViewController.m */ = {isa = PBXFileReference; fileEncoding = 4; lastKnownFileType = sourcecode.c.objc; path = ABImagePickerViewController.m; sourceTree = "<group>"; };
		D271793D16E58548009BB5D1 /* ABLabel.h */ = {isa = PBXFileReference; fileEncoding = 4; lastKnownFileType = sourcecode.c.h; path = ABLabel.h; sourceTree = "<group>"; };
		D271793E16E58548009BB5D1 /* ABLabel.m */ = {isa = PBXFileReference; fileEncoding = 4; lastKnownFileType = sourcecode.c.objc; path = ABLabel.m; sourceTree = "<group>"; };
		D271794016E58548009BB5D1 /* ABSelectView.h */ = {isa = PBXFileReference; fileEncoding = 4; lastKnownFileType = sourcecode.c.h; path = ABSelectView.h; sourceTree = "<group>"; };
		D271794116E58548009BB5D1 /* ABSelectView.m */ = {isa = PBXFileReference; fileEncoding = 4; lastKnownFileType = sourcecode.c.objc; path = ABSelectView.m; sourceTree = "<group>"; };
		D271794216E58548009BB5D1 /* ABSelectViewItem.h */ = {isa = PBXFileReference; fileEncoding = 4; lastKnownFileType = sourcecode.c.h; path = ABSelectViewItem.h; sourceTree = "<group>"; };
		D271794316E58548009BB5D1 /* ABSelectViewItem.m */ = {isa = PBXFileReference; fileEncoding = 4; lastKnownFileType = sourcecode.c.objc; path = ABSelectViewItem.m; sourceTree = "<group>"; };
		D271794416E58548009BB5D1 /* ABSelectViewTheme.h */ = {isa = PBXFileReference; fileEncoding = 4; lastKnownFileType = sourcecode.c.h; path = ABSelectViewTheme.h; sourceTree = "<group>"; };
		D271794516E58548009BB5D1 /* ABSelectViewTheme.m */ = {isa = PBXFileReference; fileEncoding = 4; lastKnownFileType = sourcecode.c.objc; path = ABSelectViewTheme.m; sourceTree = "<group>"; };
		D271794716E58548009BB5D1 /* ABStackController.h */ = {isa = PBXFileReference; fileEncoding = 4; lastKnownFileType = sourcecode.c.h; path = ABStackController.h; sourceTree = "<group>"; };
		D271794816E58548009BB5D1 /* ABStackController.m */ = {isa = PBXFileReference; fileEncoding = 4; lastKnownFileType = sourcecode.c.objc; path = ABStackController.m; sourceTree = "<group>"; };
		D271794A16E58548009BB5D1 /* ABSwitch.h */ = {isa = PBXFileReference; fileEncoding = 4; lastKnownFileType = sourcecode.c.h; path = ABSwitch.h; sourceTree = "<group>"; };
		D271794B16E58548009BB5D1 /* ABSwitch.m */ = {isa = PBXFileReference; fileEncoding = 4; lastKnownFileType = sourcecode.c.objc; path = ABSwitch.m; sourceTree = "<group>"; };
		D271794D16E58548009BB5D1 /* ABTabBar.h */ = {isa = PBXFileReference; fileEncoding = 4; lastKnownFileType = sourcecode.c.h; path = ABTabBar.h; sourceTree = "<group>"; };
		D271794E16E58548009BB5D1 /* ABTabBar.m */ = {isa = PBXFileReference; fileEncoding = 4; lastKnownFileType = sourcecode.c.objc; path = ABTabBar.m; sourceTree = "<group>"; };
		D271794F16E58548009BB5D1 /* ABTabBarController.h */ = {isa = PBXFileReference; fileEncoding = 4; lastKnownFileType = sourcecode.c.h; path = ABTabBarController.h; sourceTree = "<group>"; };
		D271795016E58548009BB5D1 /* ABTabBarController.m */ = {isa = PBXFileReference; fileEncoding = 4; lastKnownFileType = sourcecode.c.objc; path = ABTabBarController.m; sourceTree = "<group>"; };
		D271795116E58548009BB5D1 /* ABTabBarItem.h */ = {isa = PBXFileReference; fileEncoding = 4; lastKnownFileType = sourcecode.c.h; path = ABTabBarItem.h; sourceTree = "<group>"; };
		D271795216E58548009BB5D1 /* ABTabBarItem.m */ = {isa = PBXFileReference; fileEncoding = 4; lastKnownFileType = sourcecode.c.objc; path = ABTabBarItem.m; sourceTree = "<group>"; };
		D271795316E58548009BB5D1 /* ABTabButton.h */ = {isa = PBXFileReference; fileEncoding = 4; lastKnownFileType = sourcecode.c.h; path = ABTabButton.h; sourceTree = "<group>"; };
		D271795416E58548009BB5D1 /* ABTabButton.m */ = {isa = PBXFileReference; fileEncoding = 4; lastKnownFileType = sourcecode.c.objc; path = ABTabButton.m; sourceTree = "<group>"; };
		D271795616E58548009BB5D1 /* ABTextField.h */ = {isa = PBXFileReference; fileEncoding = 4; lastKnownFileType = sourcecode.c.h; path = ABTextField.h; sourceTree = "<group>"; };
		D271795716E58548009BB5D1 /* ABTextField.m */ = {isa = PBXFileReference; fileEncoding = 4; lastKnownFileType = sourcecode.c.objc; path = ABTextField.m; sourceTree = "<group>"; };
		D271795916E58548009BB5D1 /* ABPair.h */ = {isa = PBXFileReference; fileEncoding = 4; lastKnownFileType = sourcecode.c.h; path = ABPair.h; sourceTree = "<group>"; };
		D271795A16E58548009BB5D1 /* ABPair.m */ = {isa = PBXFileReference; fileEncoding = 4; lastKnownFileType = sourcecode.c.objc; path = ABPair.m; sourceTree = "<group>"; };
		D271795C16E58548009BB5D1 /* ABDateDescriptor.h */ = {isa = PBXFileReference; fileEncoding = 4; lastKnownFileType = sourcecode.c.h; path = ABDateDescriptor.h; sourceTree = "<group>"; };
		D271795D16E58548009BB5D1 /* ABDateDescriptor.m */ = {isa = PBXFileReference; fileEncoding = 4; lastKnownFileType = sourcecode.c.objc; path = ABDateDescriptor.m; sourceTree = "<group>"; };
		D271795E16E58548009BB5D1 /* README.md */ = {isa = PBXFileReference; fileEncoding = 4; lastKnownFileType = text; path = README.md; sourceTree = "<group>"; };
		D271796016E58548009BB5D1 /* ABNavigationController.h */ = {isa = PBXFileReference; fileEncoding = 4; lastKnownFileType = sourcecode.c.h; path = ABNavigationController.h; sourceTree = "<group>"; };
		D271796116E58548009BB5D1 /* ABNavigationController.m */ = {isa = PBXFileReference; fileEncoding = 4; lastKnownFileType = sourcecode.c.objc; path = ABNavigationController.m; sourceTree = "<group>"; };
		D271796216E58548009BB5D1 /* ABView.h */ = {isa = PBXFileReference; fileEncoding = 4; lastKnownFileType = sourcecode.c.h; path = ABView.h; sourceTree = "<group>"; };
		D271796316E58548009BB5D1 /* ABView.m */ = {isa = PBXFileReference; fileEncoding = 4; lastKnownFileType = sourcecode.c.objc; path = ABView.m; sourceTree = "<group>"; };
		D271796416E58548009BB5D1 /* ABViewController.h */ = {isa = PBXFileReference; fileEncoding = 4; lastKnownFileType = sourcecode.c.h; path = ABViewController.h; sourceTree = "<group>"; };
		D271796516E58548009BB5D1 /* ABViewController.m */ = {isa = PBXFileReference; fileEncoding = 4; lastKnownFileType = sourcecode.c.objc; path = ABViewController.m; sourceTree = "<group>"; };
		D271796716E58548009BB5D1 /* ABCommon.h */ = {isa = PBXFileReference; fileEncoding = 4; lastKnownFileType = sourcecode.c.h; path = ABCommon.h; sourceTree = "<group>"; };
		D271796816E58548009BB5D1 /* ABCommon.m */ = {isa = PBXFileReference; fileEncoding = 4; lastKnownFileType = sourcecode.c.objc; path = ABCommon.m; sourceTree = "<group>"; };
		D271796916E58548009BB5D1 /* ABFrame.h */ = {isa = PBXFileReference; fileEncoding = 4; lastKnownFileType = sourcecode.c.h; path = ABFrame.h; sourceTree = "<group>"; };
		D271796A16E58548009BB5D1 /* ABFrame.m */ = {isa = PBXFileReference; fileEncoding = 4; lastKnownFileType = sourcecode.c.objc; path = ABFrame.m; sourceTree = "<group>"; };
		D271796B16E58548009BB5D1 /* ABMacros.h */ = {isa = PBXFileReference; fileEncoding = 4; lastKnownFileType = sourcecode.c.h; path = ABMacros.h; sourceTree = "<group>"; };
		D271796C16E58548009BB5D1 /* ABReachability.h */ = {isa = PBXFileReference; fileEncoding = 4; lastKnownFileType = sourcecode.c.h; path = ABReachability.h; sourceTree = "<group>"; };
		D271796D16E58548009BB5D1 /* ABReachability.m */ = {isa = PBXFileReference; fileEncoding = 4; lastKnownFileType = sourcecode.c.objc; path = ABReachability.m; sourceTree = "<group>"; };
		D271796E16E58548009BB5D1 /* ABTypes.h */ = {isa = PBXFileReference; fileEncoding = 4; lastKnownFileType = sourcecode.c.h; path = ABTypes.h; sourceTree = "<group>"; };
		D271796F16E58548009BB5D1 /* ABUtilities.h */ = {isa = PBXFileReference; fileEncoding = 4; lastKnownFileType = sourcecode.c.h; path = ABUtilities.h; sourceTree = "<group>"; };
		D2821FAA171DCFE1005A19C0 /* ABActivityView.h */ = {isa = PBXFileReference; fileEncoding = 4; lastKnownFileType = sourcecode.c.h; path = ABActivityView.h; sourceTree = "<group>"; };
		D2821FAB171DCFE1005A19C0 /* ABActivityView.m */ = {isa = PBXFileReference; fileEncoding = 4; lastKnownFileType = sourcecode.c.objc; path = ABActivityView.m; sourceTree = "<group>"; };
		D294B0CD170E2108007C2808 /* ABNotificationHelper.h */ = {isa = PBXFileReference; fileEncoding = 4; lastKnownFileType = sourcecode.c.h; path = ABNotificationHelper.h; sourceTree = "<group>"; };
		D294B0CE170E2108007C2808 /* ABNotificationHelper.m */ = {isa = PBXFileReference; fileEncoding = 4; lastKnownFileType = sourcecode.c.objc; path = ABNotificationHelper.m; sourceTree = "<group>"; };
		D294B0D0170E210D007C2808 /* UIViewController+ABFramework.h */ = {isa = PBXFileReference; fileEncoding = 4; lastKnownFileType = sourcecode.c.h; path = "UIViewController+ABFramework.h"; sourceTree = "<group>"; };
		D294B0D1170E210D007C2808 /* UIViewController+ABFramework.m */ = {isa = PBXFileReference; fileEncoding = 4; lastKnownFileType = sourcecode.c.objc; path = "UIViewController+ABFramework.m"; sourceTree = "<group>"; };
		D2ADFF14171ED856002D723B /* Social.framework */ = {isa = PBXFileReference; lastKnownFileType = wrapper.framework; name = Social.framework; path = System/Library/Frameworks/Social.framework; sourceTree = SDKROOT; };
		D2ADFF16171ED85A002D723B /* Twitter.framework */ = {isa = PBXFileReference; lastKnownFileType = wrapper.framework; name = Twitter.framework; path = System/Library/Frameworks/Twitter.framework; sourceTree = SDKROOT; };
		D2B331B716EC9E5A00DED125 /* ABLabelExample.h */ = {isa = PBXFileReference; fileEncoding = 4; lastKnownFileType = sourcecode.c.h; path = ABLabelExample.h; sourceTree = "<group>"; };
		D2B331B816EC9E5A00DED125 /* ABLabelExample.m */ = {isa = PBXFileReference; fileEncoding = 4; lastKnownFileType = sourcecode.c.objc; path = ABLabelExample.m; sourceTree = "<group>"; };
		D2B331C716ED047D00DED125 /* ABImageView.h */ = {isa = PBXFileReference; fileEncoding = 4; lastKnownFileType = sourcecode.c.h; path = ABImageView.h; sourceTree = "<group>"; };
		D2B331C816ED047D00DED125 /* ABImageView.m */ = {isa = PBXFileReference; fileEncoding = 4; lastKnownFileType = sourcecode.c.objc; path = ABImageView.m; sourceTree = "<group>"; };
		D2BB292617215A3900F6E152 /* ABTapGestureRecognizer.h */ = {isa = PBXFileReference; fileEncoding = 4; lastKnownFileType = sourcecode.c.h; path = ABTapGestureRecognizer.h; sourceTree = "<group>"; };
		D2BB292717215A3900F6E152 /* ABTapGestureRecognizer.m */ = {isa = PBXFileReference; fileEncoding = 4; lastKnownFileType = sourcecode.c.objc; path = ABTapGestureRecognizer.m; sourceTree = "<group>"; };
		D2BB292917215A5200F6E152 /* ABSwipeGestureRecognizer.h */ = {isa = PBXFileReference; fileEncoding = 4; lastKnownFileType = sourcecode.c.h; path = ABSwipeGestureRecognizer.h; sourceTree = "<group>"; };
		D2BB292A17215A5200F6E152 /* ABSwipeGestureRecognizer.m */ = {isa = PBXFileReference; fileEncoding = 4; lastKnownFileType = sourcecode.c.objc; path = ABSwipeGestureRecognizer.m; sourceTree = "<group>"; };
/* End PBXFileReference section */

/* Begin PBXFrameworksBuildPhase section */
		3CE5667916B6966D00915391 /* Frameworks */ = {
			isa = PBXFrameworksBuildPhase;
			buildActionMask = 2147483647;
			files = (
				D2ADFF17171ED85A002D723B /* Twitter.framework in Frameworks */,
				D2ADFF15171ED856002D723B /* Social.framework in Frameworks */,
				D21695011704FBD7009000FC /* NewsstandKit.framework in Frameworks */,
				D21694FF1704FA73009000FC /* StoreKit.framework in Frameworks */,
				3CE568D616B69FEE00915391 /* SystemConfiguration.framework in Frameworks */,
				3CE5668116B6966D00915391 /* UIKit.framework in Frameworks */,
				3CE5668316B6966D00915391 /* Foundation.framework in Frameworks */,
				3CE5668516B6966D00915391 /* CoreGraphics.framework in Frameworks */,
			);
			runOnlyForDeploymentPostprocessing = 0;
		};
/* End PBXFrameworksBuildPhase section */

/* Begin PBXGroup section */
		3C5D960016BA887900B37045 /* Classes */ = {
			isa = PBXGroup;
			children = (
				3C5D960116BA889800B37045 /* ExampleSelectViewController.h */,
				3C5D960216BA889800B37045 /* ExampleSelectViewController.m */,
				3C5D960E16BA957000B37045 /* Data Model */,
				3C5D960416BA88A700B37045 /* Examples */,
			);
			path = Classes;
			sourceTree = "<group>";
		};
		3C5D960416BA88A700B37045 /* Examples */ = {
			isa = PBXGroup;
			children = (
				3C5D960516BA89C500B37045 /* ABSwitchExample.h */,
				3C5D960616BA89C500B37045 /* ABSwitchExample.m */,
				D2B331B716EC9E5A00DED125 /* ABLabelExample.h */,
				D2B331B816EC9E5A00DED125 /* ABLabelExample.m */,
				3CD78ADD16C3DD78006C4B21 /* ABSaveSystemExample.h */,
				3CD78ADE16C3DD78006C4B21 /* ABSaveSystemExample.m */,
				D24A0D6516EE2E660093AE2A /* ABHudExample.h */,
				D24A0D6616EE2E660093AE2A /* ABHudExample.m */,
				D211D7291709AEB500326B25 /* ABNetworkingExample.h */,
				D211D72A1709AEB500326B25 /* ABNetworkingExample.m */,
			);
			path = Examples;
			sourceTree = "<group>";
		};
		3C5D960E16BA957000B37045 /* Data Model */ = {
			isa = PBXGroup;
			children = (
				3C5D960F16BA957000B37045 /* ExampleObject.h */,
				3C5D961016BA957000B37045 /* ExampleObject.m */,
				3C5D961116BA957000B37045 /* ExampleSection.h */,
				3C5D961216BA957000B37045 /* ExampleSection.m */,
			);
			path = "Data Model";
			sourceTree = "<group>";
		};
		3C5D961516BAA05600B37045 /* Resources */ = {
			isa = PBXGroup;
			children = (
				3C5D961616BAA05600B37045 /* src */,
			);
			path = Resources;
			sourceTree = "<group>";
		};
		3C5D961616BAA05600B37045 /* src */ = {
			isa = PBXGroup;
			children = (
				3C5D961716BAA05600B37045 /* ABSwitch */,
			);
			path = src;
			sourceTree = "<group>";
		};
		3C5D961716BAA05600B37045 /* ABSwitch */ = {
			isa = PBXGroup;
			children = (
				3C5D962216BAA9EB00B37045 /* switch2_background.png */,
				3C5D962316BAA9EB00B37045 /* switch2_background@2x.png */,
				3C5D962416BAA9EB00B37045 /* switch2_switch.png */,
				3C5D962516BAA9EB00B37045 /* switch2_switch@2x.png */,
				3C5D961916BAA05600B37045 /* switch1_background.png */,
				3C5D961A16BAA05600B37045 /* switch1_background@2x.png */,
				3C5D961B16BAA05600B37045 /* switch1_switch.png */,
				3C5D961C16BAA05600B37045 /* switch1_switch@2x.png */,
			);
			path = ABSwitch;
			sourceTree = "<group>";
		};
		3CE5667116B6966D00915391 = {
			isa = PBXGroup;
			children = (
				3CE5668616B6966D00915391 /* ABFramework-Examples */,
				3C5D960016BA887900B37045 /* Classes */,
				3CE5667F16B6966D00915391 /* Frameworks */,
				3CE5667D16B6966D00915391 /* Products */,
				3CE5687316B69F3500915391 /* Vendor */,
				3C5D961516BAA05600B37045 /* Resources */,
			);
			sourceTree = "<group>";
		};
		3CE5667D16B6966D00915391 /* Products */ = {
			isa = PBXGroup;
			children = (
				3CE5667C16B6966D00915391 /* ABFramework-Examples.app */,
			);
			name = Products;
			sourceTree = "<group>";
		};
		3CE5667F16B6966D00915391 /* Frameworks */ = {
			isa = PBXGroup;
			children = (
				D2ADFF16171ED85A002D723B /* Twitter.framework */,
				D2ADFF14171ED856002D723B /* Social.framework */,
				D21695001704FBD7009000FC /* NewsstandKit.framework */,
				D21694FE1704FA73009000FC /* StoreKit.framework */,
				3CE568D516B69FEE00915391 /* SystemConfiguration.framework */,
				3CE5668016B6966D00915391 /* UIKit.framework */,
				3CE5668216B6966D00915391 /* Foundation.framework */,
				3CE5668416B6966D00915391 /* CoreGraphics.framework */,
			);
			name = Frameworks;
			sourceTree = "<group>";
		};
		3CE5668616B6966D00915391 /* ABFramework-Examples */ = {
			isa = PBXGroup;
			children = (
				3CE5668F16B6966D00915391 /* AppDelegate.h */,
				3CE5669016B6966D00915391 /* AppDelegate.m */,
				3CE5668716B6966D00915391 /* Supporting Files */,
			);
			path = "ABFramework-Examples";
			sourceTree = "<group>";
		};
		3CE5668716B6966D00915391 /* Supporting Files */ = {
			isa = PBXGroup;
			children = (
				3CE5668816B6966D00915391 /* ABFramework-Examples-Info.plist */,
				3CE5668916B6966D00915391 /* InfoPlist.strings */,
				3CE5668C16B6966D00915391 /* main.m */,
				3CE5668E16B6966D00915391 /* ABFramework-Examples-Prefix.pch */,
				3CE5669216B6966D00915391 /* Default.png */,
				3CE5669416B6966D00915391 /* Default@2x.png */,
				3CE5669616B6966D00915391 /* Default-568h@2x.png */,
			);
			name = "Supporting Files";
			sourceTree = "<group>";
		};
		3CE5687316B69F3500915391 /* Vendor */ = {
			isa = PBXGroup;
			children = (
				D271790F16E58548009BB5D1 /* ABFramework */,
			);
			name = Vendor;
			sourceTree = "<group>";
		};
		D20670C71703601800DE9E5B /* ABNewsstandHelper */ = {
			isa = PBXGroup;
			children = (
				D20670C81703601800DE9E5B /* ABNewsstandHelper.h */,
				D20670C91703601800DE9E5B /* ABNewsstandHelper.m */,
			);
			path = ABNewsstandHelper;
			sourceTree = "<group>";
		};
		D211D7251709A97300326B25 /* ABNetworking */ = {
			isa = PBXGroup;
			children = (
				D211D7261709A98E00326B25 /* ABNetworking.h */,
				D211D7271709A98E00326B25 /* ABNetworking.m */,
			);
			path = ABNetworking;
			sourceTree = "<group>";
		};
		D217B2EE1708917600CADAF4 /* ABEntypoView */ = {
			isa = PBXGroup;
			children = (
				D217B2EF1708917600CADAF4 /* ABEntypoView.h */,
				D217B2F01708917600CADAF4 /* ABEntypoView.m */,
			);
			path = ABEntypoView;
			sourceTree = "<group>";
		};
		D217B2F11708917600CADAF4 /* ABSeperator */ = {
			isa = PBXGroup;
			children = (
				D217B2F21708917600CADAF4 /* ABSeperator.h */,
				D217B2F31708917600CADAF4 /* ABSeperator.m */,
			);
			path = ABSeperator;
			sourceTree = "<group>";
		};
		D241362E16F345430033C56B /* ABFlexibleView */ = {
			isa = PBXGroup;
			children = (
				D241362F16F345430033C56B /* ABFlexibleView.h */,
				D241363016F345430033C56B /* ABFlexibleView.m */,
			);
			path = ABFlexibleView;
			sourceTree = "<group>";
		};
		D24A0D6816EE30040093AE2A /* ABHud */ = {
			isa = PBXGroup;
			children = (
				D24A0D6916EE30040093AE2A /* ABHud.h */,
				D24A0D6A16EE30040093AE2A /* ABHud.m */,
			);
			path = ABHud;
			sourceTree = "<group>";
		};
		D259193C16EBCF2100E63E4B /* ABFileHelper */ = {
			isa = PBXGroup;
			children = (
				D259193D16EBCF2100E63E4B /* ABFileHelper.h */,
				D259193E16EBCF2100E63E4B /* ABFileHelper.m */,
			);
			path = ABFileHelper;
			sourceTree = "<group>";
		};
		D2633D6316EBDDF400FCE9D0 /* ABTableStackController */ = {
			isa = PBXGroup;
			children = (
				D2633D6416EBDDF400FCE9D0 /* ABTableStackController.h */,
				D2633D6516EBDDF400FCE9D0 /* ABTableStackController.m */,
			);
			path = ABTableStackController;
			sourceTree = "<group>";
		};
		D271790F16E58548009BB5D1 /* ABFramework */ = {
			isa = PBXGroup;
			children = (
				D271795E16E58548009BB5D1 /* README.md */,
				D271791016E58548009BB5D1 /* ABFramework.h */,
				D271791116E58548009BB5D1 /* Categories */,
				D271792816E58548009BB5D1 /* Components (Functional) */,
				D271792F16E58548009BB5D1 /* Components (View) */,
				D271795816E58548009BB5D1 /* Containers */,
				D271795B16E58548009BB5D1 /* Model */,
				D271795F16E58548009BB5D1 /* Sub Classes */,
				D271796616E58548009BB5D1 /* Utilities */,
				D241362C16F345390033C56B /* ABFramework.bundle */,
			);
			name = ABFramework;
			path = ../ABFramework;
			sourceTree = "<group>";
		};
		D271791116E58548009BB5D1 /* Categories */ = {
			isa = PBXGroup;
			children = (
				D23093AD171EC69B00F2DAAB /* NSArray+ABFramework.h */,
				D23093AE171EC69B00F2DAAB /* NSArray+ABFramework.m */,
				D294B0D0170E210D007C2808 /* UIViewController+ABFramework.h */,
				D294B0D1170E210D007C2808 /* UIViewController+ABFramework.m */,
				D241363216F3454A0033C56B /* UIImageView+ABFramework.h */,
				D241363316F3454A0033C56B /* UIImageView+ABFramework.m */,
				D271791216E58548009BB5D1 /* NSData+ABFramework.h */,
				D271791316E58548009BB5D1 /* NSData+ABFramework.m */,
				D271791416E58548009BB5D1 /* NSDate+ABFramework.h */,
				D271791516E58548009BB5D1 /* NSDate+ABFramework.m */,
				D271791616E58548009BB5D1 /* NSDateComponents+ABFramework.h */,
				D271791716E58548009BB5D1 /* NSDateComponents+ABFramework.m */,
				D271791816E58548009BB5D1 /* NSDictionary+ABFramework.h */,
				D271791916E58548009BB5D1 /* NSDictionary+ABFramework.m */,
				D271791A16E58548009BB5D1 /* NSMutableDictionary+ABFramework.h */,
				D271791B16E58548009BB5D1 /* NSMutableDictionary+ABFramework.m */,
				D271791C16E58548009BB5D1 /* NSObject+ABFramework.h */,
				D271791D16E58548009BB5D1 /* NSObject+ABFramework.m */,
				D271791E16E58548009BB5D1 /* NSString+ABFramework.h */,
				D271791F16E58548009BB5D1 /* NSString+ABFramework.m */,
				D271792016E58548009BB5D1 /* UIColor+ABFramework.h */,
				D271792116E58548009BB5D1 /* UIColor+ABFramework.m */,
				D271792216E58548009BB5D1 /* UIImage+ABFramework.h */,
				D271792316E58548009BB5D1 /* UIImage+ABFramework.m */,
				D271792416E58548009BB5D1 /* UILabel+ABFramework.h */,
				D271792516E58548009BB5D1 /* UILabel+ABFramework.m */,
				D271792616E58548009BB5D1 /* UIView+ABFramework.h */,
				D271792716E58548009BB5D1 /* UIView+ABFramework.m */,
			);
			path = Categories;
			sourceTree = "<group>";
		};
		D271792816E58548009BB5D1 /* Components (Functional) */ = {
			isa = PBXGroup;
			children = (
				D294B0CC170E2108007C2808 /* ABNotificationHelper */,
				D211D7251709A97300326B25 /* ABNetworking */,
				D20670C71703601800DE9E5B /* ABNewsstandHelper */,
				D259193C16EBCF2100E63E4B /* ABFileHelper */,
				D271792916E58548009BB5D1 /* ABSaveSystem */,
				D271792C16E58548009BB5D1 /* ABStoreKitHelper */,
			);
			path = "Components (Functional)";
			sourceTree = "<group>";
		};
		D271792916E58548009BB5D1 /* ABSaveSystem */ = {
			isa = PBXGroup;
			children = (
				D271792A16E58548009BB5D1 /* ABSaveSystem.h */,
				D271792B16E58548009BB5D1 /* ABSaveSystem.m */,
			);
			path = ABSaveSystem;
			sourceTree = "<group>";
		};
		D271792C16E58548009BB5D1 /* ABStoreKitHelper */ = {
			isa = PBXGroup;
			children = (
				D271792D16E58548009BB5D1 /* ABStoreKitHelper.h */,
				D271792E16E58548009BB5D1 /* ABStoreKitHelper.m */,
			);
			path = ABStoreKitHelper;
			sourceTree = "<group>";
		};
		D271792F16E58548009BB5D1 /* Components (View) */ = {
			isa = PBXGroup;
			children = (
				D2BB292517215A3900F6E152 /* ABGestureRecognizer */,
				D2821FA9171DCFE1005A19C0 /* ABActivityView */,
				D217B2EE1708917600CADAF4 /* ABEntypoView */,
				D217B2F11708917600CADAF4 /* ABSeperator */,
				D241362E16F345430033C56B /* ABFlexibleView */,
				D24A0D6816EE30040093AE2A /* ABHud */,
				D2B331C616ED047D00DED125 /* ABImageView */,
				D2633D6316EBDDF400FCE9D0 /* ABTableStackController */,
				D271793016E58548009BB5D1 /* ABAlertView */,
				D271793316E58548009BB5D1 /* ABButton */,
				D271793616E58548009BB5D1 /* ABDatePickerView */,
				D271793916E58548009BB5D1 /* ABImagePickerController */,
				D271793C16E58548009BB5D1 /* ABLabel */,
				D271793F16E58548009BB5D1 /* ABSelectView */,
				D271794616E58548009BB5D1 /* ABStackController */,
				D271794916E58548009BB5D1 /* ABSwitch */,
				D271794C16E58548009BB5D1 /* ABTabBarController */,
				D271795516E58548009BB5D1 /* ABTextField */,
			);
			path = "Components (View)";
			sourceTree = "<group>";
		};
		D271793016E58548009BB5D1 /* ABAlertView */ = {
			isa = PBXGroup;
			children = (
				D271793116E58548009BB5D1 /* ABAlertView.h */,
				D271793216E58548009BB5D1 /* ABAlertView.m */,
			);
			path = ABAlertView;
			sourceTree = "<group>";
		};
		D271793316E58548009BB5D1 /* ABButton */ = {
			isa = PBXGroup;
			children = (
				D271793416E58548009BB5D1 /* ABButton.h */,
				D271793516E58548009BB5D1 /* ABButton.m */,
			);
			path = ABButton;
			sourceTree = "<group>";
		};
		D271793616E58548009BB5D1 /* ABDatePickerView */ = {
			isa = PBXGroup;
			children = (
				D271793716E58548009BB5D1 /* ABDatePickerView.h */,
				D271793816E58548009BB5D1 /* ABDatePickerView.m */,
			);
			path = ABDatePickerView;
			sourceTree = "<group>";
		};
		D271793916E58548009BB5D1 /* ABImagePickerController */ = {
			isa = PBXGroup;
			children = (
				D271793A16E58548009BB5D1 /* ABImagePickerViewController.h */,
				D271793B16E58548009BB5D1 /* ABImagePickerViewController.m */,
			);
			path = ABImagePickerController;
			sourceTree = "<group>";
		};
		D271793C16E58548009BB5D1 /* ABLabel */ = {
			isa = PBXGroup;
			children = (
				D271793D16E58548009BB5D1 /* ABLabel.h */,
				D271793E16E58548009BB5D1 /* ABLabel.m */,
			);
			path = ABLabel;
			sourceTree = "<group>";
		};
		D271793F16E58548009BB5D1 /* ABSelectView */ = {
			isa = PBXGroup;
			children = (
				D271794016E58548009BB5D1 /* ABSelectView.h */,
				D271794116E58548009BB5D1 /* ABSelectView.m */,
				D271794216E58548009BB5D1 /* ABSelectViewItem.h */,
				D271794316E58548009BB5D1 /* ABSelectViewItem.m */,
				D271794416E58548009BB5D1 /* ABSelectViewTheme.h */,
				D271794516E58548009BB5D1 /* ABSelectViewTheme.m */,
			);
			path = ABSelectView;
			sourceTree = "<group>";
		};
		D271794616E58548009BB5D1 /* ABStackController */ = {
			isa = PBXGroup;
			children = (
				D271794716E58548009BB5D1 /* ABStackController.h */,
				D271794816E58548009BB5D1 /* ABStackController.m */,
			);
			path = ABStackController;
			sourceTree = "<group>";
		};
		D271794916E58548009BB5D1 /* ABSwitch */ = {
			isa = PBXGroup;
			children = (
				D271794A16E58548009BB5D1 /* ABSwitch.h */,
				D271794B16E58548009BB5D1 /* ABSwitch.m */,
			);
			path = ABSwitch;
			sourceTree = "<group>";
		};
		D271794C16E58548009BB5D1 /* ABTabBarController */ = {
			isa = PBXGroup;
			children = (
				D271794D16E58548009BB5D1 /* ABTabBar.h */,
				D271794E16E58548009BB5D1 /* ABTabBar.m */,
				D271794F16E58548009BB5D1 /* ABTabBarController.h */,
				D271795016E58548009BB5D1 /* ABTabBarController.m */,
				D271795116E58548009BB5D1 /* ABTabBarItem.h */,
				D271795216E58548009BB5D1 /* ABTabBarItem.m */,
				D271795316E58548009BB5D1 /* ABTabButton.h */,
				D271795416E58548009BB5D1 /* ABTabButton.m */,
			);
			path = ABTabBarController;
			sourceTree = "<group>";
		};
		D271795516E58548009BB5D1 /* ABTextField */ = {
			isa = PBXGroup;
			children = (
				D271795616E58548009BB5D1 /* ABTextField.h */,
				D271795716E58548009BB5D1 /* ABTextField.m */,
			);
			path = ABTextField;
			sourceTree = "<group>";
		};
		D271795816E58548009BB5D1 /* Containers */ = {
			isa = PBXGroup;
			children = (
				D217B2EA1708916800CADAF4 /* ABPrimitiveArray.h */,
				D217B2EB1708916800CADAF4 /* ABPrimitiveArray.m */,
				D271795916E58548009BB5D1 /* ABPair.h */,
				D271795A16E58548009BB5D1 /* ABPair.m */,
			);
			path = Containers;
			sourceTree = "<group>";
		};
		D271795B16E58548009BB5D1 /* Model */ = {
			isa = PBXGroup;
			children = (
				D271795C16E58548009BB5D1 /* ABDateDescriptor.h */,
				D271795D16E58548009BB5D1 /* ABDateDescriptor.m */,
			);
			path = Model;
			sourceTree = "<group>";
		};
		D271795F16E58548009BB5D1 /* Sub Classes */ = {
			isa = PBXGroup;
			children = (
				D271796016E58548009BB5D1 /* ABNavigationController.h */,
				D271796116E58548009BB5D1 /* ABNavigationController.m */,
				D271796216E58548009BB5D1 /* ABView.h */,
				D271796316E58548009BB5D1 /* ABView.m */,
				D271796416E58548009BB5D1 /* ABViewController.h */,
				D271796516E58548009BB5D1 /* ABViewController.m */,
			);
			path = "Sub Classes";
			sourceTree = "<group>";
		};
		D271796616E58548009BB5D1 /* Utilities */ = {
			isa = PBXGroup;
			children = (
				D20670CB1703601F00DE9E5B /* ABMath.h */,
				D20670CC1703601F00DE9E5B /* ABMath.m */,
				D271796716E58548009BB5D1 /* ABCommon.h */,
				D271796816E58548009BB5D1 /* ABCommon.m */,
				D271796916E58548009BB5D1 /* ABFrame.h */,
				D271796A16E58548009BB5D1 /* ABFrame.m */,
				D271796B16E58548009BB5D1 /* ABMacros.h */,
				D271796C16E58548009BB5D1 /* ABReachability.h */,
				D271796D16E58548009BB5D1 /* ABReachability.m */,
				D271796E16E58548009BB5D1 /* ABTypes.h */,
				D271796F16E58548009BB5D1 /* ABUtilities.h */,
			);
			path = Utilities;
			sourceTree = "<group>";
		};
		D2821FA9171DCFE1005A19C0 /* ABActivityView */ = {
			isa = PBXGroup;
			children = (
				D2821FAA171DCFE1005A19C0 /* ABActivityView.h */,
				D2821FAB171DCFE1005A19C0 /* ABActivityView.m */,
			);
			path = ABActivityView;
			sourceTree = "<group>";
		};
		D294B0CC170E2108007C2808 /* ABNotificationHelper */ = {
			isa = PBXGroup;
			children = (
				D294B0CD170E2108007C2808 /* ABNotificationHelper.h */,
				D294B0CE170E2108007C2808 /* ABNotificationHelper.m */,
			);
			path = ABNotificationHelper;
			sourceTree = "<group>";
		};
		D2B331C616ED047D00DED125 /* ABImageView */ = {
			isa = PBXGroup;
			children = (
				D2B331C716ED047D00DED125 /* ABImageView.h */,
				D2B331C816ED047D00DED125 /* ABImageView.m */,
			);
			path = ABImageView;
			sourceTree = "<group>";
		};
		D2BB292517215A3900F6E152 /* ABGestureRecognizer */ = {
			isa = PBXGroup;
			children = (
				D2BB292617215A3900F6E152 /* ABTapGestureRecognizer.h */,
				D2BB292717215A3900F6E152 /* ABTapGestureRecognizer.m */,
				D2BB292917215A5200F6E152 /* ABSwipeGestureRecognizer.h */,
				D2BB292A17215A5200F6E152 /* ABSwipeGestureRecognizer.m */,
			);
			path = ABGestureRecognizer;
			sourceTree = "<group>";
		};
/* End PBXGroup section */

/* Begin PBXNativeTarget section */
		3CE5667B16B6966D00915391 /* ABFramework-Examples */ = {
			isa = PBXNativeTarget;
			buildConfigurationList = 3CE5669A16B6966D00915391 /* Build configuration list for PBXNativeTarget "ABFramework-Examples" */;
			buildPhases = (
				3CE5667816B6966D00915391 /* Sources */,
				3CE5667916B6966D00915391 /* Frameworks */,
				3CE5667A16B6966D00915391 /* Resources */,
			);
			buildRules = (
			);
			dependencies = (
			);
			name = "ABFramework-Examples";
			productName = "ABFramework-Examples";
			productReference = 3CE5667C16B6966D00915391 /* ABFramework-Examples.app */;
			productType = "com.apple.product-type.application";
		};
/* End PBXNativeTarget section */

/* Begin PBXProject section */
		3CE5667316B6966D00915391 /* Project object */ = {
			isa = PBXProject;
			attributes = {
				LastUpgradeCheck = 0450;
				ORGANIZATIONNAME = Ablfx;
			};
			buildConfigurationList = 3CE5667616B6966D00915391 /* Build configuration list for PBXProject "ABFramework-Examples" */;
			compatibilityVersion = "Xcode 3.2";
			developmentRegion = English;
			hasScannedForEncodings = 0;
			knownRegions = (
				en,
			);
			mainGroup = 3CE5667116B6966D00915391;
			productRefGroup = 3CE5667D16B6966D00915391 /* Products */;
			projectDirPath = "";
			projectRoot = "";
			targets = (
				3CE5667B16B6966D00915391 /* ABFramework-Examples */,
			);
		};
/* End PBXProject section */

/* Begin PBXResourcesBuildPhase section */
		3CE5667A16B6966D00915391 /* Resources */ = {
			isa = PBXResourcesBuildPhase;
			buildActionMask = 2147483647;
			files = (
				3CE5668B16B6966D00915391 /* InfoPlist.strings in Resources */,
				3CE5669316B6966D00915391 /* Default.png in Resources */,
				3CE5669516B6966D00915391 /* Default@2x.png in Resources */,
				3CE5669716B6966D00915391 /* Default-568h@2x.png in Resources */,
				3C5D961E16BAA05600B37045 /* switch1_background.png in Resources */,
				3C5D961F16BAA05600B37045 /* switch1_background@2x.png in Resources */,
				3C5D962016BAA05600B37045 /* switch1_switch.png in Resources */,
				3C5D962116BAA05600B37045 /* switch1_switch@2x.png in Resources */,
				3C5D962616BAA9EB00B37045 /* switch2_background.png in Resources */,
				3C5D962716BAA9EB00B37045 /* switch2_background@2x.png in Resources */,
				3C5D962816BAA9EB00B37045 /* switch2_switch.png in Resources */,
				3C5D962916BAA9EB00B37045 /* switch2_switch@2x.png in Resources */,
				D271798E16E58548009BB5D1 /* README.md in Resources */,
				D241362D16F345390033C56B /* ABFramework.bundle in Resources */,
			);
			runOnlyForDeploymentPostprocessing = 0;
		};
/* End PBXResourcesBuildPhase section */

/* Begin PBXSourcesBuildPhase section */
		3CE5667816B6966D00915391 /* Sources */ = {
			isa = PBXSourcesBuildPhase;
			buildActionMask = 2147483647;
			files = (
				3CE5668D16B6966D00915391 /* main.m in Sources */,
				3CE5669116B6966D00915391 /* AppDelegate.m in Sources */,
				3C5D960316BA889800B37045 /* ExampleSelectViewController.m in Sources */,
				3C5D960716BA89C500B37045 /* ABSwitchExample.m in Sources */,
				3C5D961316BA957000B37045 /* ExampleObject.m in Sources */,
				3C5D961416BA957000B37045 /* ExampleSection.m in Sources */,
				3CD78ADF16C3DD78006C4B21 /* ABSaveSystemExample.m in Sources */,
				D271797016E58548009BB5D1 /* NSData+ABFramework.m in Sources */,
				D271797116E58548009BB5D1 /* NSDate+ABFramework.m in Sources */,
				D271797216E58548009BB5D1 /* NSDateComponents+ABFramework.m in Sources */,
				D271797316E58548009BB5D1 /* NSDictionary+ABFramework.m in Sources */,
				D271797416E58548009BB5D1 /* NSMutableDictionary+ABFramework.m in Sources */,
				D271797516E58548009BB5D1 /* NSObject+ABFramework.m in Sources */,
				D271797616E58548009BB5D1 /* NSString+ABFramework.m in Sources */,
				D271797716E58548009BB5D1 /* UIColor+ABFramework.m in Sources */,
				D271797816E58548009BB5D1 /* UIImage+ABFramework.m in Sources */,
				D271797916E58548009BB5D1 /* UILabel+ABFramework.m in Sources */,
				D271797A16E58548009BB5D1 /* UIView+ABFramework.m in Sources */,
				D271797B16E58548009BB5D1 /* ABSaveSystem.m in Sources */,
				D271797C16E58548009BB5D1 /* ABStoreKitHelper.m in Sources */,
				D271797D16E58548009BB5D1 /* ABAlertView.m in Sources */,
				D271797E16E58548009BB5D1 /* ABButton.m in Sources */,
				D271797F16E58548009BB5D1 /* ABDatePickerView.m in Sources */,
				D271798016E58548009BB5D1 /* ABImagePickerViewController.m in Sources */,
				D271798116E58548009BB5D1 /* ABLabel.m in Sources */,
				D271798216E58548009BB5D1 /* ABSelectView.m in Sources */,
				D271798316E58548009BB5D1 /* ABSelectViewItem.m in Sources */,
				D271798416E58548009BB5D1 /* ABSelectViewTheme.m in Sources */,
				D271798516E58548009BB5D1 /* ABStackController.m in Sources */,
				D271798616E58548009BB5D1 /* ABSwitch.m in Sources */,
				D271798716E58548009BB5D1 /* ABTabBar.m in Sources */,
				D271798816E58548009BB5D1 /* ABTabBarController.m in Sources */,
				D271798916E58548009BB5D1 /* ABTabBarItem.m in Sources */,
				D271798A16E58548009BB5D1 /* ABTabButton.m in Sources */,
				D271798B16E58548009BB5D1 /* ABTextField.m in Sources */,
				D271798C16E58548009BB5D1 /* ABPair.m in Sources */,
				D271798D16E58548009BB5D1 /* ABDateDescriptor.m in Sources */,
				D271798F16E58548009BB5D1 /* ABNavigationController.m in Sources */,
				D271799016E58548009BB5D1 /* ABView.m in Sources */,
				D271799116E58548009BB5D1 /* ABViewController.m in Sources */,
				D271799216E58548009BB5D1 /* ABCommon.m in Sources */,
				D271799316E58548009BB5D1 /* ABFrame.m in Sources */,
				D271799416E58548009BB5D1 /* ABReachability.m in Sources */,
				D259193F16EBCF2100E63E4B /* ABFileHelper.m in Sources */,
				D2633D6616EBDDF400FCE9D0 /* ABTableStackController.m in Sources */,
				D2B331B916EC9E5A00DED125 /* ABLabelExample.m in Sources */,
				D2B331C916ED047D00DED125 /* ABImageView.m in Sources */,
				D24A0D6716EE2E660093AE2A /* ABHudExample.m in Sources */,
				D24A0D6B16EE30040093AE2A /* ABHud.m in Sources */,
				D241363116F345430033C56B /* ABFlexibleView.m in Sources */,
				D241363416F3454A0033C56B /* UIImageView+ABFramework.m in Sources */,
				D20670CA1703601800DE9E5B /* ABNewsstandHelper.m in Sources */,
				D20670CD1703601F00DE9E5B /* ABMath.m in Sources */,
				D217B2ED1708916800CADAF4 /* ABPrimitiveArray.m in Sources */,
				D217B2F41708917600CADAF4 /* ABEntypoView.m in Sources */,
				D217B2F51708917600CADAF4 /* ABSeperator.m in Sources */,
				D211D7281709A98E00326B25 /* ABNetworking.m in Sources */,
				D211D72B1709AEB500326B25 /* ABNetworkingExample.m in Sources */,
				D294B0CF170E2108007C2808 /* ABNotificationHelper.m in Sources */,
				D294B0D2170E210D007C2808 /* UIViewController+ABFramework.m in Sources */,
				D2821FAF171DCFE1005A19C0 /* ABActivityView.m in Sources */,
				D23093AF171EC69B00F2DAAB /* NSArray+ABFramework.m in Sources */,
				D2BB292817215A3900F6E152 /* ABTapGestureRecognizer.m in Sources */,
				D2BB292B17215A5200F6E152 /* ABSwipeGestureRecognizer.m in Sources */,
			);
			runOnlyForDeploymentPostprocessing = 0;
		};
/* End PBXSourcesBuildPhase section */

/* Begin PBXVariantGroup section */
		3CE5668916B6966D00915391 /* InfoPlist.strings */ = {
			isa = PBXVariantGroup;
			children = (
				3CE5668A16B6966D00915391 /* en */,
			);
			name = InfoPlist.strings;
			sourceTree = "<group>";
		};
/* End PBXVariantGroup section */

/* Begin XCBuildConfiguration section */
		3CE5669816B6966D00915391 /* Debug */ = {
			isa = XCBuildConfiguration;
			buildSettings = {
				ALWAYS_SEARCH_USER_PATHS = NO;
				CLANG_CXX_LANGUAGE_STANDARD = "gnu++0x";
				CLANG_CXX_LIBRARY = "libc++";
				CLANG_ENABLE_OBJC_ARC = YES;
				CLANG_WARN_EMPTY_BODY = YES;
				CLANG_WARN__DUPLICATE_METHOD_MATCH = YES;
				"CODE_SIGN_IDENTITY[sdk=iphoneos*]" = "iPhone Developer";
				COPY_PHASE_STRIP = NO;
				GCC_C_LANGUAGE_STANDARD = gnu99;
				GCC_DYNAMIC_NO_PIC = NO;
				GCC_OPTIMIZATION_LEVEL = 0;
				GCC_PREPROCESSOR_DEFINITIONS = (
					"DEBUG=1",
					"$(inherited)",
				);
				GCC_SYMBOLS_PRIVATE_EXTERN = NO;
				GCC_WARN_ABOUT_RETURN_TYPE = YES;
				GCC_WARN_UNINITIALIZED_AUTOS = YES;
				GCC_WARN_UNUSED_VARIABLE = YES;
				IPHONEOS_DEPLOYMENT_TARGET = 6.0;
				ONLY_ACTIVE_ARCH = YES;
				SDKROOT = iphoneos;
			};
			name = Debug;
		};
		3CE5669916B6966D00915391 /* Release */ = {
			isa = XCBuildConfiguration;
			buildSettings = {
				ALWAYS_SEARCH_USER_PATHS = NO;
				CLANG_CXX_LANGUAGE_STANDARD = "gnu++0x";
				CLANG_CXX_LIBRARY = "libc++";
				CLANG_ENABLE_OBJC_ARC = YES;
				CLANG_WARN_EMPTY_BODY = YES;
				CLANG_WARN__DUPLICATE_METHOD_MATCH = YES;
				"CODE_SIGN_IDENTITY[sdk=iphoneos*]" = "iPhone Developer";
				COPY_PHASE_STRIP = YES;
				GCC_C_LANGUAGE_STANDARD = gnu99;
				GCC_WARN_ABOUT_RETURN_TYPE = YES;
				GCC_WARN_UNINITIALIZED_AUTOS = YES;
				GCC_WARN_UNUSED_VARIABLE = YES;
				IPHONEOS_DEPLOYMENT_TARGET = 6.0;
				OTHER_CFLAGS = "-DNS_BLOCK_ASSERTIONS=1";
				SDKROOT = iphoneos;
				VALIDATE_PRODUCT = YES;
			};
			name = Release;
		};
		3CE5669B16B6966D00915391 /* Debug */ = {
			isa = XCBuildConfiguration;
			buildSettings = {
				GCC_PRECOMPILE_PREFIX_HEADER = YES;
				GCC_PREFIX_HEADER = "ABFramework-Examples/ABFramework-Examples-Prefix.pch";
				HEADER_SEARCH_PATHS = "";
				INFOPLIST_FILE = "ABFramework-Examples/ABFramework-Examples-Info.plist";
				IPHONEOS_DEPLOYMENT_TARGET = 5.1;
				LIBRARY_SEARCH_PATHS = "$(inherited)";
				PRODUCT_NAME = "$(TARGET_NAME)";
				WRAPPER_EXTENSION = app;
			};
			name = Debug;
		};
		3CE5669C16B6966D00915391 /* Release */ = {
			isa = XCBuildConfiguration;
			buildSettings = {
				GCC_PRECOMPILE_PREFIX_HEADER = YES;
				GCC_PREFIX_HEADER = "ABFramework-Examples/ABFramework-Examples-Prefix.pch";
				HEADER_SEARCH_PATHS = "";
				INFOPLIST_FILE = "ABFramework-Examples/ABFramework-Examples-Info.plist";
				IPHONEOS_DEPLOYMENT_TARGET = 5.1;
				LIBRARY_SEARCH_PATHS = "$(inherited)";
				PRODUCT_NAME = "$(TARGET_NAME)";
				WRAPPER_EXTENSION = app;
			};
			name = Release;
		};
/* End XCBuildConfiguration section */

/* Begin XCConfigurationList section */
		3CE5667616B6966D00915391 /* Build configuration list for PBXProject "ABFramework-Examples" */ = {
			isa = XCConfigurationList;
			buildConfigurations = (
				3CE5669816B6966D00915391 /* Debug */,
				3CE5669916B6966D00915391 /* Release */,
			);
			defaultConfigurationIsVisible = 0;
			defaultConfigurationName = Release;
		};
		3CE5669A16B6966D00915391 /* Build configuration list for PBXNativeTarget "ABFramework-Examples" */ = {
			isa = XCConfigurationList;
			buildConfigurations = (
				3CE5669B16B6966D00915391 /* Debug */,
				3CE5669C16B6966D00915391 /* Release */,
			);
			defaultConfigurationIsVisible = 0;
			defaultConfigurationName = Release;
		};
/* End XCConfigurationList section */
	};
	rootObject = 3CE5667316B6966D00915391 /* Project object */;
}
