// !$*UTF8*$!
{
	archiveVersion = 1;
	classes = {
	};
	objectVersion = 46;
	objects = {

/* Begin PBXBuildFile section */
		3C5D960316BA889800B37045 /* ExampleSelectViewController.m in Sources */ = {isa = PBXBuildFile; fileRef = 3C5D960216BA889800B37045 /* ExampleSelectViewController.m */; };
		3C5D960716BA89C500B37045 /* ABSwitchExample.m in Sources */ = {isa = PBXBuildFile; fileRef = 3C5D960616BA89C500B37045 /* ABSwitchExample.m */; };
		3C5D961316BA957000B37045 /* ExampleObject.m in Sources */ = {isa = PBXBuildFile; fileRef = 3C5D961016BA957000B37045 /* ExampleObject.m */; };
		3C5D961416BA957000B37045 /* ExampleSection.m in Sources */ = {isa = PBXBuildFile; fileRef = 3C5D961216BA957000B37045 /* ExampleSection.m */; };
		3C5D961E16BAA05600B37045 /* switch1_background.png in Resources */ = {isa = PBXBuildFile; fileRef = 3C5D961916BAA05600B37045 /* switch1_background.png */; };
		3C5D961F16BAA05600B37045 /* switch1_background@2x.png in Resources */ = {isa = PBXBuildFile; fileRef = 3C5D961A16BAA05600B37045 /* switch1_background@2x.png */; };
		3C5D962016BAA05600B37045 /* switch1_switch.png in Resources */ = {isa = PBXBuildFile; fileRef = 3C5D961B16BAA05600B37045 /* switch1_switch.png */; };
		3C5D962116BAA05600B37045 /* switch1_switch@2x.png in Resources */ = {isa = PBXBuildFile; fileRef = 3C5D961C16BAA05600B37045 /* switch1_switch@2x.png */; };
		3C5D962616BAA9EB00B37045 /* switch2_background.png in Resources */ = {isa = PBXBuildFile; fileRef = 3C5D962216BAA9EB00B37045 /* switch2_background.png */; };
		3C5D962716BAA9EB00B37045 /* switch2_background@2x.png in Resources */ = {isa = PBXBuildFile; fileRef = 3C5D962316BAA9EB00B37045 /* switch2_background@2x.png */; };
		3C5D962816BAA9EB00B37045 /* switch2_switch.png in Resources */ = {isa = PBXBuildFile; fileRef = 3C5D962416BAA9EB00B37045 /* switch2_switch.png */; };
		3C5D962916BAA9EB00B37045 /* switch2_switch@2x.png in Resources */ = {isa = PBXBuildFile; fileRef = 3C5D962516BAA9EB00B37045 /* switch2_switch@2x.png */; };
		3CD78ADF16C3DD78006C4B21 /* ABSaveSystemExample.m in Sources */ = {isa = PBXBuildFile; fileRef = 3CD78ADE16C3DD78006C4B21 /* ABSaveSystemExample.m */; };
		3CE5668116B6966D00915391 /* UIKit.framework in Frameworks */ = {isa = PBXBuildFile; fileRef = 3CE5668016B6966D00915391 /* UIKit.framework */; };
		3CE5668316B6966D00915391 /* Foundation.framework in Frameworks */ = {isa = PBXBuildFile; fileRef = 3CE5668216B6966D00915391 /* Foundation.framework */; };
		3CE5668516B6966D00915391 /* CoreGraphics.framework in Frameworks */ = {isa = PBXBuildFile; fileRef = 3CE5668416B6966D00915391 /* CoreGraphics.framework */; };
		3CE5668B16B6966D00915391 /* InfoPlist.strings in Resources */ = {isa = PBXBuildFile; fileRef = 3CE5668916B6966D00915391 /* InfoPlist.strings */; };
		3CE5668D16B6966D00915391 /* main.m in Sources */ = {isa = PBXBuildFile; fileRef = 3CE5668C16B6966D00915391 /* main.m */; };
		3CE5669116B6966D00915391 /* AppDelegate.m in Sources */ = {isa = PBXBuildFile; fileRef = 3CE5669016B6966D00915391 /* AppDelegate.m */; };
		3CE5669316B6966D00915391 /* Default.png in Resources */ = {isa = PBXBuildFile; fileRef = 3CE5669216B6966D00915391 /* Default.png */; };
		3CE5669516B6966D00915391 /* Default@2x.png in Resources */ = {isa = PBXBuildFile; fileRef = 3CE5669416B6966D00915391 /* Default@2x.png */; };
		3CE5669716B6966D00915391 /* Default-568h@2x.png in Resources */ = {isa = PBXBuildFile; fileRef = 3CE5669616B6966D00915391 /* Default-568h@2x.png */; };
		3CE568D616B69FEE00915391 /* SystemConfiguration.framework in Frameworks */ = {isa = PBXBuildFile; fileRef = 3CE568D516B69FEE00915391 /* SystemConfiguration.framework */; };
		D211D72B1709AEB500326B25 /* ABNetworkingExample.m in Sources */ = {isa = PBXBuildFile; fileRef = D211D72A1709AEB500326B25 /* ABNetworkingExample.m */; };
		D21694FF1704FA73009000FC /* StoreKit.framework in Frameworks */ = {isa = PBXBuildFile; fileRef = D21694FE1704FA73009000FC /* StoreKit.framework */; };
		D21695011704FBD7009000FC /* NewsstandKit.framework in Frameworks */ = {isa = PBXBuildFile; fileRef = D21695001704FBD7009000FC /* NewsstandKit.framework */; };
		D22499F717A598F20097328A /* NSString+ABFrameworkIOS.m in Sources */ = {isa = PBXBuildFile; fileRef = D22499F617A598F20097328A /* NSString+ABFrameworkIOS.m */; };
		D22F88EA17A159590072CF72 /* ABSection.m in Sources */ = {isa = PBXBuildFile; fileRef = D22F88E917A159590072CF72 /* ABSection.m */; };
		D233D723177A53C200CE4E0E /* UINavigationController+ComingUp.m in Sources */ = {isa = PBXBuildFile; fileRef = D233D722177A53C200CE4E0E /* UINavigationController+ComingUp.m */; };
		D233D727177A56E500CE4E0E /* ABView.m in Sources */ = {isa = PBXBuildFile; fileRef = D233D726177A56E500CE4E0E /* ABView.m */; };
		D23F75A1177C718400365A24 /* UISearchBar+ABFramework.m in Sources */ = {isa = PBXBuildFile; fileRef = D23F75A0177C718400365A24 /* UISearchBar+ABFramework.m */; };
		D24A0D6716EE2E660093AE2A /* ABHudExample.m in Sources */ = {isa = PBXBuildFile; fileRef = D24A0D6616EE2E660093AE2A /* ABHudExample.m */; };
		D24A32621742593D00EFFF53 /* ABQuadMenu.m in Sources */ = {isa = PBXBuildFile; fileRef = D24A32611742593D00EFFF53 /* ABQuadMenu.m */; };
		D24A32651742597C00EFFF53 /* ABQuadMenuExample.m in Sources */ = {isa = PBXBuildFile; fileRef = D24A32641742597C00EFFF53 /* ABQuadMenuExample.m */; };
		D255AD9E1723D61B00E71590 /* ABViewExample.m in Sources */ = {isa = PBXBuildFile; fileRef = D255AD9D1723D61B00E71590 /* ABViewExample.m */; };
		D255ADA7172430A000E71590 /* ABInfiniteViewExample.m in Sources */ = {isa = PBXBuildFile; fileRef = D255ADA6172430A000E71590 /* ABInfiniteViewExample.m */; };
		D259C2EF176FA9F0009315E6 /* Accelerate.framework in Frameworks */ = {isa = PBXBuildFile; fileRef = D259C2EE176FA9F0009315E6 /* Accelerate.framework */; };
		D25BA74617B6853500384BC8 /* ABEntypoButton.m in Sources */ = {isa = PBXBuildFile; fileRef = D25BA74317B6853500384BC8 /* ABEntypoButton.m */; };
		D25BA74717B6853500384BC8 /* ABEntypoView.m in Sources */ = {isa = PBXBuildFile; fileRef = D25BA74517B6853500384BC8 /* ABEntypoView.m */; };
		D25BA74A17B6860E00384BC8 /* ABEntypoExample.m in Sources */ = {isa = PBXBuildFile; fileRef = D25BA74917B6860E00384BC8 /* ABEntypoExample.m */; };
		D25BA75017B68DCC00384BC8 /* UIButton+ABFramework.m in Sources */ = {isa = PBXBuildFile; fileRef = D25BA74F17B68DCC00384BC8 /* UIButton+ABFramework.m */; };
		D25BA75317B68F2000384BC8 /* ABWebControllerExample.m in Sources */ = {isa = PBXBuildFile; fileRef = D25BA75217B68F2000384BC8 /* ABWebControllerExample.m */; };
		D25BA75717B68FE800384BC8 /* ABExampleViewController.m in Sources */ = {isa = PBXBuildFile; fileRef = D25BA75617B68FE800384BC8 /* ABExampleViewController.m */; };
		D2762B3F17439650002444EA /* ABCommon.m in Sources */ = {isa = PBXBuildFile; fileRef = D2762B3A17439650002444EA /* ABCommon.m */; };
		D2762B4017439650002444EA /* ABMath.m in Sources */ = {isa = PBXBuildFile; fileRef = D2762B3D17439650002444EA /* ABMath.m */; };
		D29B385C174CC54000ABE69A /* UIFont+ABFramework.m in Sources */ = {isa = PBXBuildFile; fileRef = D29B385B174CC54000ABE69A /* UIFont+ABFramework.m */; };
		D29B385E174CC7A600ABE69A /* CoreText.framework in Frameworks */ = {isa = PBXBuildFile; fileRef = D29B385D174CC7A600ABE69A /* CoreText.framework */; };
		D2A102CC173E4B2F00E95692 /* NSDate+ABFramework.m in Sources */ = {isa = PBXBuildFile; fileRef = D2A102C1173E4B2F00E95692 /* NSDate+ABFramework.m */; };
		D2A102CD173E4B2F00E95692 /* NSDateComponents+ABFramework.m in Sources */ = {isa = PBXBuildFile; fileRef = D2A102C3173E4B2F00E95692 /* NSDateComponents+ABFramework.m */; };
		D2A102CE173E4B2F00E95692 /* NSDictionary+ABFramework.m in Sources */ = {isa = PBXBuildFile; fileRef = D2A102C5173E4B2F00E95692 /* NSDictionary+ABFramework.m */; };
		D2A102CF173E4B2F00E95692 /* NSMutableDictionary+ABFramework.m in Sources */ = {isa = PBXBuildFile; fileRef = D2A102C7173E4B2F00E95692 /* NSMutableDictionary+ABFramework.m */; };
		D2A102D0173E4B2F00E95692 /* NSObject+ABFramework.m in Sources */ = {isa = PBXBuildFile; fileRef = D2A102C9173E4B2F00E95692 /* NSObject+ABFramework.m */; };
		D2A102D1173E4B2F00E95692 /* NSString+ABFramework.m in Sources */ = {isa = PBXBuildFile; fileRef = D2A102CB173E4B2F00E95692 /* NSString+ABFramework.m */; };
		D2ADFF15171ED856002D723B /* Social.framework in Frameworks */ = {isa = PBXBuildFile; fileRef = D2ADFF14171ED856002D723B /* Social.framework */; };
		D2ADFF17171ED85A002D723B /* Twitter.framework in Frameworks */ = {isa = PBXBuildFile; fileRef = D2ADFF16171ED85A002D723B /* Twitter.framework */; };
		D2B27E00177D8BDA007485A4 /* UIBarButtonItem+ABFramework.m in Sources */ = {isa = PBXBuildFile; fileRef = D2B27DFF177D8BDA007485A4 /* UIBarButtonItem+ABFramework.m */; };
		D2B31B6B179EF32600896762 /* ABWebController.m in Sources */ = {isa = PBXBuildFile; fileRef = D2B31B6A179EF32600896762 /* ABWebController.m */; };
		D2B31B6E179EF35600896762 /* ABWebViewController.m in Sources */ = {isa = PBXBuildFile; fileRef = D2B31B6D179EF35600896762 /* ABWebViewController.m */; };
		D2B331B916EC9E5A00DED125 /* ABLabelExample.m in Sources */ = {isa = PBXBuildFile; fileRef = D2B331B816EC9E5A00DED125 /* ABLabelExample.m */; };
		D2C2901D179E9F6E009EF2E2 /* UIScreen+ABFramework.m in Sources */ = {isa = PBXBuildFile; fileRef = D2C2901C179E9F6E009EF2E2 /* UIScreen+ABFramework.m */; };
		D2C6DE6D173D739800C157E3 /* ABFramework.bundle in Resources */ = {isa = PBXBuildFile; fileRef = D2C6DDBC173D739800C157E3 /* ABFramework.bundle */; };
		D2C6DE74173D739800C157E3 /* UIColor+ABFramework.m in Sources */ = {isa = PBXBuildFile; fileRef = D2C6DDCE173D739800C157E3 /* UIColor+ABFramework.m */; };
		D2C6DE75173D739800C157E3 /* UIImage+ABFramework.m in Sources */ = {isa = PBXBuildFile; fileRef = D2C6DDD0173D739800C157E3 /* UIImage+ABFramework.m */; };
		D2C6DE76173D739800C157E3 /* UIImageView+ABFramework.m in Sources */ = {isa = PBXBuildFile; fileRef = D2C6DDD2173D739800C157E3 /* UIImageView+ABFramework.m */; };
		D2C6DE77173D739800C157E3 /* UILabel+ABFramework.m in Sources */ = {isa = PBXBuildFile; fileRef = D2C6DDD4173D739800C157E3 /* UILabel+ABFramework.m */; };
		D2C6DE78173D739800C157E3 /* UITableView+ABFramework.m in Sources */ = {isa = PBXBuildFile; fileRef = D2C6DDD6173D739800C157E3 /* UITableView+ABFramework.m */; };
		D2C6DE79173D739800C157E3 /* UIView+ABFramework.m in Sources */ = {isa = PBXBuildFile; fileRef = D2C6DDD8173D739800C157E3 /* UIView+ABFramework.m */; };
		D2C6DE7A173D739800C157E3 /* UIViewController+ABFramework.m in Sources */ = {isa = PBXBuildFile; fileRef = D2C6DDDA173D739800C157E3 /* UIViewController+ABFramework.m */; };
		D2C6DE7B173D739800C157E3 /* ABFileHelper.m in Sources */ = {isa = PBXBuildFile; fileRef = D2C6DDDE173D739800C157E3 /* ABFileHelper.m */; };
		D2C6DE7C173D739800C157E3 /* ABNetworking.m in Sources */ = {isa = PBXBuildFile; fileRef = D2C6DDE1173D739800C157E3 /* ABNetworking.m */; };
		D2C6DE7D173D739800C157E3 /* ABNewsstandHelper.m in Sources */ = {isa = PBXBuildFile; fileRef = D2C6DDE4173D739800C157E3 /* ABNewsstandHelper.m */; };
		D2C6DE7E173D739800C157E3 /* ABNotificationHelper.m in Sources */ = {isa = PBXBuildFile; fileRef = D2C6DDE7173D739800C157E3 /* ABNotificationHelper.m */; };
		D2C6DE7F173D739800C157E3 /* ABStoreKitHelper.m in Sources */ = {isa = PBXBuildFile; fileRef = D2C6DDEA173D739800C157E3 /* ABStoreKitHelper.m */; };
		D2C6DE80173D739800C157E3 /* ABActivityView.m in Sources */ = {isa = PBXBuildFile; fileRef = D2C6DDEE173D739800C157E3 /* ABActivityView.m */; };
		D2C6DE81173D739800C157E3 /* ABAlertView.m in Sources */ = {isa = PBXBuildFile; fileRef = D2C6DDF1173D739800C157E3 /* ABAlertView.m */; };
		D2C6DE82173D739800C157E3 /* ABButton.m in Sources */ = {isa = PBXBuildFile; fileRef = D2C6DDF4173D739800C157E3 /* ABButton.m */; };
		D2C6DE83173D739800C157E3 /* ABDatePickerView.m in Sources */ = {isa = PBXBuildFile; fileRef = D2C6DDF7173D739800C157E3 /* ABDatePickerView.m */; };
		D2C6DE85173D739800C157E3 /* ABFlexibleView.m in Sources */ = {isa = PBXBuildFile; fileRef = D2C6DDFD173D739800C157E3 /* ABFlexibleView.m */; };
		D2C6DE86173D739800C157E3 /* ABSwipeGestureRecognizer.m in Sources */ = {isa = PBXBuildFile; fileRef = D2C6DE00173D739800C157E3 /* ABSwipeGestureRecognizer.m */; };
		D2C6DE87173D739800C157E3 /* ABTapGestureRecognizer.m in Sources */ = {isa = PBXBuildFile; fileRef = D2C6DE02173D739800C157E3 /* ABTapGestureRecognizer.m */; };
		D2C6DE88173D739800C157E3 /* ABHud.m in Sources */ = {isa = PBXBuildFile; fileRef = D2C6DE05173D739800C157E3 /* ABHud.m */; };
		D2C6DE89173D739800C157E3 /* ABImagePickerViewController.m in Sources */ = {isa = PBXBuildFile; fileRef = D2C6DE08173D739800C157E3 /* ABImagePickerViewController.m */; };
		D2C6DE8A173D739800C157E3 /* ABImageView.m in Sources */ = {isa = PBXBuildFile; fileRef = D2C6DE0B173D739800C157E3 /* ABImageView.m */; };
		D2C6DE8B173D739800C157E3 /* ABInfiniteView.m in Sources */ = {isa = PBXBuildFile; fileRef = D2C6DE0E173D739800C157E3 /* ABInfiniteView.m */; };
		D2C6DE8C173D739800C157E3 /* ABLabel.m in Sources */ = {isa = PBXBuildFile; fileRef = D2C6DE11173D739800C157E3 /* ABLabel.m */; };
		D2C6DE8D173D739800C157E3 /* ABSelectView.m in Sources */ = {isa = PBXBuildFile; fileRef = D2C6DE14173D739800C157E3 /* ABSelectView.m */; };
		D2C6DE90173D739800C157E3 /* ABSeperator.m in Sources */ = {isa = PBXBuildFile; fileRef = D2C6DE1B173D739800C157E3 /* ABSeperator.m */; };
		D2C6DE91173D739800C157E3 /* ABStackController.m in Sources */ = {isa = PBXBuildFile; fileRef = D2C6DE1E173D739800C157E3 /* ABStackController.m */; };
		D2C6DE92173D739800C157E3 /* ABSwitch.m in Sources */ = {isa = PBXBuildFile; fileRef = D2C6DE21173D739800C157E3 /* ABSwitch.m */; };
		D2C6DE93173D739800C157E3 /* ABTabBar.m in Sources */ = {isa = PBXBuildFile; fileRef = D2C6DE24173D739800C157E3 /* ABTabBar.m */; };
		D2C6DE94173D739800C157E3 /* ABTabBarController.m in Sources */ = {isa = PBXBuildFile; fileRef = D2C6DE26173D739800C157E3 /* ABTabBarController.m */; };
		D2C6DE95173D739800C157E3 /* ABTabBarItem.m in Sources */ = {isa = PBXBuildFile; fileRef = D2C6DE28173D739800C157E3 /* ABTabBarItem.m */; };
		D2C6DE97173D739800C157E3 /* ABTableStackController.m in Sources */ = {isa = PBXBuildFile; fileRef = D2C6DE2D173D739800C157E3 /* ABTableStackController.m */; };
		D2C6DE98173D739800C157E3 /* ABTextField.m in Sources */ = {isa = PBXBuildFile; fileRef = D2C6DE30173D739800C157E3 /* ABTextField.m */; };
		D2C6DE99173D739800C157E3 /* ABPair.m in Sources */ = {isa = PBXBuildFile; fileRef = D2C6DE33173D739800C157E3 /* ABPair.m */; };
		D2C6DE9A173D739800C157E3 /* ABPrimitiveArray.m in Sources */ = {isa = PBXBuildFile; fileRef = D2C6DE35173D739800C157E3 /* ABPrimitiveArray.m */; };
		D2C6DEA2173D739800C157E3 /* ABReachability.m in Sources */ = {isa = PBXBuildFile; fileRef = D2C6DE4B173D739800C157E3 /* ABReachability.m */; };
		D2C6DEA3173D739800C157E3 /* NSArray+ABFramework.m in Sources */ = {isa = PBXBuildFile; fileRef = D2C6DE52173D739800C157E3 /* NSArray+ABFramework.m */; };
		D2C6DEA4173D739800C157E3 /* NSData+ABFramework.m in Sources */ = {isa = PBXBuildFile; fileRef = D2C6DE54173D739800C157E3 /* NSData+ABFramework.m */; };
		D2C6DEA5173D739800C157E3 /* ABBonjourServer.m in Sources */ = {isa = PBXBuildFile; fileRef = D2C6DE58173D739800C157E3 /* ABBonjourServer.m */; };
		D2C6DEA6173D739800C157E3 /* ABSaveSystem.m in Sources */ = {isa = PBXBuildFile; fileRef = D2C6DE5B173D739800C157E3 /* ABSaveSystem.m */; };
		D2C6DEA7173D739800C157E3 /* README.md in Resources */ = {isa = PBXBuildFile; fileRef = D2C6DE6C173D739800C157E3 /* README.md */; };
		D2E4E36E1768B8C9007C1F47 /* ABRevealController.m in Sources */ = {isa = PBXBuildFile; fileRef = D2E4E36D1768B8C9007C1F47 /* ABRevealController.m */; };
		D2ED7476176F18F3008C3BD9 /* NSMutableArray+ABFramework.m in Sources */ = {isa = PBXBuildFile; fileRef = D2ED7475176F18F3008C3BD9 /* NSMutableArray+ABFramework.m */; };
		D2ED747C176F37E4008C3BD9 /* ABRevealControllerExample.m in Sources */ = {isa = PBXBuildFile; fileRef = D2ED747B176F37E4008C3BD9 /* ABRevealControllerExample.m */; };
		D2F18493179409B400808750 /* ABTableViewCell.m in Sources */ = {isa = PBXBuildFile; fileRef = D2F18492179409B400808750 /* ABTableViewCell.m */; };
		D2F5C0C1174B8717002D4D0F /* ABFrame.m in Sources */ = {isa = PBXBuildFile; fileRef = D2F5C0C0174B8717002D4D0F /* ABFrame.m */; };
/* End PBXBuildFile section */

/* Begin PBXFileReference section */
		3C5D960116BA889800B37045 /* ExampleSelectViewController.h */ = {isa = PBXFileReference; fileEncoding = 4; lastKnownFileType = sourcecode.c.h; path = ExampleSelectViewController.h; sourceTree = "<group>"; };
		3C5D960216BA889800B37045 /* ExampleSelectViewController.m */ = {isa = PBXFileReference; fileEncoding = 4; lastKnownFileType = sourcecode.c.objc; path = ExampleSelectViewController.m; sourceTree = "<group>"; };
		3C5D960516BA89C500B37045 /* ABSwitchExample.h */ = {isa = PBXFileReference; fileEncoding = 4; lastKnownFileType = sourcecode.c.h; path = ABSwitchExample.h; sourceTree = "<group>"; };
		3C5D960616BA89C500B37045 /* ABSwitchExample.m */ = {isa = PBXFileReference; fileEncoding = 4; lastKnownFileType = sourcecode.c.objc; path = ABSwitchExample.m; sourceTree = "<group>"; };
		3C5D960F16BA957000B37045 /* ExampleObject.h */ = {isa = PBXFileReference; fileEncoding = 4; lastKnownFileType = sourcecode.c.h; path = ExampleObject.h; sourceTree = "<group>"; };
		3C5D961016BA957000B37045 /* ExampleObject.m */ = {isa = PBXFileReference; fileEncoding = 4; lastKnownFileType = sourcecode.c.objc; path = ExampleObject.m; sourceTree = "<group>"; };
		3C5D961116BA957000B37045 /* ExampleSection.h */ = {isa = PBXFileReference; fileEncoding = 4; lastKnownFileType = sourcecode.c.h; path = ExampleSection.h; sourceTree = "<group>"; };
		3C5D961216BA957000B37045 /* ExampleSection.m */ = {isa = PBXFileReference; fileEncoding = 4; lastKnownFileType = sourcecode.c.objc; path = ExampleSection.m; sourceTree = "<group>"; };
		3C5D961916BAA05600B37045 /* switch1_background.png */ = {isa = PBXFileReference; lastKnownFileType = image.png; path = switch1_background.png; sourceTree = "<group>"; };
		3C5D961A16BAA05600B37045 /* switch1_background@2x.png */ = {isa = PBXFileReference; lastKnownFileType = image.png; path = "switch1_background@2x.png"; sourceTree = "<group>"; };
		3C5D961B16BAA05600B37045 /* switch1_switch.png */ = {isa = PBXFileReference; lastKnownFileType = image.png; path = switch1_switch.png; sourceTree = "<group>"; };
		3C5D961C16BAA05600B37045 /* switch1_switch@2x.png */ = {isa = PBXFileReference; lastKnownFileType = image.png; path = "switch1_switch@2x.png"; sourceTree = "<group>"; };
		3C5D962216BAA9EB00B37045 /* switch2_background.png */ = {isa = PBXFileReference; lastKnownFileType = image.png; path = switch2_background.png; sourceTree = "<group>"; };
		3C5D962316BAA9EB00B37045 /* switch2_background@2x.png */ = {isa = PBXFileReference; lastKnownFileType = image.png; path = "switch2_background@2x.png"; sourceTree = "<group>"; };
		3C5D962416BAA9EB00B37045 /* switch2_switch.png */ = {isa = PBXFileReference; lastKnownFileType = image.png; path = switch2_switch.png; sourceTree = "<group>"; };
		3C5D962516BAA9EB00B37045 /* switch2_switch@2x.png */ = {isa = PBXFileReference; lastKnownFileType = image.png; path = "switch2_switch@2x.png"; sourceTree = "<group>"; };
		3CD78ADD16C3DD78006C4B21 /* ABSaveSystemExample.h */ = {isa = PBXFileReference; fileEncoding = 4; lastKnownFileType = sourcecode.c.h; path = ABSaveSystemExample.h; sourceTree = "<group>"; };
		3CD78ADE16C3DD78006C4B21 /* ABSaveSystemExample.m */ = {isa = PBXFileReference; fileEncoding = 4; lastKnownFileType = sourcecode.c.objc; path = ABSaveSystemExample.m; sourceTree = "<group>"; };
		3CE5667C16B6966D00915391 /* ABFramework-Examples.app */ = {isa = PBXFileReference; explicitFileType = wrapper.application; includeInIndex = 0; path = "ABFramework-Examples.app"; sourceTree = BUILT_PRODUCTS_DIR; };
		3CE5668016B6966D00915391 /* UIKit.framework */ = {isa = PBXFileReference; lastKnownFileType = wrapper.framework; name = UIKit.framework; path = System/Library/Frameworks/UIKit.framework; sourceTree = SDKROOT; };
		3CE5668216B6966D00915391 /* Foundation.framework */ = {isa = PBXFileReference; lastKnownFileType = wrapper.framework; name = Foundation.framework; path = System/Library/Frameworks/Foundation.framework; sourceTree = SDKROOT; };
		3CE5668416B6966D00915391 /* CoreGraphics.framework */ = {isa = PBXFileReference; lastKnownFileType = wrapper.framework; name = CoreGraphics.framework; path = System/Library/Frameworks/CoreGraphics.framework; sourceTree = SDKROOT; };
		3CE5668816B6966D00915391 /* ABFramework-Examples-Info.plist */ = {isa = PBXFileReference; lastKnownFileType = text.plist.xml; path = "ABFramework-Examples-Info.plist"; sourceTree = "<group>"; };
		3CE5668A16B6966D00915391 /* en */ = {isa = PBXFileReference; lastKnownFileType = text.plist.strings; name = en; path = en.lproj/InfoPlist.strings; sourceTree = "<group>"; };
		3CE5668C16B6966D00915391 /* main.m */ = {isa = PBXFileReference; lastKnownFileType = sourcecode.c.objc; path = main.m; sourceTree = "<group>"; };
		3CE5668E16B6966D00915391 /* ABFramework-Examples-Prefix.pch */ = {isa = PBXFileReference; lastKnownFileType = sourcecode.c.h; path = "ABFramework-Examples-Prefix.pch"; sourceTree = "<group>"; };
		3CE5668F16B6966D00915391 /* AppDelegate.h */ = {isa = PBXFileReference; lastKnownFileType = sourcecode.c.h; path = AppDelegate.h; sourceTree = "<group>"; };
		3CE5669016B6966D00915391 /* AppDelegate.m */ = {isa = PBXFileReference; lastKnownFileType = sourcecode.c.objc; path = AppDelegate.m; sourceTree = "<group>"; };
		3CE5669216B6966D00915391 /* Default.png */ = {isa = PBXFileReference; lastKnownFileType = image.png; path = Default.png; sourceTree = "<group>"; };
		3CE5669416B6966D00915391 /* Default@2x.png */ = {isa = PBXFileReference; lastKnownFileType = image.png; path = "Default@2x.png"; sourceTree = "<group>"; };
		3CE5669616B6966D00915391 /* Default-568h@2x.png */ = {isa = PBXFileReference; lastKnownFileType = image.png; path = "Default-568h@2x.png"; sourceTree = "<group>"; };
		3CE568D516B69FEE00915391 /* SystemConfiguration.framework */ = {isa = PBXFileReference; lastKnownFileType = wrapper.framework; name = SystemConfiguration.framework; path = System/Library/Frameworks/SystemConfiguration.framework; sourceTree = SDKROOT; };
		D211D7291709AEB500326B25 /* ABNetworkingExample.h */ = {isa = PBXFileReference; fileEncoding = 4; lastKnownFileType = sourcecode.c.h; path = ABNetworkingExample.h; sourceTree = "<group>"; };
		D211D72A1709AEB500326B25 /* ABNetworkingExample.m */ = {isa = PBXFileReference; fileEncoding = 4; lastKnownFileType = sourcecode.c.objc; path = ABNetworkingExample.m; sourceTree = "<group>"; };
		D21694FE1704FA73009000FC /* StoreKit.framework */ = {isa = PBXFileReference; lastKnownFileType = wrapper.framework; name = StoreKit.framework; path = System/Library/Frameworks/StoreKit.framework; sourceTree = SDKROOT; };
		D21695001704FBD7009000FC /* NewsstandKit.framework */ = {isa = PBXFileReference; lastKnownFileType = wrapper.framework; name = NewsstandKit.framework; path = System/Library/Frameworks/NewsstandKit.framework; sourceTree = SDKROOT; };
		D22499F517A598F20097328A /* NSString+ABFrameworkIOS.h */ = {isa = PBXFileReference; fileEncoding = 4; lastKnownFileType = sourcecode.c.h; path = "NSString+ABFrameworkIOS.h"; sourceTree = "<group>"; };
		D22499F617A598F20097328A /* NSString+ABFrameworkIOS.m */ = {isa = PBXFileReference; fileEncoding = 4; lastKnownFileType = sourcecode.c.objc; path = "NSString+ABFrameworkIOS.m"; sourceTree = "<group>"; };
		D22F88E817A159590072CF72 /* ABSection.h */ = {isa = PBXFileReference; fileEncoding = 4; lastKnownFileType = sourcecode.c.h; path = ABSection.h; sourceTree = "<group>"; };
		D22F88E917A159590072CF72 /* ABSection.m */ = {isa = PBXFileReference; fileEncoding = 4; lastKnownFileType = sourcecode.c.objc; path = ABSection.m; sourceTree = "<group>"; };
		D233D721177A53C200CE4E0E /* UINavigationController+ComingUp.h */ = {isa = PBXFileReference; fileEncoding = 4; lastKnownFileType = sourcecode.c.h; path = "UINavigationController+ComingUp.h"; sourceTree = "<group>"; };
		D233D722177A53C200CE4E0E /* UINavigationController+ComingUp.m */ = {isa = PBXFileReference; fileEncoding = 4; lastKnownFileType = sourcecode.c.objc; path = "UINavigationController+ComingUp.m"; sourceTree = "<group>"; };
		D233D725177A56E500CE4E0E /* ABView.h */ = {isa = PBXFileReference; fileEncoding = 4; lastKnownFileType = sourcecode.c.h; path = ABView.h; sourceTree = "<group>"; };
		D233D726177A56E500CE4E0E /* ABView.m */ = {isa = PBXFileReference; fileEncoding = 4; lastKnownFileType = sourcecode.c.objc; path = ABView.m; sourceTree = "<group>"; };
		D23F759F177C718400365A24 /* UISearchBar+ABFramework.h */ = {isa = PBXFileReference; fileEncoding = 4; lastKnownFileType = sourcecode.c.h; path = "UISearchBar+ABFramework.h"; sourceTree = "<group>"; };
		D23F75A0177C718400365A24 /* UISearchBar+ABFramework.m */ = {isa = PBXFileReference; fileEncoding = 4; lastKnownFileType = sourcecode.c.objc; path = "UISearchBar+ABFramework.m"; sourceTree = "<group>"; };
		D24A0D6516EE2E660093AE2A /* ABHudExample.h */ = {isa = PBXFileReference; fileEncoding = 4; lastKnownFileType = sourcecode.c.h; path = ABHudExample.h; sourceTree = "<group>"; };
		D24A0D6616EE2E660093AE2A /* ABHudExample.m */ = {isa = PBXFileReference; fileEncoding = 4; lastKnownFileType = sourcecode.c.objc; path = ABHudExample.m; sourceTree = "<group>"; };
		D24A32601742593D00EFFF53 /* ABQuadMenu.h */ = {isa = PBXFileReference; fileEncoding = 4; lastKnownFileType = sourcecode.c.h; path = ABQuadMenu.h; sourceTree = "<group>"; };
		D24A32611742593D00EFFF53 /* ABQuadMenu.m */ = {isa = PBXFileReference; fileEncoding = 4; lastKnownFileType = sourcecode.c.objc; path = ABQuadMenu.m; sourceTree = "<group>"; };
		D24A32631742597C00EFFF53 /* ABQuadMenuExample.h */ = {isa = PBXFileReference; fileEncoding = 4; lastKnownFileType = sourcecode.c.h; path = ABQuadMenuExample.h; sourceTree = "<group>"; };
		D24A32641742597C00EFFF53 /* ABQuadMenuExample.m */ = {isa = PBXFileReference; fileEncoding = 4; lastKnownFileType = sourcecode.c.objc; path = ABQuadMenuExample.m; sourceTree = "<group>"; };
		D255AD9C1723D61B00E71590 /* ABViewExample.h */ = {isa = PBXFileReference; fileEncoding = 4; lastKnownFileType = sourcecode.c.h; path = ABViewExample.h; sourceTree = "<group>"; };
		D255AD9D1723D61B00E71590 /* ABViewExample.m */ = {isa = PBXFileReference; fileEncoding = 4; lastKnownFileType = sourcecode.c.objc; path = ABViewExample.m; sourceTree = "<group>"; };
		D255ADA5172430A000E71590 /* ABInfiniteViewExample.h */ = {isa = PBXFileReference; fileEncoding = 4; lastKnownFileType = sourcecode.c.h; path = ABInfiniteViewExample.h; sourceTree = "<group>"; };
		D255ADA6172430A000E71590 /* ABInfiniteViewExample.m */ = {isa = PBXFileReference; fileEncoding = 4; lastKnownFileType = sourcecode.c.objc; path = ABInfiniteViewExample.m; sourceTree = "<group>"; };
		D259C2EE176FA9F0009315E6 /* Accelerate.framework */ = {isa = PBXFileReference; lastKnownFileType = wrapper.framework; name = Accelerate.framework; path = System/Library/Frameworks/Accelerate.framework; sourceTree = SDKROOT; };
		D25BA74217B6853500384BC8 /* ABEntypoButton.h */ = {isa = PBXFileReference; fileEncoding = 4; lastKnownFileType = sourcecode.c.h; path = ABEntypoButton.h; sourceTree = "<group>"; };
		D25BA74317B6853500384BC8 /* ABEntypoButton.m */ = {isa = PBXFileReference; fileEncoding = 4; lastKnownFileType = sourcecode.c.objc; path = ABEntypoButton.m; sourceTree = "<group>"; };
		D25BA74417B6853500384BC8 /* ABEntypoView.h */ = {isa = PBXFileReference; fileEncoding = 4; lastKnownFileType = sourcecode.c.h; path = ABEntypoView.h; sourceTree = "<group>"; };
		D25BA74517B6853500384BC8 /* ABEntypoView.m */ = {isa = PBXFileReference; fileEncoding = 4; lastKnownFileType = sourcecode.c.objc; path = ABEntypoView.m; sourceTree = "<group>"; };
		D25BA74817B6860E00384BC8 /* ABEntypoExample.h */ = {isa = PBXFileReference; fileEncoding = 4; lastKnownFileType = sourcecode.c.h; path = ABEntypoExample.h; sourceTree = "<group>"; };
		D25BA74917B6860E00384BC8 /* ABEntypoExample.m */ = {isa = PBXFileReference; fileEncoding = 4; lastKnownFileType = sourcecode.c.objc; path = ABEntypoExample.m; sourceTree = "<group>"; };
		D25BA74E17B68DCC00384BC8 /* UIButton+ABFramework.h */ = {isa = PBXFileReference; fileEncoding = 4; lastKnownFileType = sourcecode.c.h; path = "UIButton+ABFramework.h"; sourceTree = "<group>"; };
		D25BA74F17B68DCC00384BC8 /* UIButton+ABFramework.m */ = {isa = PBXFileReference; fileEncoding = 4; lastKnownFileType = sourcecode.c.objc; path = "UIButton+ABFramework.m"; sourceTree = "<group>"; };
		D25BA75117B68F2000384BC8 /* ABWebControllerExample.h */ = {isa = PBXFileReference; fileEncoding = 4; lastKnownFileType = sourcecode.c.h; path = ABWebControllerExample.h; sourceTree = "<group>"; };
		D25BA75217B68F2000384BC8 /* ABWebControllerExample.m */ = {isa = PBXFileReference; fileEncoding = 4; lastKnownFileType = sourcecode.c.objc; path = ABWebControllerExample.m; sourceTree = "<group>"; };
		D25BA75517B68FE800384BC8 /* ABExampleViewController.h */ = {isa = PBXFileReference; fileEncoding = 4; lastKnownFileType = sourcecode.c.h; path = ABExampleViewController.h; sourceTree = "<group>"; };
		D25BA75617B68FE800384BC8 /* ABExampleViewController.m */ = {isa = PBXFileReference; fileEncoding = 4; lastKnownFileType = sourcecode.c.objc; path = ABExampleViewController.m; sourceTree = "<group>"; };
		D2762B3917439650002444EA /* ABCommon.h */ = {isa = PBXFileReference; fileEncoding = 4; lastKnownFileType = sourcecode.c.h; path = ABCommon.h; sourceTree = "<group>"; };
		D2762B3A17439650002444EA /* ABCommon.m */ = {isa = PBXFileReference; fileEncoding = 4; lastKnownFileType = sourcecode.c.objc; path = ABCommon.m; sourceTree = "<group>"; };
		D2762B3B17439650002444EA /* ABMacros.h */ = {isa = PBXFileReference; fileEncoding = 4; lastKnownFileType = sourcecode.c.h; path = ABMacros.h; sourceTree = "<group>"; };
		D2762B3C17439650002444EA /* ABMath.h */ = {isa = PBXFileReference; fileEncoding = 4; lastKnownFileType = sourcecode.c.h; path = ABMath.h; sourceTree = "<group>"; };
		D2762B3D17439650002444EA /* ABMath.m */ = {isa = PBXFileReference; fileEncoding = 4; lastKnownFileType = sourcecode.c.objc; path = ABMath.m; sourceTree = "<group>"; };
		D2762B3E17439650002444EA /* ABTypes.h */ = {isa = PBXFileReference; fileEncoding = 4; lastKnownFileType = sourcecode.c.h; path = ABTypes.h; sourceTree = "<group>"; };
		D29B385A174CC54000ABE69A /* UIFont+ABFramework.h */ = {isa = PBXFileReference; fileEncoding = 4; lastKnownFileType = sourcecode.c.h; path = "UIFont+ABFramework.h"; sourceTree = "<group>"; };
		D29B385B174CC54000ABE69A /* UIFont+ABFramework.m */ = {isa = PBXFileReference; fileEncoding = 4; lastKnownFileType = sourcecode.c.objc; path = "UIFont+ABFramework.m"; sourceTree = "<group>"; };
		D29B385D174CC7A600ABE69A /* CoreText.framework */ = {isa = PBXFileReference; lastKnownFileType = wrapper.framework; name = CoreText.framework; path = System/Library/Frameworks/CoreText.framework; sourceTree = SDKROOT; };
		D2A102C0173E4B2F00E95692 /* NSDate+ABFramework.h */ = {isa = PBXFileReference; fileEncoding = 4; lastKnownFileType = sourcecode.c.h; path = "NSDate+ABFramework.h"; sourceTree = "<group>"; };
		D2A102C1173E4B2F00E95692 /* NSDate+ABFramework.m */ = {isa = PBXFileReference; fileEncoding = 4; lastKnownFileType = sourcecode.c.objc; path = "NSDate+ABFramework.m"; sourceTree = "<group>"; };
		D2A102C2173E4B2F00E95692 /* NSDateComponents+ABFramework.h */ = {isa = PBXFileReference; fileEncoding = 4; lastKnownFileType = sourcecode.c.h; path = "NSDateComponents+ABFramework.h"; sourceTree = "<group>"; };
		D2A102C3173E4B2F00E95692 /* NSDateComponents+ABFramework.m */ = {isa = PBXFileReference; fileEncoding = 4; lastKnownFileType = sourcecode.c.objc; path = "NSDateComponents+ABFramework.m"; sourceTree = "<group>"; };
		D2A102C4173E4B2F00E95692 /* NSDictionary+ABFramework.h */ = {isa = PBXFileReference; fileEncoding = 4; lastKnownFileType = sourcecode.c.h; path = "NSDictionary+ABFramework.h"; sourceTree = "<group>"; };
		D2A102C5173E4B2F00E95692 /* NSDictionary+ABFramework.m */ = {isa = PBXFileReference; fileEncoding = 4; lastKnownFileType = sourcecode.c.objc; path = "NSDictionary+ABFramework.m"; sourceTree = "<group>"; };
		D2A102C6173E4B2F00E95692 /* NSMutableDictionary+ABFramework.h */ = {isa = PBXFileReference; fileEncoding = 4; lastKnownFileType = sourcecode.c.h; path = "NSMutableDictionary+ABFramework.h"; sourceTree = "<group>"; };
		D2A102C7173E4B2F00E95692 /* NSMutableDictionary+ABFramework.m */ = {isa = PBXFileReference; fileEncoding = 4; lastKnownFileType = sourcecode.c.objc; path = "NSMutableDictionary+ABFramework.m"; sourceTree = "<group>"; };
		D2A102C8173E4B2F00E95692 /* NSObject+ABFramework.h */ = {isa = PBXFileReference; fileEncoding = 4; lastKnownFileType = sourcecode.c.h; path = "NSObject+ABFramework.h"; sourceTree = "<group>"; };
		D2A102C9173E4B2F00E95692 /* NSObject+ABFramework.m */ = {isa = PBXFileReference; fileEncoding = 4; lastKnownFileType = sourcecode.c.objc; path = "NSObject+ABFramework.m"; sourceTree = "<group>"; };
		D2A102CA173E4B2F00E95692 /* NSString+ABFramework.h */ = {isa = PBXFileReference; fileEncoding = 4; lastKnownFileType = sourcecode.c.h; path = "NSString+ABFramework.h"; sourceTree = "<group>"; };
		D2A102CB173E4B2F00E95692 /* NSString+ABFramework.m */ = {isa = PBXFileReference; fileEncoding = 4; lastKnownFileType = sourcecode.c.objc; path = "NSString+ABFramework.m"; sourceTree = "<group>"; };
		D2ADFF14171ED856002D723B /* Social.framework */ = {isa = PBXFileReference; lastKnownFileType = wrapper.framework; name = Social.framework; path = System/Library/Frameworks/Social.framework; sourceTree = SDKROOT; };
		D2ADFF16171ED85A002D723B /* Twitter.framework */ = {isa = PBXFileReference; lastKnownFileType = wrapper.framework; name = Twitter.framework; path = System/Library/Frameworks/Twitter.framework; sourceTree = SDKROOT; };
		D2B27DFE177D8BDA007485A4 /* UIBarButtonItem+ABFramework.h */ = {isa = PBXFileReference; fileEncoding = 4; lastKnownFileType = sourcecode.c.h; path = "UIBarButtonItem+ABFramework.h"; sourceTree = "<group>"; };
		D2B27DFF177D8BDA007485A4 /* UIBarButtonItem+ABFramework.m */ = {isa = PBXFileReference; fileEncoding = 4; lastKnownFileType = sourcecode.c.objc; path = "UIBarButtonItem+ABFramework.m"; sourceTree = "<group>"; };
		D2B31B69179EF32600896762 /* ABWebController.h */ = {isa = PBXFileReference; fileEncoding = 4; lastKnownFileType = sourcecode.c.h; path = ABWebController.h; sourceTree = "<group>"; };
		D2B31B6A179EF32600896762 /* ABWebController.m */ = {isa = PBXFileReference; fileEncoding = 4; lastKnownFileType = sourcecode.c.objc; path = ABWebController.m; sourceTree = "<group>"; };
		D2B31B6C179EF35600896762 /* ABWebViewController.h */ = {isa = PBXFileReference; fileEncoding = 4; lastKnownFileType = sourcecode.c.h; path = ABWebViewController.h; sourceTree = "<group>"; };
		D2B31B6D179EF35600896762 /* ABWebViewController.m */ = {isa = PBXFileReference; fileEncoding = 4; lastKnownFileType = sourcecode.c.objc; path = ABWebViewController.m; sourceTree = "<group>"; };
		D2B331B716EC9E5A00DED125 /* ABLabelExample.h */ = {isa = PBXFileReference; fileEncoding = 4; lastKnownFileType = sourcecode.c.h; path = ABLabelExample.h; sourceTree = "<group>"; };
		D2B331B816EC9E5A00DED125 /* ABLabelExample.m */ = {isa = PBXFileReference; fileEncoding = 4; lastKnownFileType = sourcecode.c.objc; path = ABLabelExample.m; sourceTree = "<group>"; };
		D2B6CD2C1743971B00CAB44A /* ABUtilities.h */ = {isa = PBXFileReference; fileEncoding = 4; lastKnownFileType = sourcecode.c.h; path = ABUtilities.h; sourceTree = "<group>"; };
		D2C2901B179E9F6E009EF2E2 /* UIScreen+ABFramework.h */ = {isa = PBXFileReference; fileEncoding = 4; lastKnownFileType = sourcecode.c.h; path = "UIScreen+ABFramework.h"; sourceTree = "<group>"; };
		D2C2901C179E9F6E009EF2E2 /* UIScreen+ABFramework.m */ = {isa = PBXFileReference; fileEncoding = 4; lastKnownFileType = sourcecode.c.objc; path = "UIScreen+ABFramework.m"; sourceTree = "<group>"; };
		D2C6DDBC173D739800C157E3 /* ABFramework.bundle */ = {isa = PBXFileReference; lastKnownFileType = "wrapper.plug-in"; path = ABFramework.bundle; sourceTree = "<group>"; };
		D2C6DDBD173D739800C157E3 /* ABFramework.h */ = {isa = PBXFileReference; fileEncoding = 4; lastKnownFileType = sourcecode.c.h; path = ABFramework.h; sourceTree = "<group>"; };
		D2C6DDBF173D739800C157E3 /* ABFrameworkIOS.h */ = {isa = PBXFileReference; fileEncoding = 4; lastKnownFileType = sourcecode.c.h; path = ABFrameworkIOS.h; sourceTree = "<group>"; };
		D2C6DDCD173D739800C157E3 /* UIColor+ABFramework.h */ = {isa = PBXFileReference; fileEncoding = 4; lastKnownFileType = sourcecode.c.h; path = "UIColor+ABFramework.h"; sourceTree = "<group>"; };
		D2C6DDCE173D739800C157E3 /* UIColor+ABFramework.m */ = {isa = PBXFileReference; fileEncoding = 4; lastKnownFileType = sourcecode.c.objc; path = "UIColor+ABFramework.m"; sourceTree = "<group>"; };
		D2C6DDCF173D739800C157E3 /* UIImage+ABFramework.h */ = {isa = PBXFileReference; fileEncoding = 4; lastKnownFileType = sourcecode.c.h; path = "UIImage+ABFramework.h"; sourceTree = "<group>"; };
		D2C6DDD0173D739800C157E3 /* UIImage+ABFramework.m */ = {isa = PBXFileReference; fileEncoding = 4; lastKnownFileType = sourcecode.c.objc; path = "UIImage+ABFramework.m"; sourceTree = "<group>"; };
		D2C6DDD1173D739800C157E3 /* UIImageView+ABFramework.h */ = {isa = PBXFileReference; fileEncoding = 4; lastKnownFileType = sourcecode.c.h; path = "UIImageView+ABFramework.h"; sourceTree = "<group>"; };
		D2C6DDD2173D739800C157E3 /* UIImageView+ABFramework.m */ = {isa = PBXFileReference; fileEncoding = 4; lastKnownFileType = sourcecode.c.objc; path = "UIImageView+ABFramework.m"; sourceTree = "<group>"; };
		D2C6DDD3173D739800C157E3 /* UILabel+ABFramework.h */ = {isa = PBXFileReference; fileEncoding = 4; lastKnownFileType = sourcecode.c.h; path = "UILabel+ABFramework.h"; sourceTree = "<group>"; };
		D2C6DDD4173D739800C157E3 /* UILabel+ABFramework.m */ = {isa = PBXFileReference; fileEncoding = 4; lastKnownFileType = sourcecode.c.objc; path = "UILabel+ABFramework.m"; sourceTree = "<group>"; };
		D2C6DDD5173D739800C157E3 /* UITableView+ABFramework.h */ = {isa = PBXFileReference; fileEncoding = 4; lastKnownFileType = sourcecode.c.h; path = "UITableView+ABFramework.h"; sourceTree = "<group>"; };
		D2C6DDD6173D739800C157E3 /* UITableView+ABFramework.m */ = {isa = PBXFileReference; fileEncoding = 4; lastKnownFileType = sourcecode.c.objc; path = "UITableView+ABFramework.m"; sourceTree = "<group>"; };
		D2C6DDD7173D739800C157E3 /* UIView+ABFramework.h */ = {isa = PBXFileReference; fileEncoding = 4; lastKnownFileType = sourcecode.c.h; path = "UIView+ABFramework.h"; sourceTree = "<group>"; };
		D2C6DDD8173D739800C157E3 /* UIView+ABFramework.m */ = {isa = PBXFileReference; fileEncoding = 4; lastKnownFileType = sourcecode.c.objc; path = "UIView+ABFramework.m"; sourceTree = "<group>"; };
		D2C6DDD9173D739800C157E3 /* UIViewController+ABFramework.h */ = {isa = PBXFileReference; fileEncoding = 4; lastKnownFileType = sourcecode.c.h; path = "UIViewController+ABFramework.h"; sourceTree = "<group>"; };
		D2C6DDDA173D739800C157E3 /* UIViewController+ABFramework.m */ = {isa = PBXFileReference; fileEncoding = 4; lastKnownFileType = sourcecode.c.objc; path = "UIViewController+ABFramework.m"; sourceTree = "<group>"; };
		D2C6DDDD173D739800C157E3 /* ABFileHelper.h */ = {isa = PBXFileReference; fileEncoding = 4; lastKnownFileType = sourcecode.c.h; path = ABFileHelper.h; sourceTree = "<group>"; };
		D2C6DDDE173D739800C157E3 /* ABFileHelper.m */ = {isa = PBXFileReference; fileEncoding = 4; lastKnownFileType = sourcecode.c.objc; path = ABFileHelper.m; sourceTree = "<group>"; };
		D2C6DDE0173D739800C157E3 /* ABNetworking.h */ = {isa = PBXFileReference; fileEncoding = 4; lastKnownFileType = sourcecode.c.h; path = ABNetworking.h; sourceTree = "<group>"; };
		D2C6DDE1173D739800C157E3 /* ABNetworking.m */ = {isa = PBXFileReference; fileEncoding = 4; lastKnownFileType = sourcecode.c.objc; path = ABNetworking.m; sourceTree = "<group>"; };
		D2C6DDE3173D739800C157E3 /* ABNewsstandHelper.h */ = {isa = PBXFileReference; fileEncoding = 4; lastKnownFileType = sourcecode.c.h; path = ABNewsstandHelper.h; sourceTree = "<group>"; };
		D2C6DDE4173D739800C157E3 /* ABNewsstandHelper.m */ = {isa = PBXFileReference; fileEncoding = 4; lastKnownFileType = sourcecode.c.objc; path = ABNewsstandHelper.m; sourceTree = "<group>"; };
		D2C6DDE6173D739800C157E3 /* ABNotificationHelper.h */ = {isa = PBXFileReference; fileEncoding = 4; lastKnownFileType = sourcecode.c.h; path = ABNotificationHelper.h; sourceTree = "<group>"; };
		D2C6DDE7173D739800C157E3 /* ABNotificationHelper.m */ = {isa = PBXFileReference; fileEncoding = 4; lastKnownFileType = sourcecode.c.objc; path = ABNotificationHelper.m; sourceTree = "<group>"; };
		D2C6DDE9173D739800C157E3 /* ABStoreKitHelper.h */ = {isa = PBXFileReference; fileEncoding = 4; lastKnownFileType = sourcecode.c.h; path = ABStoreKitHelper.h; sourceTree = "<group>"; };
		D2C6DDEA173D739800C157E3 /* ABStoreKitHelper.m */ = {isa = PBXFileReference; fileEncoding = 4; lastKnownFileType = sourcecode.c.objc; path = ABStoreKitHelper.m; sourceTree = "<group>"; };
		D2C6DDED173D739800C157E3 /* ABActivityView.h */ = {isa = PBXFileReference; fileEncoding = 4; lastKnownFileType = sourcecode.c.h; path = ABActivityView.h; sourceTree = "<group>"; };
		D2C6DDEE173D739800C157E3 /* ABActivityView.m */ = {isa = PBXFileReference; fileEncoding = 4; lastKnownFileType = sourcecode.c.objc; path = ABActivityView.m; sourceTree = "<group>"; };
		D2C6DDF0173D739800C157E3 /* ABAlertView.h */ = {isa = PBXFileReference; fileEncoding = 4; lastKnownFileType = sourcecode.c.h; path = ABAlertView.h; sourceTree = "<group>"; };
		D2C6DDF1173D739800C157E3 /* ABAlertView.m */ = {isa = PBXFileReference; fileEncoding = 4; lastKnownFileType = sourcecode.c.objc; path = ABAlertView.m; sourceTree = "<group>"; };
		D2C6DDF3173D739800C157E3 /* ABButton.h */ = {isa = PBXFileReference; fileEncoding = 4; lastKnownFileType = sourcecode.c.h; path = ABButton.h; sourceTree = "<group>"; };
		D2C6DDF4173D739800C157E3 /* ABButton.m */ = {isa = PBXFileReference; fileEncoding = 4; lastKnownFileType = sourcecode.c.objc; path = ABButton.m; sourceTree = "<group>"; };
		D2C6DDF6173D739800C157E3 /* ABDatePickerView.h */ = {isa = PBXFileReference; fileEncoding = 4; lastKnownFileType = sourcecode.c.h; path = ABDatePickerView.h; sourceTree = "<group>"; };
		D2C6DDF7173D739800C157E3 /* ABDatePickerView.m */ = {isa = PBXFileReference; fileEncoding = 4; lastKnownFileType = sourcecode.c.objc; path = ABDatePickerView.m; sourceTree = "<group>"; };
		D2C6DDFC173D739800C157E3 /* ABFlexibleView.h */ = {isa = PBXFileReference; fileEncoding = 4; lastKnownFileType = sourcecode.c.h; path = ABFlexibleView.h; sourceTree = "<group>"; };
		D2C6DDFD173D739800C157E3 /* ABFlexibleView.m */ = {isa = PBXFileReference; fileEncoding = 4; lastKnownFileType = sourcecode.c.objc; path = ABFlexibleView.m; sourceTree = "<group>"; };
		D2C6DDFF173D739800C157E3 /* ABSwipeGestureRecognizer.h */ = {isa = PBXFileReference; fileEncoding = 4; lastKnownFileType = sourcecode.c.h; path = ABSwipeGestureRecognizer.h; sourceTree = "<group>"; };
		D2C6DE00173D739800C157E3 /* ABSwipeGestureRecognizer.m */ = {isa = PBXFileReference; fileEncoding = 4; lastKnownFileType = sourcecode.c.objc; path = ABSwipeGestureRecognizer.m; sourceTree = "<group>"; };
		D2C6DE01173D739800C157E3 /* ABTapGestureRecognizer.h */ = {isa = PBXFileReference; fileEncoding = 4; lastKnownFileType = sourcecode.c.h; path = ABTapGestureRecognizer.h; sourceTree = "<group>"; };
		D2C6DE02173D739800C157E3 /* ABTapGestureRecognizer.m */ = {isa = PBXFileReference; fileEncoding = 4; lastKnownFileType = sourcecode.c.objc; path = ABTapGestureRecognizer.m; sourceTree = "<group>"; };
		D2C6DE04173D739800C157E3 /* ABHud.h */ = {isa = PBXFileReference; fileEncoding = 4; lastKnownFileType = sourcecode.c.h; path = ABHud.h; sourceTree = "<group>"; };
		D2C6DE05173D739800C157E3 /* ABHud.m */ = {isa = PBXFileReference; fileEncoding = 4; lastKnownFileType = sourcecode.c.objc; path = ABHud.m; sourceTree = "<group>"; };
		D2C6DE07173D739800C157E3 /* ABImagePickerViewController.h */ = {isa = PBXFileReference; fileEncoding = 4; lastKnownFileType = sourcecode.c.h; path = ABImagePickerViewController.h; sourceTree = "<group>"; };
		D2C6DE08173D739800C157E3 /* ABImagePickerViewController.m */ = {isa = PBXFileReference; fileEncoding = 4; lastKnownFileType = sourcecode.c.objc; path = ABImagePickerViewController.m; sourceTree = "<group>"; };
		D2C6DE0A173D739800C157E3 /* ABImageView.h */ = {isa = PBXFileReference; fileEncoding = 4; lastKnownFileType = sourcecode.c.h; path = ABImageView.h; sourceTree = "<group>"; };
		D2C6DE0B173D739800C157E3 /* ABImageView.m */ = {isa = PBXFileReference; fileEncoding = 4; lastKnownFileType = sourcecode.c.objc; path = ABImageView.m; sourceTree = "<group>"; };
		D2C6DE0D173D739800C157E3 /* ABInfiniteView.h */ = {isa = PBXFileReference; fileEncoding = 4; lastKnownFileType = sourcecode.c.h; path = ABInfiniteView.h; sourceTree = "<group>"; };
		D2C6DE0E173D739800C157E3 /* ABInfiniteView.m */ = {isa = PBXFileReference; fileEncoding = 4; lastKnownFileType = sourcecode.c.objc; path = ABInfiniteView.m; sourceTree = "<group>"; };
		D2C6DE10173D739800C157E3 /* ABLabel.h */ = {isa = PBXFileReference; fileEncoding = 4; lastKnownFileType = sourcecode.c.h; path = ABLabel.h; sourceTree = "<group>"; };
		D2C6DE11173D739800C157E3 /* ABLabel.m */ = {isa = PBXFileReference; fileEncoding = 4; lastKnownFileType = sourcecode.c.objc; path = ABLabel.m; sourceTree = "<group>"; };
		D2C6DE13173D739800C157E3 /* ABSelectView.h */ = {isa = PBXFileReference; fileEncoding = 4; lastKnownFileType = sourcecode.c.h; path = ABSelectView.h; sourceTree = "<group>"; };
		D2C6DE14173D739800C157E3 /* ABSelectView.m */ = {isa = PBXFileReference; fileEncoding = 4; lastKnownFileType = sourcecode.c.objc; path = ABSelectView.m; sourceTree = "<group>"; };
		D2C6DE1A173D739800C157E3 /* ABSeperator.h */ = {isa = PBXFileReference; fileEncoding = 4; lastKnownFileType = sourcecode.c.h; path = ABSeperator.h; sourceTree = "<group>"; };
		D2C6DE1B173D739800C157E3 /* ABSeperator.m */ = {isa = PBXFileReference; fileEncoding = 4; lastKnownFileType = sourcecode.c.objc; path = ABSeperator.m; sourceTree = "<group>"; };
		D2C6DE1D173D739800C157E3 /* ABStackController.h */ = {isa = PBXFileReference; fileEncoding = 4; lastKnownFileType = sourcecode.c.h; path = ABStackController.h; sourceTree = "<group>"; };
		D2C6DE1E173D739800C157E3 /* ABStackController.m */ = {isa = PBXFileReference; fileEncoding = 4; lastKnownFileType = sourcecode.c.objc; path = ABStackController.m; sourceTree = "<group>"; };
		D2C6DE20173D739800C157E3 /* ABSwitch.h */ = {isa = PBXFileReference; fileEncoding = 4; lastKnownFileType = sourcecode.c.h; path = ABSwitch.h; sourceTree = "<group>"; };
		D2C6DE21173D739800C157E3 /* ABSwitch.m */ = {isa = PBXFileReference; fileEncoding = 4; lastKnownFileType = sourcecode.c.objc; path = ABSwitch.m; sourceTree = "<group>"; };
		D2C6DE23173D739800C157E3 /* ABTabBar.h */ = {isa = PBXFileReference; fileEncoding = 4; lastKnownFileType = sourcecode.c.h; path = ABTabBar.h; sourceTree = "<group>"; };
		D2C6DE24173D739800C157E3 /* ABTabBar.m */ = {isa = PBXFileReference; fileEncoding = 4; lastKnownFileType = sourcecode.c.objc; path = ABTabBar.m; sourceTree = "<group>"; };
		D2C6DE25173D739800C157E3 /* ABTabBarController.h */ = {isa = PBXFileReference; fileEncoding = 4; lastKnownFileType = sourcecode.c.h; path = ABTabBarController.h; sourceTree = "<group>"; };
		D2C6DE26173D739800C157E3 /* ABTabBarController.m */ = {isa = PBXFileReference; fileEncoding = 4; lastKnownFileType = sourcecode.c.objc; path = ABTabBarController.m; sourceTree = "<group>"; };
		D2C6DE27173D739800C157E3 /* ABTabBarItem.h */ = {isa = PBXFileReference; fileEncoding = 4; lastKnownFileType = sourcecode.c.h; path = ABTabBarItem.h; sourceTree = "<group>"; };
		D2C6DE28173D739800C157E3 /* ABTabBarItem.m */ = {isa = PBXFileReference; fileEncoding = 4; lastKnownFileType = sourcecode.c.objc; path = ABTabBarItem.m; sourceTree = "<group>"; };
		D2C6DE2C173D739800C157E3 /* ABTableStackController.h */ = {isa = PBXFileReference; fileEncoding = 4; lastKnownFileType = sourcecode.c.h; path = ABTableStackController.h; sourceTree = "<group>"; };
		D2C6DE2D173D739800C157E3 /* ABTableStackController.m */ = {isa = PBXFileReference; fileEncoding = 4; lastKnownFileType = sourcecode.c.objc; path = ABTableStackController.m; sourceTree = "<group>"; };
		D2C6DE2F173D739800C157E3 /* ABTextField.h */ = {isa = PBXFileReference; fileEncoding = 4; lastKnownFileType = sourcecode.c.h; path = ABTextField.h; sourceTree = "<group>"; };
		D2C6DE30173D739800C157E3 /* ABTextField.m */ = {isa = PBXFileReference; fileEncoding = 4; lastKnownFileType = sourcecode.c.objc; path = ABTextField.m; sourceTree = "<group>"; };
		D2C6DE32173D739800C157E3 /* ABPair.h */ = {isa = PBXFileReference; fileEncoding = 4; lastKnownFileType = sourcecode.c.h; path = ABPair.h; sourceTree = "<group>"; };
		D2C6DE33173D739800C157E3 /* ABPair.m */ = {isa = PBXFileReference; fileEncoding = 4; lastKnownFileType = sourcecode.c.objc; path = ABPair.m; sourceTree = "<group>"; };
		D2C6DE34173D739800C157E3 /* ABPrimitiveArray.h */ = {isa = PBXFileReference; fileEncoding = 4; lastKnownFileType = sourcecode.c.h; path = ABPrimitiveArray.h; sourceTree = "<group>"; };
		D2C6DE35173D739800C157E3 /* ABPrimitiveArray.m */ = {isa = PBXFileReference; fileEncoding = 4; lastKnownFileType = sourcecode.c.objc; path = ABPrimitiveArray.m; sourceTree = "<group>"; };
		D2C6DE3A173D739800C157E3 /* ABViewSelectionProtocol.h */ = {isa = PBXFileReference; fileEncoding = 4; lastKnownFileType = sourcecode.c.h; path = ABViewSelectionProtocol.h; sourceTree = "<group>"; };
		D2C6DE4A173D739800C157E3 /* ABReachability.h */ = {isa = PBXFileReference; fileEncoding = 4; lastKnownFileType = sourcecode.c.h; path = ABReachability.h; sourceTree = "<group>"; };
		D2C6DE4B173D739800C157E3 /* ABReachability.m */ = {isa = PBXFileReference; fileEncoding = 4; lastKnownFileType = sourcecode.c.objc; path = ABReachability.m; sourceTree = "<group>"; };
		D2C6DE4F173D739800C157E3 /* ABFrameworkMulti.h */ = {isa = PBXFileReference; fileEncoding = 4; lastKnownFileType = sourcecode.c.h; path = ABFrameworkMulti.h; sourceTree = "<group>"; };
		D2C6DE51173D739800C157E3 /* NSArray+ABFramework.h */ = {isa = PBXFileReference; fileEncoding = 4; lastKnownFileType = sourcecode.c.h; path = "NSArray+ABFramework.h"; sourceTree = "<group>"; };
		D2C6DE52173D739800C157E3 /* NSArray+ABFramework.m */ = {isa = PBXFileReference; fileEncoding = 4; lastKnownFileType = sourcecode.c.objc; path = "NSArray+ABFramework.m"; sourceTree = "<group>"; };
		D2C6DE53173D739800C157E3 /* NSData+ABFramework.h */ = {isa = PBXFileReference; fileEncoding = 4; lastKnownFileType = sourcecode.c.h; path = "NSData+ABFramework.h"; sourceTree = "<group>"; };
		D2C6DE54173D739800C157E3 /* NSData+ABFramework.m */ = {isa = PBXFileReference; fileEncoding = 4; lastKnownFileType = sourcecode.c.objc; path = "NSData+ABFramework.m"; sourceTree = "<group>"; };
		D2C6DE57173D739800C157E3 /* ABBonjourServer.h */ = {isa = PBXFileReference; fileEncoding = 4; lastKnownFileType = sourcecode.c.h; path = ABBonjourServer.h; sourceTree = "<group>"; };
		D2C6DE58173D739800C157E3 /* ABBonjourServer.m */ = {isa = PBXFileReference; fileEncoding = 4; lastKnownFileType = sourcecode.c.objc; path = ABBonjourServer.m; sourceTree = "<group>"; };
		D2C6DE5A173D739800C157E3 /* ABSaveSystem.h */ = {isa = PBXFileReference; fileEncoding = 4; lastKnownFileType = sourcecode.c.h; path = ABSaveSystem.h; sourceTree = "<group>"; };
		D2C6DE5B173D739800C157E3 /* ABSaveSystem.m */ = {isa = PBXFileReference; fileEncoding = 4; lastKnownFileType = sourcecode.c.objc; path = ABSaveSystem.m; sourceTree = "<group>"; };
		D2C6DE6C173D739800C157E3 /* README.md */ = {isa = PBXFileReference; fileEncoding = 4; lastKnownFileType = text; path = README.md; sourceTree = "<group>"; };
		D2E4E36C1768B8C9007C1F47 /* ABRevealController.h */ = {isa = PBXFileReference; fileEncoding = 4; lastKnownFileType = sourcecode.c.h; path = ABRevealController.h; sourceTree = "<group>"; };
		D2E4E36D1768B8C9007C1F47 /* ABRevealController.m */ = {isa = PBXFileReference; fileEncoding = 4; lastKnownFileType = sourcecode.c.objc; path = ABRevealController.m; sourceTree = "<group>"; };
		D2ED7474176F18F3008C3BD9 /* NSMutableArray+ABFramework.h */ = {isa = PBXFileReference; fileEncoding = 4; lastKnownFileType = sourcecode.c.h; path = "NSMutableArray+ABFramework.h"; sourceTree = "<group>"; };
		D2ED7475176F18F3008C3BD9 /* NSMutableArray+ABFramework.m */ = {isa = PBXFileReference; fileEncoding = 4; lastKnownFileType = sourcecode.c.objc; path = "NSMutableArray+ABFramework.m"; sourceTree = "<group>"; };
		D2ED747A176F37E4008C3BD9 /* ABRevealControllerExample.h */ = {isa = PBXFileReference; fileEncoding = 4; lastKnownFileType = sourcecode.c.h; path = ABRevealControllerExample.h; sourceTree = "<group>"; };
		D2ED747B176F37E4008C3BD9 /* ABRevealControllerExample.m */ = {isa = PBXFileReference; fileEncoding = 4; lastKnownFileType = sourcecode.c.objc; path = ABRevealControllerExample.m; sourceTree = "<group>"; };
		D2F18491179409B400808750 /* ABTableViewCell.h */ = {isa = PBXFileReference; fileEncoding = 4; lastKnownFileType = sourcecode.c.h; path = ABTableViewCell.h; sourceTree = "<group>"; };
		D2F18492179409B400808750 /* ABTableViewCell.m */ = {isa = PBXFileReference; fileEncoding = 4; lastKnownFileType = sourcecode.c.objc; path = ABTableViewCell.m; sourceTree = "<group>"; };
		D2F5C0BF174B8717002D4D0F /* ABFrame.h */ = {isa = PBXFileReference; fileEncoding = 4; lastKnownFileType = sourcecode.c.h; path = ABFrame.h; sourceTree = "<group>"; };
		D2F5C0C0174B8717002D4D0F /* ABFrame.m */ = {isa = PBXFileReference; fileEncoding = 4; lastKnownFileType = sourcecode.c.objc; path = ABFrame.m; sourceTree = "<group>"; };
/* End PBXFileReference section */

/* Begin PBXFrameworksBuildPhase section */
		3CE5667916B6966D00915391 /* Frameworks */ = {
			isa = PBXFrameworksBuildPhase;
			buildActionMask = 2147483647;
			files = (
				D259C2EF176FA9F0009315E6 /* Accelerate.framework in Frameworks */,
				D29B385E174CC7A600ABE69A /* CoreText.framework in Frameworks */,
				D2ADFF17171ED85A002D723B /* Twitter.framework in Frameworks */,
				D2ADFF15171ED856002D723B /* Social.framework in Frameworks */,
				D21695011704FBD7009000FC /* NewsstandKit.framework in Frameworks */,
				D21694FF1704FA73009000FC /* StoreKit.framework in Frameworks */,
				3CE568D616B69FEE00915391 /* SystemConfiguration.framework in Frameworks */,
				3CE5668116B6966D00915391 /* UIKit.framework in Frameworks */,
				3CE5668316B6966D00915391 /* Foundation.framework in Frameworks */,
				3CE5668516B6966D00915391 /* CoreGraphics.framework in Frameworks */,
			);
			runOnlyForDeploymentPostprocessing = 0;
		};
/* End PBXFrameworksBuildPhase section */

/* Begin PBXGroup section */
		3C5D960016BA887900B37045 /* Classes */ = {
			isa = PBXGroup;
			children = (
				3C5D960116BA889800B37045 /* ExampleSelectViewController.h */,
				3C5D960216BA889800B37045 /* ExampleSelectViewController.m */,
				3C5D960E16BA957000B37045 /* Data Model */,
				D25BA75417B68FD600384BC8 /* Base */,
				3C5D960416BA88A700B37045 /* Examples */,
			);
			path = Classes;
			sourceTree = "<group>";
		};
		3C5D960416BA88A700B37045 /* Examples */ = {
			isa = PBXGroup;
			children = (
				3C5D960516BA89C500B37045 /* ABSwitchExample.h */,
				3C5D960616BA89C500B37045 /* ABSwitchExample.m */,
				D2B331B716EC9E5A00DED125 /* ABLabelExample.h */,
				D2B331B816EC9E5A00DED125 /* ABLabelExample.m */,
				3CD78ADD16C3DD78006C4B21 /* ABSaveSystemExample.h */,
				3CD78ADE16C3DD78006C4B21 /* ABSaveSystemExample.m */,
				D24A0D6516EE2E660093AE2A /* ABHudExample.h */,
				D24A0D6616EE2E660093AE2A /* ABHudExample.m */,
				D211D7291709AEB500326B25 /* ABNetworkingExample.h */,
				D211D72A1709AEB500326B25 /* ABNetworkingExample.m */,
				D255AD9C1723D61B00E71590 /* ABViewExample.h */,
				D255AD9D1723D61B00E71590 /* ABViewExample.m */,
				D255ADA5172430A000E71590 /* ABInfiniteViewExample.h */,
				D255ADA6172430A000E71590 /* ABInfiniteViewExample.m */,
				D24A32631742597C00EFFF53 /* ABQuadMenuExample.h */,
				D24A32641742597C00EFFF53 /* ABQuadMenuExample.m */,
				D2ED747A176F37E4008C3BD9 /* ABRevealControllerExample.h */,
				D2ED747B176F37E4008C3BD9 /* ABRevealControllerExample.m */,
				D25BA74817B6860E00384BC8 /* ABEntypoExample.h */,
				D25BA74917B6860E00384BC8 /* ABEntypoExample.m */,
				D25BA75117B68F2000384BC8 /* ABWebControllerExample.h */,
				D25BA75217B68F2000384BC8 /* ABWebControllerExample.m */,
			);
			path = Examples;
			sourceTree = "<group>";
		};
		3C5D960E16BA957000B37045 /* Data Model */ = {
			isa = PBXGroup;
			children = (
				3C5D960F16BA957000B37045 /* ExampleObject.h */,
				3C5D961016BA957000B37045 /* ExampleObject.m */,
				3C5D961116BA957000B37045 /* ExampleSection.h */,
				3C5D961216BA957000B37045 /* ExampleSection.m */,
			);
			path = "Data Model";
			sourceTree = "<group>";
		};
		3C5D961516BAA05600B37045 /* Resources */ = {
			isa = PBXGroup;
			children = (
				3C5D961616BAA05600B37045 /* src */,
			);
			path = Resources;
			sourceTree = "<group>";
		};
		3C5D961616BAA05600B37045 /* src */ = {
			isa = PBXGroup;
			children = (
				3C5D961716BAA05600B37045 /* ABSwitch */,
			);
			path = src;
			sourceTree = "<group>";
		};
		3C5D961716BAA05600B37045 /* ABSwitch */ = {
			isa = PBXGroup;
			children = (
				3C5D962216BAA9EB00B37045 /* switch2_background.png */,
				3C5D962316BAA9EB00B37045 /* switch2_background@2x.png */,
				3C5D962416BAA9EB00B37045 /* switch2_switch.png */,
				3C5D962516BAA9EB00B37045 /* switch2_switch@2x.png */,
				3C5D961916BAA05600B37045 /* switch1_background.png */,
				3C5D961A16BAA05600B37045 /* switch1_background@2x.png */,
				3C5D961B16BAA05600B37045 /* switch1_switch.png */,
				3C5D961C16BAA05600B37045 /* switch1_switch@2x.png */,
			);
			path = ABSwitch;
			sourceTree = "<group>";
		};
		3CE5667116B6966D00915391 = {
			isa = PBXGroup;
			children = (
				3CE5668616B6966D00915391 /* ABFramework-Examples */,
				3C5D960016BA887900B37045 /* Classes */,
				3CE5667F16B6966D00915391 /* Frameworks */,
				3CE5667D16B6966D00915391 /* Products */,
				3CE5687316B69F3500915391 /* Vendor */,
				3C5D961516BAA05600B37045 /* Resources */,
			);
			sourceTree = "<group>";
		};
		3CE5667D16B6966D00915391 /* Products */ = {
			isa = PBXGroup;
			children = (
				3CE5667C16B6966D00915391 /* ABFramework-Examples.app */,
			);
			name = Products;
			sourceTree = "<group>";
		};
		3CE5667F16B6966D00915391 /* Frameworks */ = {
			isa = PBXGroup;
			children = (
				D259C2EE176FA9F0009315E6 /* Accelerate.framework */,
				D29B385D174CC7A600ABE69A /* CoreText.framework */,
				D2ADFF16171ED85A002D723B /* Twitter.framework */,
				D2ADFF14171ED856002D723B /* Social.framework */,
				D21695001704FBD7009000FC /* NewsstandKit.framework */,
				D21694FE1704FA73009000FC /* StoreKit.framework */,
				3CE568D516B69FEE00915391 /* SystemConfiguration.framework */,
				3CE5668016B6966D00915391 /* UIKit.framework */,
				3CE5668216B6966D00915391 /* Foundation.framework */,
				3CE5668416B6966D00915391 /* CoreGraphics.framework */,
			);
			name = Frameworks;
			sourceTree = "<group>";
		};
		3CE5668616B6966D00915391 /* ABFramework-Examples */ = {
			isa = PBXGroup;
			children = (
				3CE5668F16B6966D00915391 /* AppDelegate.h */,
				3CE5669016B6966D00915391 /* AppDelegate.m */,
				3CE5668716B6966D00915391 /* Supporting Files */,
			);
			path = "ABFramework-Examples";
			sourceTree = "<group>";
		};
		3CE5668716B6966D00915391 /* Supporting Files */ = {
			isa = PBXGroup;
			children = (
				3CE5668816B6966D00915391 /* ABFramework-Examples-Info.plist */,
				3CE5668916B6966D00915391 /* InfoPlist.strings */,
				3CE5668C16B6966D00915391 /* main.m */,
				3CE5668E16B6966D00915391 /* ABFramework-Examples-Prefix.pch */,
				3CE5669216B6966D00915391 /* Default.png */,
				3CE5669416B6966D00915391 /* Default@2x.png */,
				3CE5669616B6966D00915391 /* Default-568h@2x.png */,
			);
			name = "Supporting Files";
			sourceTree = "<group>";
		};
		3CE5687316B69F3500915391 /* Vendor */ = {
			isa = PBXGroup;
			children = (
				D2C6DDBB173D739800C157E3 /* ABFramework */,
			);
			name = Vendor;
			sourceTree = "<group>";
		};
		D22F88E717A1594B0072CF72 /* Model */ = {
			isa = PBXGroup;
			children = (
				D22F88E817A159590072CF72 /* ABSection.h */,
				D22F88E917A159590072CF72 /* ABSection.m */,
			);
			path = Model;
			sourceTree = "<group>";
		};
		D233D724177A56E500CE4E0E /* ABView */ = {
			isa = PBXGroup;
			children = (
				D233D725177A56E500CE4E0E /* ABView.h */,
				D233D726177A56E500CE4E0E /* ABView.m */,
			);
			path = ABView;
			sourceTree = "<group>";
		};
		D24A325F1742592D00EFFF53 /* ABQuadMenu */ = {
			isa = PBXGroup;
			children = (
				D24A32601742593D00EFFF53 /* ABQuadMenu.h */,
				D24A32611742593D00EFFF53 /* ABQuadMenu.m */,
			);
			path = ABQuadMenu;
			sourceTree = "<group>";
		};
		D25BA74117B6853500384BC8 /* ABEntypo */ = {
			isa = PBXGroup;
			children = (
				D25BA74217B6853500384BC8 /* ABEntypoButton.h */,
				D25BA74317B6853500384BC8 /* ABEntypoButton.m */,
				D25BA74417B6853500384BC8 /* ABEntypoView.h */,
				D25BA74517B6853500384BC8 /* ABEntypoView.m */,
			);
			path = ABEntypo;
			sourceTree = "<group>";
		};
		D25BA75417B68FD600384BC8 /* Base */ = {
			isa = PBXGroup;
			children = (
				D25BA75517B68FE800384BC8 /* ABExampleViewController.h */,
				D25BA75617B68FE800384BC8 /* ABExampleViewController.m */,
			);
			name = Base;
			sourceTree = "<group>";
		};
		D2B31B68179EF32600896762 /* ABWebController */ = {
			isa = PBXGroup;
			children = (
				D2B31B69179EF32600896762 /* ABWebController.h */,
				D2B31B6A179EF32600896762 /* ABWebController.m */,
				D2B31B6C179EF35600896762 /* ABWebViewController.h */,
				D2B31B6D179EF35600896762 /* ABWebViewController.m */,
			);
			path = ABWebController;
			sourceTree = "<group>";
		};
		D2C6DDBB173D739800C157E3 /* ABFramework */ = {
			isa = PBXGroup;
			children = (
				D2C6DDBC173D739800C157E3 /* ABFramework.bundle */,
				D2C6DDBD173D739800C157E3 /* ABFramework.h */,
				D2C6DDBE173D739800C157E3 /* iOS */,
				D2C6DE4E173D739800C157E3 /* Multi */,
				D2C6DE6C173D739800C157E3 /* README.md */,
			);
			name = ABFramework;
			path = ../ABFramework;
			sourceTree = "<group>";
		};
		D2C6DDBE173D739800C157E3 /* iOS */ = {
			isa = PBXGroup;
			children = (
				D2C6DDBF173D739800C157E3 /* ABFrameworkIOS.h */,
				D2C6DDC0173D739800C157E3 /* Categories */,
				D2C6DDDB173D739800C157E3 /* Components (Functional) */,
				D2C6DDEB173D739800C157E3 /* Components (View) */,
				D2C6DE31173D739800C157E3 /* Containers */,
				D2C6DE36173D739800C157E3 /* Model */,
				D2C6DE39173D739800C157E3 /* Protocols */,
				D2C6DE42173D739800C157E3 /* Utilities */,
			);
			path = iOS;
			sourceTree = "<group>";
		};
		D2C6DDC0173D739800C157E3 /* Categories */ = {
			isa = PBXGroup;
			children = (
				D2C6DDCD173D739800C157E3 /* UIColor+ABFramework.h */,
				D2C6DDCE173D739800C157E3 /* UIColor+ABFramework.m */,
				D2C6DDCF173D739800C157E3 /* UIImage+ABFramework.h */,
				D2C6DDD0173D739800C157E3 /* UIImage+ABFramework.m */,
				D2C6DDD1173D739800C157E3 /* UIImageView+ABFramework.h */,
				D2C6DDD2173D739800C157E3 /* UIImageView+ABFramework.m */,
				D2C6DDD3173D739800C157E3 /* UILabel+ABFramework.h */,
				D2C6DDD4173D739800C157E3 /* UILabel+ABFramework.m */,
				D2C6DDD5173D739800C157E3 /* UITableView+ABFramework.h */,
				D2C6DDD6173D739800C157E3 /* UITableView+ABFramework.m */,
				D2C6DDD7173D739800C157E3 /* UIView+ABFramework.h */,
				D2C6DDD8173D739800C157E3 /* UIView+ABFramework.m */,
				D2C6DDD9173D739800C157E3 /* UIViewController+ABFramework.h */,
				D2C6DDDA173D739800C157E3 /* UIViewController+ABFramework.m */,
				D29B385A174CC54000ABE69A /* UIFont+ABFramework.h */,
				D29B385B174CC54000ABE69A /* UIFont+ABFramework.m */,
				D233D721177A53C200CE4E0E /* UINavigationController+ComingUp.h */,
				D233D722177A53C200CE4E0E /* UINavigationController+ComingUp.m */,
				D23F759F177C718400365A24 /* UISearchBar+ABFramework.h */,
				D23F75A0177C718400365A24 /* UISearchBar+ABFramework.m */,
				D2B27DFE177D8BDA007485A4 /* UIBarButtonItem+ABFramework.h */,
				D2B27DFF177D8BDA007485A4 /* UIBarButtonItem+ABFramework.m */,
				D2C2901B179E9F6E009EF2E2 /* UIScreen+ABFramework.h */,
				D2C2901C179E9F6E009EF2E2 /* UIScreen+ABFramework.m */,
				D22499F517A598F20097328A /* NSString+ABFrameworkIOS.h */,
				D22499F617A598F20097328A /* NSString+ABFrameworkIOS.m */,
				D25BA74E17B68DCC00384BC8 /* UIButton+ABFramework.h */,
				D25BA74F17B68DCC00384BC8 /* UIButton+ABFramework.m */,
			);
			path = Categories;
			sourceTree = "<group>";
		};
		D2C6DDDB173D739800C157E3 /* Components (Functional) */ = {
			isa = PBXGroup;
			children = (
				D2C6DDDC173D739800C157E3 /* ABFileHelper */,
				D2C6DDDF173D739800C157E3 /* ABNetworking */,
				D2C6DDE2173D739800C157E3 /* ABNewsstandHelper */,
				D2C6DDE5173D739800C157E3 /* ABNotificationHelper */,
				D2C6DDE8173D739800C157E3 /* ABStoreKitHelper */,
			);
			path = "Components (Functional)";
			sourceTree = "<group>";
		};
		D2C6DDDC173D739800C157E3 /* ABFileHelper */ = {
			isa = PBXGroup;
			children = (
				D2C6DDDD173D739800C157E3 /* ABFileHelper.h */,
				D2C6DDDE173D739800C157E3 /* ABFileHelper.m */,
			);
			path = ABFileHelper;
			sourceTree = "<group>";
		};
		D2C6DDDF173D739800C157E3 /* ABNetworking */ = {
			isa = PBXGroup;
			children = (
				D2C6DDE0173D739800C157E3 /* ABNetworking.h */,
				D2C6DDE1173D739800C157E3 /* ABNetworking.m */,
			);
			path = ABNetworking;
			sourceTree = "<group>";
		};
		D2C6DDE2173D739800C157E3 /* ABNewsstandHelper */ = {
			isa = PBXGroup;
			children = (
				D2C6DDE3173D739800C157E3 /* ABNewsstandHelper.h */,
				D2C6DDE4173D739800C157E3 /* ABNewsstandHelper.m */,
			);
			path = ABNewsstandHelper;
			sourceTree = "<group>";
		};
		D2C6DDE5173D739800C157E3 /* ABNotificationHelper */ = {
			isa = PBXGroup;
			children = (
				D2C6DDE6173D739800C157E3 /* ABNotificationHelper.h */,
				D2C6DDE7173D739800C157E3 /* ABNotificationHelper.m */,
			);
			path = ABNotificationHelper;
			sourceTree = "<group>";
		};
		D2C6DDE8173D739800C157E3 /* ABStoreKitHelper */ = {
			isa = PBXGroup;
			children = (
				D2C6DDE9173D739800C157E3 /* ABStoreKitHelper.h */,
				D2C6DDEA173D739800C157E3 /* ABStoreKitHelper.m */,
			);
			path = ABStoreKitHelper;
			sourceTree = "<group>";
		};
		D2C6DDEB173D739800C157E3 /* Components (View) */ = {
			isa = PBXGroup;
			children = (
				D25BA74117B6853500384BC8 /* ABEntypo */,
				D2B31B68179EF32600896762 /* ABWebController */,
				D2F18490179409A200808750 /* ABTableViewCell */,
				D233D724177A56E500CE4E0E /* ABView */,
				D2E4E36B1768B8C9007C1F47 /* ABRevealController */,
				D24A325F1742592D00EFFF53 /* ABQuadMenu */,
				D2C6DDEC173D739800C157E3 /* ABActivityView */,
				D2C6DDEF173D739800C157E3 /* ABAlertView */,
				D2C6DDF2173D739800C157E3 /* ABButton */,
				D2C6DDF5173D739800C157E3 /* ABDatePickerView */,
				D2C6DDFB173D739800C157E3 /* ABFlexibleView */,
				D2C6DDFE173D739800C157E3 /* ABGestureRecognizer */,
				D2C6DE03173D739800C157E3 /* ABHud */,
				D2C6DE06173D739800C157E3 /* ABImagePickerController */,
				D2C6DE09173D739800C157E3 /* ABImageView */,
				D2C6DE0C173D739800C157E3 /* ABInfiniteView */,
				D2C6DE0F173D739800C157E3 /* ABLabel */,
				D2C6DE12173D739800C157E3 /* ABSelectView */,
				D2C6DE19173D739800C157E3 /* ABSeperator */,
				D2C6DE1C173D739800C157E3 /* ABStackController */,
				D2C6DE1F173D739800C157E3 /* ABSwitch */,
				D2C6DE22173D739800C157E3 /* ABTabBarController */,
				D2C6DE2B173D739800C157E3 /* ABTableStackController */,
				D2C6DE2E173D739800C157E3 /* ABTextField */,
			);
			path = "Components (View)";
			sourceTree = "<group>";
		};
		D2C6DDEC173D739800C157E3 /* ABActivityView */ = {
			isa = PBXGroup;
			children = (
				D2C6DDED173D739800C157E3 /* ABActivityView.h */,
				D2C6DDEE173D739800C157E3 /* ABActivityView.m */,
			);
			path = ABActivityView;
			sourceTree = "<group>";
		};
		D2C6DDEF173D739800C157E3 /* ABAlertView */ = {
			isa = PBXGroup;
			children = (
				D2C6DDF0173D739800C157E3 /* ABAlertView.h */,
				D2C6DDF1173D739800C157E3 /* ABAlertView.m */,
			);
			path = ABAlertView;
			sourceTree = "<group>";
		};
		D2C6DDF2173D739800C157E3 /* ABButton */ = {
			isa = PBXGroup;
			children = (
				D2C6DDF3173D739800C157E3 /* ABButton.h */,
				D2C6DDF4173D739800C157E3 /* ABButton.m */,
			);
			path = ABButton;
			sourceTree = "<group>";
		};
		D2C6DDF5173D739800C157E3 /* ABDatePickerView */ = {
			isa = PBXGroup;
			children = (
				D2C6DDF6173D739800C157E3 /* ABDatePickerView.h */,
				D2C6DDF7173D739800C157E3 /* ABDatePickerView.m */,
			);
			path = ABDatePickerView;
			sourceTree = "<group>";
		};
		D2C6DDFB173D739800C157E3 /* ABFlexibleView */ = {
			isa = PBXGroup;
			children = (
				D2C6DDFC173D739800C157E3 /* ABFlexibleView.h */,
				D2C6DDFD173D739800C157E3 /* ABFlexibleView.m */,
			);
			path = ABFlexibleView;
			sourceTree = "<group>";
		};
		D2C6DDFE173D739800C157E3 /* ABGestureRecognizer */ = {
			isa = PBXGroup;
			children = (
				D2C6DDFF173D739800C157E3 /* ABSwipeGestureRecognizer.h */,
				D2C6DE00173D739800C157E3 /* ABSwipeGestureRecognizer.m */,
				D2C6DE01173D739800C157E3 /* ABTapGestureRecognizer.h */,
				D2C6DE02173D739800C157E3 /* ABTapGestureRecognizer.m */,
			);
			path = ABGestureRecognizer;
			sourceTree = "<group>";
		};
		D2C6DE03173D739800C157E3 /* ABHud */ = {
			isa = PBXGroup;
			children = (
				D2C6DE04173D739800C157E3 /* ABHud.h */,
				D2C6DE05173D739800C157E3 /* ABHud.m */,
			);
			path = ABHud;
			sourceTree = "<group>";
		};
		D2C6DE06173D739800C157E3 /* ABImagePickerController */ = {
			isa = PBXGroup;
			children = (
				D2C6DE07173D739800C157E3 /* ABImagePickerViewController.h */,
				D2C6DE08173D739800C157E3 /* ABImagePickerViewController.m */,
			);
			path = ABImagePickerController;
			sourceTree = "<group>";
		};
		D2C6DE09173D739800C157E3 /* ABImageView */ = {
			isa = PBXGroup;
			children = (
				D2C6DE0A173D739800C157E3 /* ABImageView.h */,
				D2C6DE0B173D739800C157E3 /* ABImageView.m */,
			);
			path = ABImageView;
			sourceTree = "<group>";
		};
		D2C6DE0C173D739800C157E3 /* ABInfiniteView */ = {
			isa = PBXGroup;
			children = (
				D2C6DE0D173D739800C157E3 /* ABInfiniteView.h */,
				D2C6DE0E173D739800C157E3 /* ABInfiniteView.m */,
			);
			path = ABInfiniteView;
			sourceTree = "<group>";
		};
		D2C6DE0F173D739800C157E3 /* ABLabel */ = {
			isa = PBXGroup;
			children = (
				D2C6DE10173D739800C157E3 /* ABLabel.h */,
				D2C6DE11173D739800C157E3 /* ABLabel.m */,
			);
			path = ABLabel;
			sourceTree = "<group>";
		};
		D2C6DE12173D739800C157E3 /* ABSelectView */ = {
			isa = PBXGroup;
			children = (
				D2C6DE13173D739800C157E3 /* ABSelectView.h */,
				D2C6DE14173D739800C157E3 /* ABSelectView.m */,
			);
			path = ABSelectView;
			sourceTree = "<group>";
		};
		D2C6DE19173D739800C157E3 /* ABSeperator */ = {
			isa = PBXGroup;
			children = (
				D2C6DE1A173D739800C157E3 /* ABSeperator.h */,
				D2C6DE1B173D739800C157E3 /* ABSeperator.m */,
			);
			path = ABSeperator;
			sourceTree = "<group>";
		};
		D2C6DE1C173D739800C157E3 /* ABStackController */ = {
			isa = PBXGroup;
			children = (
				D2C6DE1D173D739800C157E3 /* ABStackController.h */,
				D2C6DE1E173D739800C157E3 /* ABStackController.m */,
			);
			path = ABStackController;
			sourceTree = "<group>";
		};
		D2C6DE1F173D739800C157E3 /* ABSwitch */ = {
			isa = PBXGroup;
			children = (
				D2C6DE20173D739800C157E3 /* ABSwitch.h */,
				D2C6DE21173D739800C157E3 /* ABSwitch.m */,
			);
			path = ABSwitch;
			sourceTree = "<group>";
		};
		D2C6DE22173D739800C157E3 /* ABTabBarController */ = {
			isa = PBXGroup;
			children = (
				D2C6DE23173D739800C157E3 /* ABTabBar.h */,
				D2C6DE24173D739800C157E3 /* ABTabBar.m */,
				D2C6DE25173D739800C157E3 /* ABTabBarController.h */,
				D2C6DE26173D739800C157E3 /* ABTabBarController.m */,
				D2C6DE27173D739800C157E3 /* ABTabBarItem.h */,
				D2C6DE28173D739800C157E3 /* ABTabBarItem.m */,
			);
			path = ABTabBarController;
			sourceTree = "<group>";
		};
		D2C6DE2B173D739800C157E3 /* ABTableStackController */ = {
			isa = PBXGroup;
			children = (
				D2C6DE2C173D739800C157E3 /* ABTableStackController.h */,
				D2C6DE2D173D739800C157E3 /* ABTableStackController.m */,
			);
			path = ABTableStackController;
			sourceTree = "<group>";
		};
		D2C6DE2E173D739800C157E3 /* ABTextField */ = {
			isa = PBXGroup;
			children = (
				D2C6DE2F173D739800C157E3 /* ABTextField.h */,
				D2C6DE30173D739800C157E3 /* ABTextField.m */,
			);
			path = ABTextField;
			sourceTree = "<group>";
		};
		D2C6DE31173D739800C157E3 /* Containers */ = {
			isa = PBXGroup;
			children = (
				D2C6DE32173D739800C157E3 /* ABPair.h */,
				D2C6DE33173D739800C157E3 /* ABPair.m */,
				D2C6DE34173D739800C157E3 /* ABPrimitiveArray.h */,
				D2C6DE35173D739800C157E3 /* ABPrimitiveArray.m */,
			);
			path = Containers;
			sourceTree = "<group>";
		};
		D2C6DE36173D739800C157E3 /* Model */ = {
			isa = PBXGroup;
			children = (
			);
			path = Model;
			sourceTree = "<group>";
		};
		D2C6DE39173D739800C157E3 /* Protocols */ = {
			isa = PBXGroup;
			children = (
				D2C6DE3A173D739800C157E3 /* ABViewSelectionProtocol.h */,
			);
			path = Protocols;
			sourceTree = "<group>";
		};
		D2C6DE42173D739800C157E3 /* Utilities */ = {
			isa = PBXGroup;
			children = (
				D2C6DE4A173D739800C157E3 /* ABReachability.h */,
				D2C6DE4B173D739800C157E3 /* ABReachability.m */,
			);
			path = Utilities;
			sourceTree = "<group>";
		};
		D2C6DE4E173D739800C157E3 /* Multi */ = {
			isa = PBXGroup;
			children = (
				D2C6DE4F173D739800C157E3 /* ABFrameworkMulti.h */,
				D2C6DE50173D739800C157E3 /* Categories */,
				D2C6DE55173D739800C157E3 /* Components (Functional) */,
				D2C6DE5C173D739800C157E3 /* Components (View) */,
				D2C6DE5D173D739800C157E3 /* Containers */,
				D22F88E717A1594B0072CF72 /* Model */,
				D2C6DE5F173D739800C157E3 /* Protocols */,
				D2C6DE60173D739800C157E3 /* Sub Classes */,
				D2C6DE61173D739800C157E3 /* Utilities */,
			);
			path = Multi;
			sourceTree = "<group>";
		};
		D2C6DE50173D739800C157E3 /* Categories */ = {
			isa = PBXGroup;
			children = (
				D2A102C0173E4B2F00E95692 /* NSDate+ABFramework.h */,
				D2A102C1173E4B2F00E95692 /* NSDate+ABFramework.m */,
				D2A102C2173E4B2F00E95692 /* NSDateComponents+ABFramework.h */,
				D2A102C3173E4B2F00E95692 /* NSDateComponents+ABFramework.m */,
				D2A102C4173E4B2F00E95692 /* NSDictionary+ABFramework.h */,
				D2A102C5173E4B2F00E95692 /* NSDictionary+ABFramework.m */,
				D2A102C6173E4B2F00E95692 /* NSMutableDictionary+ABFramework.h */,
				D2A102C7173E4B2F00E95692 /* NSMutableDictionary+ABFramework.m */,
				D2A102C8173E4B2F00E95692 /* NSObject+ABFramework.h */,
				D2A102C9173E4B2F00E95692 /* NSObject+ABFramework.m */,
				D2A102CA173E4B2F00E95692 /* NSString+ABFramework.h */,
				D2A102CB173E4B2F00E95692 /* NSString+ABFramework.m */,
				D2C6DE51173D739800C157E3 /* NSArray+ABFramework.h */,
				D2C6DE52173D739800C157E3 /* NSArray+ABFramework.m */,
				D2C6DE53173D739800C157E3 /* NSData+ABFramework.h */,
				D2C6DE54173D739800C157E3 /* NSData+ABFramework.m */,
				D2ED7474176F18F3008C3BD9 /* NSMutableArray+ABFramework.h */,
				D2ED7475176F18F3008C3BD9 /* NSMutableArray+ABFramework.m */,
			);
			path = Categories;
			sourceTree = "<group>";
		};
		D2C6DE55173D739800C157E3 /* Components (Functional) */ = {
			isa = PBXGroup;
			children = (
				D2C6DE56173D739800C157E3 /* ABBonjourServer */,
				D2C6DE59173D739800C157E3 /* ABSaveSystem */,
			);
			path = "Components (Functional)";
			sourceTree = "<group>";
		};
		D2C6DE56173D739800C157E3 /* ABBonjourServer */ = {
			isa = PBXGroup;
			children = (
				D2C6DE57173D739800C157E3 /* ABBonjourServer.h */,
				D2C6DE58173D739800C157E3 /* ABBonjourServer.m */,
			);
			path = ABBonjourServer;
			sourceTree = "<group>";
		};
		D2C6DE59173D739800C157E3 /* ABSaveSystem */ = {
			isa = PBXGroup;
			children = (
				D2C6DE5A173D739800C157E3 /* ABSaveSystem.h */,
				D2C6DE5B173D739800C157E3 /* ABSaveSystem.m */,
			);
			path = ABSaveSystem;
			sourceTree = "<group>";
		};
		D2C6DE5C173D739800C157E3 /* Components (View) */ = {
			isa = PBXGroup;
			children = (
			);
			path = "Components (View)";
			sourceTree = "<group>";
		};
		D2C6DE5D173D739800C157E3 /* Containers */ = {
			isa = PBXGroup;
			children = (
			);
			path = Containers;
			sourceTree = "<group>";
		};
		D2C6DE5F173D739800C157E3 /* Protocols */ = {
			isa = PBXGroup;
			children = (
			);
			path = Protocols;
			sourceTree = "<group>";
		};
		D2C6DE60173D739800C157E3 /* Sub Classes */ = {
			isa = PBXGroup;
			children = (
			);
			path = "Sub Classes";
			sourceTree = "<group>";
		};
		D2C6DE61173D739800C157E3 /* Utilities */ = {
			isa = PBXGroup;
			children = (
				D2F5C0BF174B8717002D4D0F /* ABFrame.h */,
				D2F5C0C0174B8717002D4D0F /* ABFrame.m */,
				D2B6CD2C1743971B00CAB44A /* ABUtilities.h */,
				D2762B3917439650002444EA /* ABCommon.h */,
				D2762B3A17439650002444EA /* ABCommon.m */,
				D2762B3B17439650002444EA /* ABMacros.h */,
				D2762B3C17439650002444EA /* ABMath.h */,
				D2762B3D17439650002444EA /* ABMath.m */,
				D2762B3E17439650002444EA /* ABTypes.h */,
			);
			path = Utilities;
			sourceTree = "<group>";
		};
		D2E4E36B1768B8C9007C1F47 /* ABRevealController */ = {
			isa = PBXGroup;
			children = (
				D2E4E36C1768B8C9007C1F47 /* ABRevealController.h */,
				D2E4E36D1768B8C9007C1F47 /* ABRevealController.m */,
			);
			path = ABRevealController;
			sourceTree = "<group>";
		};
		D2F18490179409A200808750 /* ABTableViewCell */ = {
			isa = PBXGroup;
			children = (
				D2F18491179409B400808750 /* ABTableViewCell.h */,
				D2F18492179409B400808750 /* ABTableViewCell.m */,
			);
			path = ABTableViewCell;
			sourceTree = "<group>";
		};
/* End PBXGroup section */

/* Begin PBXNativeTarget section */
		3CE5667B16B6966D00915391 /* ABFramework-Examples */ = {
			isa = PBXNativeTarget;
			buildConfigurationList = 3CE5669A16B6966D00915391 /* Build configuration list for PBXNativeTarget "ABFramework-Examples" */;
			buildPhases = (
				3CE5667816B6966D00915391 /* Sources */,
				3CE5667916B6966D00915391 /* Frameworks */,
				3CE5667A16B6966D00915391 /* Resources */,
			);
			buildRules = (
			);
			dependencies = (
			);
			name = "ABFramework-Examples";
			productName = "ABFramework-Examples";
			productReference = 3CE5667C16B6966D00915391 /* ABFramework-Examples.app */;
			productType = "com.apple.product-type.application";
		};
/* End PBXNativeTarget section */

/* Begin PBXProject section */
		3CE5667316B6966D00915391 /* Project object */ = {
			isa = PBXProject;
			attributes = {
				LastUpgradeCheck = 0450;
				ORGANIZATIONNAME = Ablfx;
			};
			buildConfigurationList = 3CE5667616B6966D00915391 /* Build configuration list for PBXProject "ABFramework-Examples" */;
			compatibilityVersion = "Xcode 3.2";
			developmentRegion = English;
			hasScannedForEncodings = 0;
			knownRegions = (
				en,
			);
			mainGroup = 3CE5667116B6966D00915391;
			productRefGroup = 3CE5667D16B6966D00915391 /* Products */;
			projectDirPath = "";
			projectRoot = "";
			targets = (
				3CE5667B16B6966D00915391 /* ABFramework-Examples */,
			);
		};
/* End PBXProject section */

/* Begin PBXResourcesBuildPhase section */
		3CE5667A16B6966D00915391 /* Resources */ = {
			isa = PBXResourcesBuildPhase;
			buildActionMask = 2147483647;
			files = (
				3CE5668B16B6966D00915391 /* InfoPlist.strings in Resources */,
				3CE5669316B6966D00915391 /* Default.png in Resources */,
				3CE5669516B6966D00915391 /* Default@2x.png in Resources */,
				3CE5669716B6966D00915391 /* Default-568h@2x.png in Resources */,
				3C5D961E16BAA05600B37045 /* switch1_background.png in Resources */,
				3C5D961F16BAA05600B37045 /* switch1_background@2x.png in Resources */,
				3C5D962016BAA05600B37045 /* switch1_switch.png in Resources */,
				3C5D962116BAA05600B37045 /* switch1_switch@2x.png in Resources */,
				3C5D962616BAA9EB00B37045 /* switch2_background.png in Resources */,
				3C5D962716BAA9EB00B37045 /* switch2_background@2x.png in Resources */,
				3C5D962816BAA9EB00B37045 /* switch2_switch.png in Resources */,
				3C5D962916BAA9EB00B37045 /* switch2_switch@2x.png in Resources */,
				D2C6DE6D173D739800C157E3 /* ABFramework.bundle in Resources */,
				D2C6DEA7173D739800C157E3 /* README.md in Resources */,
			);
			runOnlyForDeploymentPostprocessing = 0;
		};
/* End PBXResourcesBuildPhase section */

/* Begin PBXSourcesBuildPhase section */
		3CE5667816B6966D00915391 /* Sources */ = {
			isa = PBXSourcesBuildPhase;
			buildActionMask = 2147483647;
			files = (
				3CE5668D16B6966D00915391 /* main.m in Sources */,
				3CE5669116B6966D00915391 /* AppDelegate.m in Sources */,
				D2C2901D179E9F6E009EF2E2 /* UIScreen+ABFramework.m in Sources */,
				3C5D960316BA889800B37045 /* ExampleSelectViewController.m in Sources */,
				3C5D960716BA89C500B37045 /* ABSwitchExample.m in Sources */,
				D2F18493179409B400808750 /* ABTableViewCell.m in Sources */,
				3C5D961316BA957000B37045 /* ExampleObject.m in Sources */,
				3C5D961416BA957000B37045 /* ExampleSection.m in Sources */,
				D233D727177A56E500CE4E0E /* ABView.m in Sources */,
				D25BA74617B6853500384BC8 /* ABEntypoButton.m in Sources */,
				3CD78ADF16C3DD78006C4B21 /* ABSaveSystemExample.m in Sources */,
				D2B331B916EC9E5A00DED125 /* ABLabelExample.m in Sources */,
				D24A0D6716EE2E660093AE2A /* ABHudExample.m in Sources */,
				D211D72B1709AEB500326B25 /* ABNetworkingExample.m in Sources */,
				D255AD9E1723D61B00E71590 /* ABViewExample.m in Sources */,
				D255ADA7172430A000E71590 /* ABInfiniteViewExample.m in Sources */,
				D2B27E00177D8BDA007485A4 /* UIBarButtonItem+ABFramework.m in Sources */,
				D2C6DE74173D739800C157E3 /* UIColor+ABFramework.m in Sources */,
				D2C6DE75173D739800C157E3 /* UIImage+ABFramework.m in Sources */,
				D2C6DE76173D739800C157E3 /* UIImageView+ABFramework.m in Sources */,
				D25BA74A17B6860E00384BC8 /* ABEntypoExample.m in Sources */,
				D2C6DE77173D739800C157E3 /* UILabel+ABFramework.m in Sources */,
				D2C6DE78173D739800C157E3 /* UITableView+ABFramework.m in Sources */,
				D2C6DE79173D739800C157E3 /* UIView+ABFramework.m in Sources */,
				D2C6DE7A173D739800C157E3 /* UIViewController+ABFramework.m in Sources */,
				D25BA74717B6853500384BC8 /* ABEntypoView.m in Sources */,
				D2C6DE7B173D739800C157E3 /* ABFileHelper.m in Sources */,
				D2C6DE7C173D739800C157E3 /* ABNetworking.m in Sources */,
				D2C6DE7D173D739800C157E3 /* ABNewsstandHelper.m in Sources */,
				D2C6DE7E173D739800C157E3 /* ABNotificationHelper.m in Sources */,
				D2C6DE7F173D739800C157E3 /* ABStoreKitHelper.m in Sources */,
				D2C6DE80173D739800C157E3 /* ABActivityView.m in Sources */,
				D2ED7476176F18F3008C3BD9 /* NSMutableArray+ABFramework.m in Sources */,
				D25BA75717B68FE800384BC8 /* ABExampleViewController.m in Sources */,
				D2C6DE81173D739800C157E3 /* ABAlertView.m in Sources */,
				D2C6DE82173D739800C157E3 /* ABButton.m in Sources */,
				D2C6DE83173D739800C157E3 /* ABDatePickerView.m in Sources */,
				D25BA75317B68F2000384BC8 /* ABWebControllerExample.m in Sources */,
				D23F75A1177C718400365A24 /* UISearchBar+ABFramework.m in Sources */,
				D2C6DE85173D739800C157E3 /* ABFlexibleView.m in Sources */,
				D2C6DE86173D739800C157E3 /* ABSwipeGestureRecognizer.m in Sources */,
				D2C6DE87173D739800C157E3 /* ABTapGestureRecognizer.m in Sources */,
				D2C6DE88173D739800C157E3 /* ABHud.m in Sources */,
				D2C6DE89173D739800C157E3 /* ABImagePickerViewController.m in Sources */,
				D2C6DE8A173D739800C157E3 /* ABImageView.m in Sources */,
				D2C6DE8B173D739800C157E3 /* ABInfiniteView.m in Sources */,
				D22F88EA17A159590072CF72 /* ABSection.m in Sources */,
				D2C6DE8C173D739800C157E3 /* ABLabel.m in Sources */,
				D2E4E36E1768B8C9007C1F47 /* ABRevealController.m in Sources */,
				D2C6DE8D173D739800C157E3 /* ABSelectView.m in Sources */,
				D2C6DE90173D739800C157E3 /* ABSeperator.m in Sources */,
				D2C6DE91173D739800C157E3 /* ABStackController.m in Sources */,
				D2C6DE92173D739800C157E3 /* ABSwitch.m in Sources */,
				D2C6DE93173D739800C157E3 /* ABTabBar.m in Sources */,
				D2C6DE94173D739800C157E3 /* ABTabBarController.m in Sources */,
				D2B31B6E179EF35600896762 /* ABWebViewController.m in Sources */,
				D2C6DE95173D739800C157E3 /* ABTabBarItem.m in Sources */,
				D2ED747C176F37E4008C3BD9 /* ABRevealControllerExample.m in Sources */,
				D2C6DE97173D739800C157E3 /* ABTableStackController.m in Sources */,
				D2B31B6B179EF32600896762 /* ABWebController.m in Sources */,
				D2C6DE98173D739800C157E3 /* ABTextField.m in Sources */,
				D22499F717A598F20097328A /* NSString+ABFrameworkIOS.m in Sources */,
				D2C6DE99173D739800C157E3 /* ABPair.m in Sources */,
				D2C6DE9A173D739800C157E3 /* ABPrimitiveArray.m in Sources */,
				D2C6DEA2173D739800C157E3 /* ABReachability.m in Sources */,
				D2C6DEA3173D739800C157E3 /* NSArray+ABFramework.m in Sources */,
				D2C6DEA4173D739800C157E3 /* NSData+ABFramework.m in Sources */,
				D2C6DEA5173D739800C157E3 /* ABBonjourServer.m in Sources */,
				D2C6DEA6173D739800C157E3 /* ABSaveSystem.m in Sources */,
				D2A102CC173E4B2F00E95692 /* NSDate+ABFramework.m in Sources */,
				D2A102CD173E4B2F00E95692 /* NSDateComponents+ABFramework.m in Sources */,
				D2A102CE173E4B2F00E95692 /* NSDictionary+ABFramework.m in Sources */,
				D233D723177A53C200CE4E0E /* UINavigationController+ComingUp.m in Sources */,
				D2A102CF173E4B2F00E95692 /* NSMutableDictionary+ABFramework.m in Sources */,
				D2A102D0173E4B2F00E95692 /* NSObject+ABFramework.m in Sources */,
				D2A102D1173E4B2F00E95692 /* NSString+ABFramework.m in Sources */,
				D24A32621742593D00EFFF53 /* ABQuadMenu.m in Sources */,
				D24A32651742597C00EFFF53 /* ABQuadMenuExample.m in Sources */,
				D2762B3F17439650002444EA /* ABCommon.m in Sources */,
				D2762B4017439650002444EA /* ABMath.m in Sources */,
				D2F5C0C1174B8717002D4D0F /* ABFrame.m in Sources */,
				D29B385C174CC54000ABE69A /* UIFont+ABFramework.m in Sources */,
				D25BA75017B68DCC00384BC8 /* UIButton+ABFramework.m in Sources */,
			);
			runOnlyForDeploymentPostprocessing = 0;
		};
/* End PBXSourcesBuildPhase section */

/* Begin PBXVariantGroup section */
		3CE5668916B6966D00915391 /* InfoPlist.strings */ = {
			isa = PBXVariantGroup;
			children = (
				3CE5668A16B6966D00915391 /* en */,
			);
			name = InfoPlist.strings;
			sourceTree = "<group>";
		};
/* End PBXVariantGroup section */

/* Begin XCBuildConfiguration section */
		3CE5669816B6966D00915391 /* Debug */ = {
			isa = XCBuildConfiguration;
			buildSettings = {
				ALWAYS_SEARCH_USER_PATHS = NO;
				CLANG_CXX_LANGUAGE_STANDARD = "gnu++0x";
				CLANG_CXX_LIBRARY = "libc++";
				CLANG_ENABLE_OBJC_ARC = YES;
				CLANG_WARN_EMPTY_BODY = YES;
				CLANG_WARN__DUPLICATE_METHOD_MATCH = YES;
				"CODE_SIGN_IDENTITY[sdk=iphoneos*]" = "iPhone Developer";
				COPY_PHASE_STRIP = NO;
				GCC_C_LANGUAGE_STANDARD = gnu99;
				GCC_DYNAMIC_NO_PIC = NO;
				GCC_OPTIMIZATION_LEVEL = 0;
				GCC_PREPROCESSOR_DEFINITIONS = (
					"DEBUG=1",
					"$(inherited)",
				);
				GCC_SYMBOLS_PRIVATE_EXTERN = NO;
				GCC_WARN_ABOUT_RETURN_TYPE = YES;
				GCC_WARN_UNINITIALIZED_AUTOS = YES;
				GCC_WARN_UNUSED_VARIABLE = YES;
				IPHONEOS_DEPLOYMENT_TARGET = 6.0;
				ONLY_ACTIVE_ARCH = YES;
				SDKROOT = iphoneos;
			};
			name = Debug;
		};
		3CE5669916B6966D00915391 /* Release */ = {
			isa = XCBuildConfiguration;
			buildSettings = {
				ALWAYS_SEARCH_USER_PATHS = NO;
				CLANG_CXX_LANGUAGE_STANDARD = "gnu++0x";
				CLANG_CXX_LIBRARY = "libc++";
				CLANG_ENABLE_OBJC_ARC = YES;
				CLANG_WARN_EMPTY_BODY = YES;
				CLANG_WARN__DUPLICATE_METHOD_MATCH = YES;
				"CODE_SIGN_IDENTITY[sdk=iphoneos*]" = "iPhone Developer";
				COPY_PHASE_STRIP = YES;
				GCC_C_LANGUAGE_STANDARD = gnu99;
				GCC_WARN_ABOUT_RETURN_TYPE = YES;
				GCC_WARN_UNINITIALIZED_AUTOS = YES;
				GCC_WARN_UNUSED_VARIABLE = YES;
				IPHONEOS_DEPLOYMENT_TARGET = 6.0;
				OTHER_CFLAGS = "-DNS_BLOCK_ASSERTIONS=1";
				SDKROOT = iphoneos;
				VALIDATE_PRODUCT = YES;
			};
			name = Release;
		};
		3CE5669B16B6966D00915391 /* Debug */ = {
			isa = XCBuildConfiguration;
			buildSettings = {
				GCC_PRECOMPILE_PREFIX_HEADER = YES;
				GCC_PREFIX_HEADER = "ABFramework-Examples/ABFramework-Examples-Prefix.pch";
				HEADER_SEARCH_PATHS = "";
				INFOPLIST_FILE = "ABFramework-Examples/ABFramework-Examples-Info.plist";
				IPHONEOS_DEPLOYMENT_TARGET = 5.1;
				LIBRARY_SEARCH_PATHS = "$(inherited)";
				PRODUCT_NAME = "$(TARGET_NAME)";
				PROVISIONING_PROFILE = "CB3553C3-E5B6-42A8-89DE-9F1613A67946";
				WRAPPER_EXTENSION = app;
			};
			name = Debug;
		};
		3CE5669C16B6966D00915391 /* Release */ = {
			isa = XCBuildConfiguration;
			buildSettings = {
				GCC_PRECOMPILE_PREFIX_HEADER = YES;
				GCC_PREFIX_HEADER = "ABFramework-Examples/ABFramework-Examples-Prefix.pch";
				HEADER_SEARCH_PATHS = "";
				INFOPLIST_FILE = "ABFramework-Examples/ABFramework-Examples-Info.plist";
				IPHONEOS_DEPLOYMENT_TARGET = 5.1;
				LIBRARY_SEARCH_PATHS = "$(inherited)";
				PRODUCT_NAME = "$(TARGET_NAME)";
				PROVISIONING_PROFILE = "CB3553C3-E5B6-42A8-89DE-9F1613A67946";
				WRAPPER_EXTENSION = app;
			};
			name = Release;
		};
/* End XCBuildConfiguration section */

/* Begin XCConfigurationList section */
		3CE5667616B6966D00915391 /* Build configuration list for PBXProject "ABFramework-Examples" */ = {
			isa = XCConfigurationList;
			buildConfigurations = (
				3CE5669816B6966D00915391 /* Debug */,
				3CE5669916B6966D00915391 /* Release */,
			);
			defaultConfigurationIsVisible = 0;
			defaultConfigurationName = Release;
		};
		3CE5669A16B6966D00915391 /* Build configuration list for PBXNativeTarget "ABFramework-Examples" */ = {
			isa = XCConfigurationList;
			buildConfigurations = (
				3CE5669B16B6966D00915391 /* Debug */,
				3CE5669C16B6966D00915391 /* Release */,
			);
			defaultConfigurationIsVisible = 0;
			defaultConfigurationName = Release;
		};
/* End XCConfigurationList section */
	};
	rootObject = 3CE5667316B6966D00915391 /* Project object */;
}
